// !$*UTF8*$!
{
	archiveVersion = 1;
	classes = {
	};
	objectVersion = 46;
	objects = {

/* Begin PBXBuildFile section */
		7F6A12A8178AEE41001DDAFE /* QWDToolView.m in Sources */ = {isa = PBXBuildFile; fileRef = 7F6A12A7178AEE41001DDAFE /* QWDToolView.m */; };
		7F6A12AA178AF592001DDAFE /* QuartzCore.framework in Frameworks */ = {isa = PBXBuildFile; fileRef = 7F6A12A9178AF592001DDAFE /* QuartzCore.framework */; };
		7FC79197178B127400A4D02E /* UIButton+Block.m in Sources */ = {isa = PBXBuildFile; fileRef = 7FC79196178B127400A4D02E /* UIButton+Block.m */; };
		7FC7919D178B153C00A4D02E /* QWDFastAuthViewController.m in Sources */ = {isa = PBXBuildFile; fileRef = 7FC7919B178B153C00A4D02E /* QWDFastAuthViewController.m */; };
		7FC7919E178B153C00A4D02E /* QWDFastAuthViewController.xib in Resources */ = {isa = PBXBuildFile; fileRef = 7FC7919C178B153C00A4D02E /* QWDFastAuthViewController.xib */; };
		7FC791A7178B1CE600A4D02E /* QWDFiltersViewControllerViewController.m in Sources */ = {isa = PBXBuildFile; fileRef = 7FC791A5178B1CE600A4D02E /* QWDFiltersViewControllerViewController.m */; };
		7FC791A8178B1CE600A4D02E /* QWDFiltersViewControllerViewController.xib in Resources */ = {isa = PBXBuildFile; fileRef = 7FC791A6178B1CE600A4D02E /* QWDFiltersViewControllerViewController.xib */; };
		7FC791A9178B28CF00A4D02E /* iCarousel.m in Sources */ = {isa = PBXBuildFile; fileRef = 7FC791A2178B160300A4D02E /* iCarousel.m */; };
		968D2ABA170F04E70008FA44 /* UIKit.framework in Frameworks */ = {isa = PBXBuildFile; fileRef = 968D2AB9170F04E70008FA44 /* UIKit.framework */; };
		968D2ABC170F04E70008FA44 /* Foundation.framework in Frameworks */ = {isa = PBXBuildFile; fileRef = 968D2ABB170F04E70008FA44 /* Foundation.framework */; };
		968D2ABE170F04E70008FA44 /* CoreGraphics.framework in Frameworks */ = {isa = PBXBuildFile; fileRef = 968D2ABD170F04E70008FA44 /* CoreGraphics.framework */; };
		968D2AC6170F04E70008FA44 /* main.m in Sources */ = {isa = PBXBuildFile; fileRef = 968D2AC5170F04E70008FA44 /* main.m */; };
		968D2ACA170F04E70008FA44 /* AppDelegate.m in Sources */ = {isa = PBXBuildFile; fileRef = 968D2AC9170F04E70008FA44 /* AppDelegate.m */; };
		968D2ACC170F04E70008FA44 /* Default.png in Resources */ = {isa = PBXBuildFile; fileRef = 968D2ACB170F04E70008FA44 /* Default.png */; };
		968D2ACE170F04E70008FA44 /* Default@2x.png in Resources */ = {isa = PBXBuildFile; fileRef = 968D2ACD170F04E70008FA44 /* Default@2x.png */; };
		968D2AD0170F04E70008FA44 /* Default-568h@2x.png in Resources */ = {isa = PBXBuildFile; fileRef = 968D2ACF170F04E70008FA44 /* Default-568h@2x.png */; };
		968D2AD3170F04E70008FA44 /* QWDLoginScrinViewController.m in Sources */ = {isa = PBXBuildFile; fileRef = 968D2AD2170F04E70008FA44 /* QWDLoginScrinViewController.m */; };
		968D2AE7170F085B0008FA44 /* QWDLoginScrinViewController3.5.xib in Resources */ = {isa = PBXBuildFile; fileRef = 968D2AE6170F085B0008FA44 /* QWDLoginScrinViewController3.5.xib */; };
		968D2AEB170F0B260008FA44 /* UIDevice+Resolutions.m in Sources */ = {isa = PBXBuildFile; fileRef = 968D2AEA170F0B260008FA44 /* UIDevice+Resolutions.m */; };
		968D2AEF170F0EBF0008FA44 /* QWDToolsScrinViewController.m in Sources */ = {isa = PBXBuildFile; fileRef = 968D2AED170F0EBF0008FA44 /* QWDToolsScrinViewController.m */; };
		968D2AF6170F6C690008FA44 /* QWDToolsScrinViewController3.5.xib in Resources */ = {isa = PBXBuildFile; fileRef = 968D2AF5170F6C690008FA44 /* QWDToolsScrinViewController3.5.xib */; };
		968D2AF8170F6D640008FA44 /* QWDToolsScrinViewController4.xib in Resources */ = {isa = PBXBuildFile; fileRef = 968D2AF7170F6D640008FA44 /* QWDToolsScrinViewController4.xib */; };
		968D2AFD170F72FF0008FA44 /* QWDBaseViewController.m in Sources */ = {isa = PBXBuildFile; fileRef = 968D2AFC170F72FF0008FA44 /* QWDBaseViewController.m */; };
		968D2B01170F739F0008FA44 /* FLSDataManager.m in Sources */ = {isa = PBXBuildFile; fileRef = 968D2B00170F739F0008FA44 /* FLSDataManager.m */; };
		968D2B09170F74CF0008FA44 /* FLSDocument.m in Sources */ = {isa = PBXBuildFile; fileRef = 968D2B08170F74CF0008FA44 /* FLSDocument.m */; };
		968D2B15170F934A0008FA44 /* QWDProductsViewController.m in Sources */ = {isa = PBXBuildFile; fileRef = 968D2B14170F934A0008FA44 /* QWDProductsViewController.m */; };
		968D2B17170F93650008FA44 /* QWDProductsViewController4.xib in Resources */ = {isa = PBXBuildFile; fileRef = 968D2B16170F93650008FA44 /* QWDProductsViewController4.xib */; };
		968D2B19170F94080008FA44 /* QWDProductsViewController3.5.xib in Resources */ = {isa = PBXBuildFile; fileRef = 968D2B18170F94080008FA44 /* QWDProductsViewController3.5.xib */; };
		968D2B1C170F9D940008FA44 /* Black_white_Apple_background.jpg in Resources */ = {isa = PBXBuildFile; fileRef = 968D2B1B170F9D940008FA44 /* Black_white_Apple_background.jpg */; };
		968D2B1E170FA10A0008FA44 /* large-black-and-white-stripes-a4.jpg in Resources */ = {isa = PBXBuildFile; fileRef = 968D2B1D170FA10A0008FA44 /* large-black-and-white-stripes-a4.jpg */; };
		968D2B20170FA2C00008FA44 /* Localizable.strings in Resources */ = {isa = PBXBuildFile; fileRef = 968D2B1F170FA2C00008FA44 /* Localizable.strings */; };
		968D2B221711C0780008FA44 /* QWDLoginScrinViewController4.xib in Resources */ = {isa = PBXBuildFile; fileRef = 968D2B211711C0780008FA44 /* QWDLoginScrinViewController4.xib */; };
/* End PBXBuildFile section */

/* Begin PBXFileReference section */
		7F6A12A6178AEE41001DDAFE /* QWDToolView.h */ = {isa = PBXFileReference; fileEncoding = 4; lastKnownFileType = sourcecode.c.h; path = QWDToolView.h; sourceTree = "<group>"; };
		7F6A12A7178AEE41001DDAFE /* QWDToolView.m */ = {isa = PBXFileReference; fileEncoding = 4; lastKnownFileType = sourcecode.c.objc; path = QWDToolView.m; sourceTree = "<group>"; };
		7F6A12A9178AF592001DDAFE /* QuartzCore.framework */ = {isa = PBXFileReference; lastKnownFileType = wrapper.framework; name = QuartzCore.framework; path = System/Library/Frameworks/QuartzCore.framework; sourceTree = SDKROOT; };
		7FC79195178B127400A4D02E /* UIButton+Block.h */ = {isa = PBXFileReference; fileEncoding = 4; lastKnownFileType = sourcecode.c.h; path = "UIButton+Block.h"; sourceTree = "<group>"; };
		7FC79196178B127400A4D02E /* UIButton+Block.m */ = {isa = PBXFileReference; fileEncoding = 4; lastKnownFileType = sourcecode.c.objc; path = "UIButton+Block.m"; sourceTree = "<group>"; };
		7FC7919A178B153C00A4D02E /* QWDFastAuthViewController.h */ = {isa = PBXFileReference; fileEncoding = 4; lastKnownFileType = sourcecode.c.h; path = QWDFastAuthViewController.h; sourceTree = "<group>"; };
		7FC7919B178B153C00A4D02E /* QWDFastAuthViewController.m */ = {isa = PBXFileReference; fileEncoding = 4; lastKnownFileType = sourcecode.c.objc; path = QWDFastAuthViewController.m; sourceTree = "<group>"; };
		7FC7919C178B153C00A4D02E /* QWDFastAuthViewController.xib */ = {isa = PBXFileReference; fileEncoding = 4; lastKnownFileType = file.xib; path = QWDFastAuthViewController.xib; sourceTree = "<group>"; };
		7FC791A1178B160300A4D02E /* iCarousel.h */ = {isa = PBXFileReference; lastKnownFileType = sourcecode.c.h; path = iCarousel.h; sourceTree = "<group>"; };
		7FC791A2178B160300A4D02E /* iCarousel.m */ = {isa = PBXFileReference; lastKnownFileType = sourcecode.c.objc; path = iCarousel.m; sourceTree = "<group>"; };
		7FC791A4178B1CE600A4D02E /* QWDFiltersViewControllerViewController.h */ = {isa = PBXFileReference; fileEncoding = 4; lastKnownFileType = sourcecode.c.h; path = QWDFiltersViewControllerViewController.h; sourceTree = "<group>"; };
		7FC791A5178B1CE600A4D02E /* QWDFiltersViewControllerViewController.m */ = {isa = PBXFileReference; fileEncoding = 4; lastKnownFileType = sourcecode.c.objc; path = QWDFiltersViewControllerViewController.m; sourceTree = "<group>"; };
		7FC791A6178B1CE600A4D02E /* QWDFiltersViewControllerViewController.xib */ = {isa = PBXFileReference; fileEncoding = 4; lastKnownFileType = file.xib; path = QWDFiltersViewControllerViewController.xib; sourceTree = "<group>"; };
		968D2AB5170F04E70008FA44 /* QRealWebDemoProject.app */ = {isa = PBXFileReference; explicitFileType = wrapper.application; includeInIndex = 0; path = QRealWebDemoProject.app; sourceTree = BUILT_PRODUCTS_DIR; };
		968D2AB9170F04E70008FA44 /* UIKit.framework */ = {isa = PBXFileReference; lastKnownFileType = wrapper.framework; name = UIKit.framework; path = System/Library/Frameworks/UIKit.framework; sourceTree = SDKROOT; };
		968D2ABB170F04E70008FA44 /* Foundation.framework */ = {isa = PBXFileReference; lastKnownFileType = wrapper.framework; name = Foundation.framework; path = System/Library/Frameworks/Foundation.framework; sourceTree = SDKROOT; };
		968D2ABD170F04E70008FA44 /* CoreGraphics.framework */ = {isa = PBXFileReference; lastKnownFileType = wrapper.framework; name = CoreGraphics.framework; path = System/Library/Frameworks/CoreGraphics.framework; sourceTree = SDKROOT; };
		968D2AC1170F04E70008FA44 /* QRealWebDemoProject-Info.plist */ = {isa = PBXFileReference; lastKnownFileType = text.plist.xml; path = "QRealWebDemoProject-Info.plist"; sourceTree = "<group>"; };
		968D2AC5170F04E70008FA44 /* main.m */ = {isa = PBXFileReference; lastKnownFileType = sourcecode.c.objc; path = main.m; sourceTree = "<group>"; };
		968D2AC7170F04E70008FA44 /* QRealWebDemoProject-Prefix.pch */ = {isa = PBXFileReference; lastKnownFileType = sourcecode.c.h; path = "QRealWebDemoProject-Prefix.pch"; sourceTree = "<group>"; };
		968D2AC8170F04E70008FA44 /* AppDelegate.h */ = {isa = PBXFileReference; lastKnownFileType = sourcecode.c.h; path = AppDelegate.h; sourceTree = "<group>"; };
		968D2AC9170F04E70008FA44 /* AppDelegate.m */ = {isa = PBXFileReference; lastKnownFileType = sourcecode.c.objc; path = AppDelegate.m; sourceTree = "<group>"; };
		968D2ACB170F04E70008FA44 /* Default.png */ = {isa = PBXFileReference; lastKnownFileType = image.png; path = Default.png; sourceTree = "<group>"; };
		968D2ACD170F04E70008FA44 /* Default@2x.png */ = {isa = PBXFileReference; lastKnownFileType = image.png; path = "Default@2x.png"; sourceTree = "<group>"; };
		968D2ACF170F04E70008FA44 /* Default-568h@2x.png */ = {isa = PBXFileReference; lastKnownFileType = image.png; path = "Default-568h@2x.png"; sourceTree = "<group>"; };
		968D2AD1170F04E70008FA44 /* QWDLoginScrinViewController.h */ = {isa = PBXFileReference; lastKnownFileType = sourcecode.c.h; path = QWDLoginScrinViewController.h; sourceTree = "<group>"; };
		968D2AD2170F04E70008FA44 /* QWDLoginScrinViewController.m */ = {isa = PBXFileReference; lastKnownFileType = sourcecode.c.objc; path = QWDLoginScrinViewController.m; sourceTree = "<group>"; };
		968D2AE6170F085B0008FA44 /* QWDLoginScrinViewController3.5.xib */ = {isa = PBXFileReference; fileEncoding = 4; lastKnownFileType = file.xib; path = QWDLoginScrinViewController3.5.xib; sourceTree = "<group>"; };
		968D2AE9170F0B260008FA44 /* UIDevice+Resolutions.h */ = {isa = PBXFileReference; fileEncoding = 4; lastKnownFileType = sourcecode.c.h; path = "UIDevice+Resolutions.h"; sourceTree = "<group>"; };
		968D2AEA170F0B260008FA44 /* UIDevice+Resolutions.m */ = {isa = PBXFileReference; fileEncoding = 4; lastKnownFileType = sourcecode.c.objc; path = "UIDevice+Resolutions.m"; sourceTree = "<group>"; };
		968D2AEC170F0EBF0008FA44 /* QWDToolsScrinViewController.h */ = {isa = PBXFileReference; fileEncoding = 4; lastKnownFileType = sourcecode.c.h; path = QWDToolsScrinViewController.h; sourceTree = "<group>"; };
		968D2AED170F0EBF0008FA44 /* QWDToolsScrinViewController.m */ = {isa = PBXFileReference; fileEncoding = 4; lastKnownFileType = sourcecode.c.objc; path = QWDToolsScrinViewController.m; sourceTree = "<group>"; };
		968D2AF5170F6C690008FA44 /* QWDToolsScrinViewController3.5.xib */ = {isa = PBXFileReference; fileEncoding = 4; lastKnownFileType = file.xib; path = QWDToolsScrinViewController3.5.xib; sourceTree = "<group>"; };
		968D2AF7170F6D640008FA44 /* QWDToolsScrinViewController4.xib */ = {isa = PBXFileReference; fileEncoding = 4; lastKnownFileType = file.xib; path = QWDToolsScrinViewController4.xib; sourceTree = "<group>"; };
		968D2AFB170F72FF0008FA44 /* QWDBaseViewController.h */ = {isa = PBXFileReference; fileEncoding = 4; lastKnownFileType = sourcecode.c.h; path = QWDBaseViewController.h; sourceTree = "<group>"; };
		968D2AFC170F72FF0008FA44 /* QWDBaseViewController.m */ = {isa = PBXFileReference; fileEncoding = 4; lastKnownFileType = sourcecode.c.objc; path = QWDBaseViewController.m; sourceTree = "<group>"; };
		968D2AFF170F739F0008FA44 /* FLSDataManager.h */ = {isa = PBXFileReference; fileEncoding = 4; lastKnownFileType = sourcecode.c.h; path = FLSDataManager.h; sourceTree = "<group>"; };
		968D2B00170F739F0008FA44 /* FLSDataManager.m */ = {isa = PBXFileReference; fileEncoding = 4; lastKnownFileType = sourcecode.c.objc; path = FLSDataManager.m; sourceTree = "<group>"; };
		968D2B07170F74CF0008FA44 /* FLSDocument.h */ = {isa = PBXFileReference; fileEncoding = 4; lastKnownFileType = sourcecode.c.h; path = FLSDocument.h; sourceTree = "<group>"; };
		968D2B08170F74CF0008FA44 /* FLSDocument.m */ = {isa = PBXFileReference; fileEncoding = 4; lastKnownFileType = sourcecode.c.objc; path = FLSDocument.m; sourceTree = "<group>"; };
		968D2B0C170F80DC0008FA44 /* constants.h */ = {isa = PBXFileReference; fileEncoding = 4; lastKnownFileType = sourcecode.c.h; path = constants.h; sourceTree = "<group>"; };
		968D2B13170F934A0008FA44 /* QWDProductsViewController.h */ = {isa = PBXFileReference; fileEncoding = 4; lastKnownFileType = sourcecode.c.h; path = QWDProductsViewController.h; sourceTree = "<group>"; };
		968D2B14170F934A0008FA44 /* QWDProductsViewController.m */ = {isa = PBXFileReference; fileEncoding = 4; lastKnownFileType = sourcecode.c.objc; path = QWDProductsViewController.m; sourceTree = "<group>"; };
		968D2B16170F93650008FA44 /* QWDProductsViewController4.xib */ = {isa = PBXFileReference; fileEncoding = 4; lastKnownFileType = file.xib; path = QWDProductsViewController4.xib; sourceTree = "<group>"; };
		968D2B18170F94080008FA44 /* QWDProductsViewController3.5.xib */ = {isa = PBXFileReference; fileEncoding = 4; lastKnownFileType = file.xib; path = QWDProductsViewController3.5.xib; sourceTree = "<group>"; };
		968D2B1B170F9D940008FA44 /* Black_white_Apple_background.jpg */ = {isa = PBXFileReference; lastKnownFileType = image.jpeg; path = Black_white_Apple_background.jpg; sourceTree = "<group>"; };
		968D2B1D170FA10A0008FA44 /* large-black-and-white-stripes-a4.jpg */ = {isa = PBXFileReference; lastKnownFileType = image.jpeg; path = "large-black-and-white-stripes-a4.jpg"; sourceTree = "<group>"; };
		968D2B1F170FA2C00008FA44 /* Localizable.strings */ = {isa = PBXFileReference; fileEncoding = 4; lastKnownFileType = text.plist.strings; path = Localizable.strings; sourceTree = "<group>"; };
		968D2B211711C0780008FA44 /* QWDLoginScrinViewController4.xib */ = {isa = PBXFileReference; fileEncoding = 4; lastKnownFileType = file.xib; path = QWDLoginScrinViewController4.xib; sourceTree = "<group>"; };
/* End PBXFileReference section */

/* Begin PBXFrameworksBuildPhase section */
		968D2AB2170F04E70008FA44 /* Frameworks */ = {
			isa = PBXFrameworksBuildPhase;
			buildActionMask = 2147483647;
			files = (
				7F6A12AA178AF592001DDAFE /* QuartzCore.framework in Frameworks */,
				968D2ABA170F04E70008FA44 /* UIKit.framework in Frameworks */,
				968D2ABC170F04E70008FA44 /* Foundation.framework in Frameworks */,
				968D2ABE170F04E70008FA44 /* CoreGraphics.framework in Frameworks */,
			);
			runOnlyForDeploymentPostprocessing = 0;
		};
/* End PBXFrameworksBuildPhase section */

/* Begin PBXGroup section */
		7F6A12A5178AEE18001DDAFE /* toolView */ = {
			isa = PBXGroup;
			children = (
				7F6A12A6178AEE41001DDAFE /* QWDToolView.h */,
				7F6A12A7178AEE41001DDAFE /* QWDToolView.m */,
			);
			name = toolView;
			sourceTree = "<group>";
		};
		7FC79198178B14C200A4D02E /* FirstLogin */ = {
			isa = PBXGroup;
			children = (
				968D2AD1170F04E70008FA44 /* QWDLoginScrinViewController.h */,
				968D2AD2170F04E70008FA44 /* QWDLoginScrinViewController.m */,
				968D2AE6170F085B0008FA44 /* QWDLoginScrinViewController3.5.xib */,
				968D2B211711C0780008FA44 /* QWDLoginScrinViewController4.xib */,
			);
			name = FirstLogin;
			sourceTree = "<group>";
		};
		7FC79199178B14DA00A4D02E /* FastAuth */ = {
			isa = PBXGroup;
			children = (
				7FC7919A178B153C00A4D02E /* QWDFastAuthViewController.h */,
				7FC7919B178B153C00A4D02E /* QWDFastAuthViewController.m */,
				7FC7919C178B153C00A4D02E /* QWDFastAuthViewController.xib */,
			);
			name = FastAuth;
			sourceTree = "<group>";
		};
		7FC7919F178B155700A4D02E /* Utils */ = {
			isa = PBXGroup;
			children = (
				7FC791A1178B160300A4D02E /* iCarousel.h */,
				7FC791A2178B160300A4D02E /* iCarousel.m */,
			);
			name = Utils;
			sourceTree = "<group>";
		};
		7FC791A3178B1C9400A4D02E /* FiltersViewControllers */ = {
			isa = PBXGroup;
			children = (
				7FC791A4178B1CE600A4D02E /* QWDFiltersViewControllerViewController.h */,
				7FC791A5178B1CE600A4D02E /* QWDFiltersViewControllerViewController.m */,
				7FC791A6178B1CE600A4D02E /* QWDFiltersViewControllerViewController.xib */,
			);
			name = FiltersViewControllers;
			sourceTree = "<group>";
		};
		968D2AAA170F04E70008FA44 = {
			isa = PBXGroup;
			children = (
				968D2ABF170F04E70008FA44 /* FirstLineSoftwareTestProject */,
				968D2AB8170F04E70008FA44 /* Frameworks */,
				968D2AB6170F04E70008FA44 /* Products */,
			);
			sourceTree = "<group>";
		};
		968D2AB6170F04E70008FA44 /* Products */ = {
			isa = PBXGroup;
			children = (
				968D2AB5170F04E70008FA44 /* QRealWebDemoProject.app */,
			);
			name = Products;
			sourceTree = "<group>";
		};
		968D2AB8170F04E70008FA44 /* Frameworks */ = {
			isa = PBXGroup;
			children = (
				7F6A12A9178AF592001DDAFE /* QuartzCore.framework */,
				968D2AB9170F04E70008FA44 /* UIKit.framework */,
				968D2ABB170F04E70008FA44 /* Foundation.framework */,
				968D2ABD170F04E70008FA44 /* CoreGraphics.framework */,
			);
			name = Frameworks;
			sourceTree = "<group>";
		};
		968D2ABF170F04E70008FA44 /* FirstLineSoftwareTestProject */ = {
			isa = PBXGroup;
			children = (
				7FC7919F178B155700A4D02E /* Utils */,
				968D2AFE170F736A0008FA44 /* DataManagment */,
				968D2AE8170F0B030008FA44 /* Categories */,
				968D2ADC170F04F70008FA44 /* ViewControllers */,
				968D2AC8170F04E70008FA44 /* AppDelegate.h */,
				968D2AC9170F04E70008FA44 /* AppDelegate.m */,
				968D2AC0170F04E70008FA44 /* Supporting Files */,
			);
			path = FirstLineSoftwareTestProject;
			sourceTree = "<group>";
		};
		968D2AC0170F04E70008FA44 /* Supporting Files */ = {
			isa = PBXGroup;
			children = (
				968D2B1A170F9D850008FA44 /* imgs */,
				968D2AC1170F04E70008FA44 /* QRealWebDemoProject-Info.plist */,
				968D2AC5170F04E70008FA44 /* main.m */,
				968D2AC7170F04E70008FA44 /* QRealWebDemoProject-Prefix.pch */,
				968D2ACB170F04E70008FA44 /* Default.png */,
				968D2ACD170F04E70008FA44 /* Default@2x.png */,
				968D2ACF170F04E70008FA44 /* Default-568h@2x.png */,
				968D2B0C170F80DC0008FA44 /* constants.h */,
				968D2B1F170FA2C00008FA44 /* Localizable.strings */,
			);
			name = "Supporting Files";
			sourceTree = "<group>";
		};
		968D2ADC170F04F70008FA44 /* ViewControllers */ = {
			isa = PBXGroup;
			children = (
				968D2ADF170F05FC0008FA44 /* ProductsViewController */,
				968D2ADE170F05EE0008FA44 /* List */,
				968D2ADD170F05E50008FA44 /* Login */,
				968D2AFB170F72FF0008FA44 /* QWDBaseViewController.h */,
				968D2AFC170F72FF0008FA44 /* QWDBaseViewController.m */,
			);
			name = ViewControllers;
			sourceTree = "<group>";
		};
		968D2ADD170F05E50008FA44 /* Login */ = {
			isa = PBXGroup;
			children = (
				7FC79199178B14DA00A4D02E /* FastAuth */,
				7FC79198178B14C200A4D02E /* FirstLogin */,
			);
			name = Login;
			sourceTree = "<group>";
		};
		968D2ADE170F05EE0008FA44 /* List */ = {
			isa = PBXGroup;
			children = (
				7F6A12A5178AEE18001DDAFE /* toolView */,
				968D2AEC170F0EBF0008FA44 /* QWDToolsScrinViewController.h */,
				968D2AED170F0EBF0008FA44 /* QWDToolsScrinViewController.m */,
				968D2AF5170F6C690008FA44 /* QWDToolsScrinViewController3.5.xib */,
				968D2AF7170F6D640008FA44 /* QWDToolsScrinViewController4.xib */,
			);
			name = List;
			sourceTree = "<group>";
		};
		968D2ADF170F05FC0008FA44 /* ProductsViewController */ = {
			isa = PBXGroup;
			children = (
				7FC791A3178B1C9400A4D02E /* FiltersViewControllers */,
				968D2B13170F934A0008FA44 /* QWDProductsViewController.h */,
				968D2B14170F934A0008FA44 /* QWDProductsViewController.m */,
				968D2B16170F93650008FA44 /* QWDProductsViewController4.xib */,
				968D2B18170F94080008FA44 /* QWDProductsViewController3.5.xib */,
			);
			name = ProductsViewController;
			sourceTree = "<group>";
		};
		968D2AE8170F0B030008FA44 /* Categories */ = {
			isa = PBXGroup;
			children = (
				968D2AE9170F0B260008FA44 /* UIDevice+Resolutions.h */,
				968D2AEA170F0B260008FA44 /* UIDevice+Resolutions.m */,
				7FC79195178B127400A4D02E /* UIButton+Block.h */,
				7FC79196178B127400A4D02E /* UIButton+Block.m */,
			);
			name = Categories;
			sourceTree = "<group>";
		};
		968D2AFE170F736A0008FA44 /* DataManagment */ = {
			isa = PBXGroup;
			children = (
				968D2B06170F74B40008FA44 /* Enteties */,
				968D2AFF170F739F0008FA44 /* FLSDataManager.h */,
				968D2B00170F739F0008FA44 /* FLSDataManager.m */,
			);
			name = DataManagment;
			sourceTree = "<group>";
		};
		968D2B06170F74B40008FA44 /* Enteties */ = {
			isa = PBXGroup;
			children = (
				968D2B07170F74CF0008FA44 /* FLSDocument.h */,
				968D2B08170F74CF0008FA44 /* FLSDocument.m */,
			);
			name = Enteties;
			sourceTree = "<group>";
		};
		968D2B1A170F9D850008FA44 /* imgs */ = {
			isa = PBXGroup;
			children = (
				968D2B1D170FA10A0008FA44 /* large-black-and-white-stripes-a4.jpg */,
				968D2B1B170F9D940008FA44 /* Black_white_Apple_background.jpg */,
			);
			name = imgs;
			sourceTree = "<group>";
		};
/* End PBXGroup section */

/* Begin PBXNativeTarget section */
		968D2AB4170F04E70008FA44 /* QRealWebDemoProject */ = {
			isa = PBXNativeTarget;
			buildConfigurationList = 968D2AD9170F04E70008FA44 /* Build configuration list for PBXNativeTarget "QRealWebDemoProject" */;
			buildPhases = (
				968D2AB1170F04E70008FA44 /* Sources */,
				968D2AB2170F04E70008FA44 /* Frameworks */,
				968D2AB3170F04E70008FA44 /* Resources */,
			);
			buildRules = (
			);
			dependencies = (
			);
			name = QRealWebDemoProject;
			productName = FirstLineSoftwareTestProject;
			productReference = 968D2AB5170F04E70008FA44 /* QRealWebDemoProject.app */;
			productType = "com.apple.product-type.application";
		};
/* End PBXNativeTarget section */

/* Begin PBXProject section */
		968D2AAC170F04E70008FA44 /* Project object */ = {
			isa = PBXProject;
			attributes = {
				LastUpgradeCheck = 0450;
				ORGANIZATIONNAME = "Иван Афанасьев";
			};
			buildConfigurationList = 968D2AAF170F04E70008FA44 /* Build configuration list for PBXProject "QRealWebDemoProject" */;
			compatibilityVersion = "Xcode 3.2";
			developmentRegion = English;
			hasScannedForEncodings = 0;
			knownRegions = (
				en,
				ru,
			);
			mainGroup = 968D2AAA170F04E70008FA44;
			productRefGroup = 968D2AB6170F04E70008FA44 /* Products */;
			projectDirPath = "";
			projectRoot = "";
			targets = (
				968D2AB4170F04E70008FA44 /* QRealWebDemoProject */,
			);
		};
/* End PBXProject section */

/* Begin PBXResourcesBuildPhase section */
		968D2AB3170F04E70008FA44 /* Resources */ = {
			isa = PBXResourcesBuildPhase;
			buildActionMask = 2147483647;
			files = (
				968D2ACC170F04E70008FA44 /* Default.png in Resources */,
				968D2ACE170F04E70008FA44 /* Default@2x.png in Resources */,
				968D2AD0170F04E70008FA44 /* Default-568h@2x.png in Resources */,
				968D2AE7170F085B0008FA44 /* QWDLoginScrinViewController3.5.xib in Resources */,
				968D2AF6170F6C690008FA44 /* QWDToolsScrinViewController3.5.xib in Resources */,
				968D2AF8170F6D640008FA44 /* QWDToolsScrinViewController4.xib in Resources */,
				968D2B17170F93650008FA44 /* QWDProductsViewController4.xib in Resources */,
				968D2B19170F94080008FA44 /* QWDProductsViewController3.5.xib in Resources */,
				968D2B1C170F9D940008FA44 /* Black_white_Apple_background.jpg in Resources */,
				968D2B1E170FA10A0008FA44 /* large-black-and-white-stripes-a4.jpg in Resources */,
				968D2B20170FA2C00008FA44 /* Localizable.strings in Resources */,
				968D2B221711C0780008FA44 /* QWDLoginScrinViewController4.xib in Resources */,
				7FC7919E178B153C00A4D02E /* QWDFastAuthViewController.xib in Resources */,
				7FC791A8178B1CE600A4D02E /* QWDFiltersViewControllerViewController.xib in Resources */,
			);
			runOnlyForDeploymentPostprocessing = 0;
		};
/* End PBXResourcesBuildPhase section */

/* Begin PBXSourcesBuildPhase section */
		968D2AB1170F04E70008FA44 /* Sources */ = {
			isa = PBXSourcesBuildPhase;
			buildActionMask = 2147483647;
			files = (
				968D2AC6170F04E70008FA44 /* main.m in Sources */,
				968D2ACA170F04E70008FA44 /* AppDelegate.m in Sources */,
				968D2AD3170F04E70008FA44 /* QWDLoginScrinViewController.m in Sources */,
				968D2AEB170F0B260008FA44 /* UIDevice+Resolutions.m in Sources */,
				968D2AEF170F0EBF0008FA44 /* QWDToolsScrinViewController.m in Sources */,
				968D2AFD170F72FF0008FA44 /* QWDBaseViewController.m in Sources */,
				968D2B01170F739F0008FA44 /* FLSDataManager.m in Sources */,
				968D2B09170F74CF0008FA44 /* FLSDocument.m in Sources */,
				968D2B15170F934A0008FA44 /* QWDProductsViewController.m in Sources */,
				7F6A12A8178AEE41001DDAFE /* QWDToolView.m in Sources */,
				7FC79197178B127400A4D02E /* UIButton+Block.m in Sources */,
				7FC7919D178B153C00A4D02E /* QWDFastAuthViewController.m in Sources */,
				7FC791A7178B1CE600A4D02E /* QWDFiltersViewControllerViewController.m in Sources */,
				7FC791A9178B28CF00A4D02E /* iCarousel.m in Sources */,
			);
			runOnlyForDeploymentPostprocessing = 0;
		};
/* End PBXSourcesBuildPhase section */

/* Begin XCBuildConfiguration section */
		968D2AD7170F04E70008FA44 /* Debug */ = {
			isa = XCBuildConfiguration;
			buildSettings = {
				ALWAYS_SEARCH_USER_PATHS = NO;
				CLANG_CXX_LANGUAGE_STANDARD = "gnu++0x";
				CLANG_CXX_LIBRARY = "libc++";
				CLANG_ENABLE_OBJC_ARC = YES;
				CLANG_WARN_EMPTY_BODY = YES;
				CLANG_WARN__DUPLICATE_METHOD_MATCH = YES;
				"CODE_SIGN_IDENTITY[sdk=iphoneos*]" = "iPhone Developer";
				COPY_PHASE_STRIP = NO;
				GCC_C_LANGUAGE_STANDARD = gnu99;
				GCC_DYNAMIC_NO_PIC = NO;
				GCC_OPTIMIZATION_LEVEL = 0;
				GCC_PREPROCESSOR_DEFINITIONS = (
					"DEBUG=1",
					"$(inherited)",
				);
				GCC_SYMBOLS_PRIVATE_EXTERN = NO;
				GCC_WARN_ABOUT_RETURN_TYPE = YES;
				GCC_WARN_UNINITIALIZED_AUTOS = YES;
				GCC_WARN_UNUSED_VARIABLE = YES;
				IPHONEOS_DEPLOYMENT_TARGET = 6.0;
				ONLY_ACTIVE_ARCH = YES;
				SDKROOT = iphoneos;
			};
			name = Debug;
		};
		968D2AD8170F04E70008FA44 /* Release */ = {
			isa = XCBuildConfiguration;
			buildSettings = {
				ALWAYS_SEARCH_USER_PATHS = NO;
				CLANG_CXX_LANGUAGE_STANDARD = "gnu++0x";
				CLANG_CXX_LIBRARY = "libc++";
				CLANG_ENABLE_OBJC_ARC = YES;
				CLANG_WARN_EMPTY_BODY = YES;
				CLANG_WARN__DUPLICATE_METHOD_MATCH = YES;
				"CODE_SIGN_IDENTITY[sdk=iphoneos*]" = "iPhone Developer";
				COPY_PHASE_STRIP = YES;
				GCC_C_LANGUAGE_STANDARD = gnu99;
				GCC_WARN_ABOUT_RETURN_TYPE = YES;
				GCC_WARN_UNINITIALIZED_AUTOS = YES;
				GCC_WARN_UNUSED_VARIABLE = YES;
				IPHONEOS_DEPLOYMENT_TARGET = 6.0;
				OTHER_CFLAGS = "-DNS_BLOCK_ASSERTIONS=1";
				SDKROOT = iphoneos;
				VALIDATE_PRODUCT = YES;
			};
			name = Release;
		};
		968D2ADA170F04E70008FA44 /* Debug */ = {
			isa = XCBuildConfiguration;
			buildSettings = {
				GCC_PRECOMPILE_PREFIX_HEADER = YES;
				GCC_PREFIX_HEADER = "FirstLineSoftwareTestProject/QRealWebDemoProject-Prefix.pch";
				INFOPLIST_FILE = "FirstLineSoftwareTestProject/QRealWebDemoProject-Info.plist";
				PRODUCT_NAME = QRealWebDemoProject;
				SDKROOT = iphoneos;
				WRAPPER_EXTENSION = app;
			};
			name = Debug;
		};
		968D2ADB170F04E70008FA44 /* Release */ = {
			isa = XCBuildConfiguration;
			buildSettings = {
				GCC_PRECOMPILE_PREFIX_HEADER = YES;
				GCC_PREFIX_HEADER = "FirstLineSoftwareTestProject/QRealWebDemoProject-Prefix.pch";
				INFOPLIST_FILE = "FirstLineSoftwareTestProject/QRealWebDemoProject-Info.plist";
				PRODUCT_NAME = QRealWebDemoProject;
				SDKROOT = iphoneos;
				WRAPPER_EXTENSION = app;
			};
			name = Release;
		};
/* End XCBuildConfiguration section */

/* Begin XCConfigurationList section */
		968D2AAF170F04E70008FA44 /* Build configuration list for PBXProject "QRealWebDemoProject" */ = {
			isa = XCConfigurationList;
			buildConfigurations = (
				968D2AD7170F04E70008FA44 /* Debug */,
				968D2AD8170F04E70008FA44 /* Release */,
			);
			defaultConfigurationIsVisible = 0;
			defaultConfigurationName = Release;
		};
		968D2AD9170F04E70008FA44 /* Build configuration list for PBXNativeTarget "QRealWebDemoProject" */ = {
			isa = XCConfigurationList;
			buildConfigurations = (
				968D2ADA170F04E70008FA44 /* Debug */,
				968D2ADB170F04E70008FA44 /* Release */,
			);
			defaultConfigurationIsVisible = 0;
			defaultConfigurationName = Release;
		};
/* End XCConfigurationList section */
	};
	rootObject = 968D2AAC170F04E70008FA44 /* Project object */;
}
