// !$*UTF8*$!
{
	archiveVersion = 1;
	classes = {
	};
	objectVersion = 46;
	objects = {

/* Begin PBXBuildFile section */
		3F448207192CCE0C00AC2BFF /* MainStoryboard.storyboard in Resources */ = {isa = PBXBuildFile; fileRef = 3F448206192CCE0C00AC2BFF /* MainStoryboard.storyboard */; };
		3F448225192E13E100AC2BFF /* QRWOrderInfo.m in Sources */ = {isa = PBXBuildFile; fileRef = 3F448224192E13E100AC2BFF /* QRWOrderInfo.m */; };
		3FA7588D19B3F2170071B3A3 /* QRWChoseSomethingViewController.m in Sources */ = {isa = PBXBuildFile; fileRef = 3FA7588C19B3F2170071B3A3 /* QRWChoseSomethingViewController.m */; };
		3FA7588F19B3F94F0071B3A3 /* QRWChoseSomethingViewController.xib in Resources */ = {isa = PBXBuildFile; fileRef = 3FA7588E19B3F94F0071B3A3 /* QRWChoseSomethingViewController.xib */; };
		3FA7589119B3F9BE0071B3A3 /* QRWChoseSomethingViewControllerOld.xib in Resources */ = {isa = PBXBuildFile; fileRef = 3FA7589019B3F9BE0071B3A3 /* QRWChoseSomethingViewControllerOld.xib */; };
		72E90A0FD5A24E7983C0F0F6 /* libPods.a in Frameworks */ = {isa = PBXBuildFile; fileRef = 43D05E16E2D64500ABFC66D8 /* libPods.a */; };
		7F8173AB1884471400894E16 /* QRWDashboardViewControllerOld.xib in Resources */ = {isa = PBXBuildFile; fileRef = 7F8173AA1884471400894E16 /* QRWDashboardViewControllerOld.xib */; };
		7F8173AD1884488C00894E16 /* QRWProductsViewControllerOld.xib in Resources */ = {isa = PBXBuildFile; fileRef = 7F8173AC1884488C00894E16 /* QRWProductsViewControllerOld.xib */; };
		7F8173AF188448F300894E16 /* QRWOrdersViewControllerOld.xib in Resources */ = {isa = PBXBuildFile; fileRef = 7F8173AE188448F300894E16 /* QRWOrdersViewControllerOld.xib */; };
		7F8173B11884499500894E16 /* QRWProductInfoViewControllerOld.xib in Resources */ = {isa = PBXBuildFile; fileRef = 7F8173B01884499500894E16 /* QRWProductInfoViewControllerOld.xib */; };
		7F8173B318844B4500894E16 /* QRWUsersViewControllerOld.xib in Resources */ = {isa = PBXBuildFile; fileRef = 7F8173B218844B4500894E16 /* QRWUsersViewControllerOld.xib */; };
		7F8173B518844C0F00894E16 /* QRWReviewsViewControllerOld.xib in Resources */ = {isa = PBXBuildFile; fileRef = 7F8173B418844C0F00894E16 /* QRWReviewsViewControllerOld.xib */; };
		7F8173BB188565E700894E16 /* QRWOrderInfoViewController.m in Sources */ = {isa = PBXBuildFile; fileRef = 7F8173B9188565E700894E16 /* QRWOrderInfoViewController.m */; };
		7F9F99F31815604500AB3EF5 /* Foundation.framework in Frameworks */ = {isa = PBXBuildFile; fileRef = 7F9F99F21815604500AB3EF5 /* Foundation.framework */; };
		7F9F99F51815604500AB3EF5 /* CoreGraphics.framework in Frameworks */ = {isa = PBXBuildFile; fileRef = 7F9F99F41815604500AB3EF5 /* CoreGraphics.framework */; };
		7F9F99F71815604600AB3EF5 /* UIKit.framework in Frameworks */ = {isa = PBXBuildFile; fileRef = 7F9F99F61815604600AB3EF5 /* UIKit.framework */; };
		7F9F99FD1815604600AB3EF5 /* InfoPlist.strings in Resources */ = {isa = PBXBuildFile; fileRef = 7F9F99FB1815604600AB3EF5 /* InfoPlist.strings */; };
		7F9F99FF1815604600AB3EF5 /* main.m in Sources */ = {isa = PBXBuildFile; fileRef = 7F9F99FE1815604600AB3EF5 /* main.m */; };
		7F9F9A031815604600AB3EF5 /* QRWAppDelegate.m in Sources */ = {isa = PBXBuildFile; fileRef = 7F9F9A021815604600AB3EF5 /* QRWAppDelegate.m */; };
		7F9F9A051815604600AB3EF5 /* Images.xcassets in Resources */ = {isa = PBXBuildFile; fileRef = 7F9F9A041815604600AB3EF5 /* Images.xcassets */; };
		7F9F9A0C1815604600AB3EF5 /* XCTest.framework in Frameworks */ = {isa = PBXBuildFile; fileRef = 7F9F9A0B1815604600AB3EF5 /* XCTest.framework */; };
		7F9F9A0D1815604600AB3EF5 /* Foundation.framework in Frameworks */ = {isa = PBXBuildFile; fileRef = 7F9F99F21815604500AB3EF5 /* Foundation.framework */; };
		7F9F9A0E1815604600AB3EF5 /* UIKit.framework in Frameworks */ = {isa = PBXBuildFile; fileRef = 7F9F99F61815604600AB3EF5 /* UIKit.framework */; };
		7F9F9A161815604600AB3EF5 /* InfoPlist.strings in Resources */ = {isa = PBXBuildFile; fileRef = 7F9F9A141815604600AB3EF5 /* InfoPlist.strings */; };
		7F9F9A181815604600AB3EF5 /* XCartAdminTests.m in Sources */ = {isa = PBXBuildFile; fileRef = 7F9F9A171815604600AB3EF5 /* XCartAdminTests.m */; };
		7F9F9A24181562B200AB3EF5 /* QRWDataManager.m in Sources */ = {isa = PBXBuildFile; fileRef = 7F9F9A23181562B200AB3EF5 /* QRWDataManager.m */; };
		7F9F9A28181562D000AB3EF5 /* QRWDownloader.m in Sources */ = {isa = PBXBuildFile; fileRef = 7F9F9A27181562D000AB3EF5 /* QRWDownloader.m */; };
		7F9F9A42181562F200AB3EF5 /* QRWOrder.m in Sources */ = {isa = PBXBuildFile; fileRef = 7F9F9A2B181562F200AB3EF5 /* QRWOrder.m */; };
		7F9F9A44181562F200AB3EF5 /* QRWTopCategories.m in Sources */ = {isa = PBXBuildFile; fileRef = 7F9F9A2F181562F200AB3EF5 /* QRWTopCategories.m */; };
		7F9F9A45181562F200AB3EF5 /* QRWProduct.m in Sources */ = {isa = PBXBuildFile; fileRef = 7F9F9A31181562F200AB3EF5 /* QRWProduct.m */; };
		7F9F9A46181562F200AB3EF5 /* QRWCategoryInTop.m in Sources */ = {isa = PBXBuildFile; fileRef = 7F9F9A33181562F200AB3EF5 /* QRWCategoryInTop.m */; };
		7F9F9A48181562F200AB3EF5 /* QRWUser.m in Sources */ = {isa = PBXBuildFile; fileRef = 7F9F9A37181562F200AB3EF5 /* QRWUser.m */; };
		7F9F9A49181562F200AB3EF5 /* QRWUsers.m in Sources */ = {isa = PBXBuildFile; fileRef = 7F9F9A39181562F200AB3EF5 /* QRWUsers.m */; };
		7F9F9A4A181562F200AB3EF5 /* QRWDiscount.m in Sources */ = {isa = PBXBuildFile; fileRef = 7F9F9A3B181562F200AB3EF5 /* QRWDiscount.m */; };
		7F9F9A4B181562F200AB3EF5 /* QRWReview.m in Sources */ = {isa = PBXBuildFile; fileRef = 7F9F9A3D181562F200AB3EF5 /* QRWReview.m */; };
		7F9F9A4C181562F200AB3EF5 /* QRWUploadResponse.m in Sources */ = {isa = PBXBuildFile; fileRef = 7F9F9A3F181562F200AB3EF5 /* QRWUploadResponse.m */; };
		7F9F9A4D181562F200AB3EF5 /* QRWProductOld.m in Sources */ = {isa = PBXBuildFile; fileRef = 7F9F9A41181562F200AB3EF5 /* QRWProductOld.m */; };
		7F9F9A55181565E200AB3EF5 /* QRWLoginScrinViewController.m in Sources */ = {isa = PBXBuildFile; fileRef = 7F9F9A54181565E200AB3EF5 /* QRWLoginScrinViewController.m */; };
		7F9F9A591815662100AB3EF5 /* QRWLoginScrinViewController.xib in Resources */ = {isa = PBXBuildFile; fileRef = 7F9F9A571815662100AB3EF5 /* QRWLoginScrinViewController.xib */; };
		7F9F9A5A1815662100AB3EF5 /* QRWLoginScrinViewControllerOld.xib in Resources */ = {isa = PBXBuildFile; fileRef = 7F9F9A581815662100AB3EF5 /* QRWLoginScrinViewControllerOld.xib */; };
		7F9F9A5D18156CC400AB3EF5 /* QRWBaseViewController.m in Sources */ = {isa = PBXBuildFile; fileRef = 7F9F9A5C18156CC400AB3EF5 /* QRWBaseViewController.m */; };
		7F9F9A6A18156D0C00AB3EF5 /* UIDevice+Resolutions.m in Sources */ = {isa = PBXBuildFile; fileRef = 7F9F9A6618156D0B00AB3EF5 /* UIDevice+Resolutions.m */; };
		7F9F9A6B18156D0C00AB3EF5 /* UIColor+hex.m in Sources */ = {isa = PBXBuildFile; fileRef = 7F9F9A6818156D0C00AB3EF5 /* UIColor+hex.m */; };
		7F9F9A7318156F2E00AB3EF5 /* QRWDashboardViewController.m in Sources */ = {isa = PBXBuildFile; fileRef = 7F9F9A7118156F2E00AB3EF5 /* QRWDashboardViewController.m */; };
		7F9F9A7418156F2E00AB3EF5 /* QRWDashboardViewController.xib in Resources */ = {isa = PBXBuildFile; fileRef = 7F9F9A7218156F2E00AB3EF5 /* QRWDashboardViewController.xib */; };
		7FBCF2C8187EA19D00594CCD /* QRWBaseProduct.m in Sources */ = {isa = PBXBuildFile; fileRef = 7FBCF2C7187EA19D00594CCD /* QRWBaseProduct.m */; };
		7FBCF2CD187EA44800594CCD /* QRWProductsViewController.m in Sources */ = {isa = PBXBuildFile; fileRef = 7FBCF2CB187EA44800594CCD /* QRWProductsViewController.m */; };
		7FBCF2CE187EA44800594CCD /* QRWProductsViewController.xib in Resources */ = {isa = PBXBuildFile; fileRef = 7FBCF2CC187EA44800594CCD /* QRWProductsViewController.xib */; };
		7FBCF2D2187EA73900594CCD /* QRWProductCell.xib in Resources */ = {isa = PBXBuildFile; fileRef = 7FBCF2D1187EA73900594CCD /* QRWProductCell.xib */; };
		7FBCF2D5187EA76100594CCD /* QRWProductCell.m in Sources */ = {isa = PBXBuildFile; fileRef = 7FBCF2D4187EA76100594CCD /* QRWProductCell.m */; };
		7FBCF2DA187EC99000594CCD /* QRWOrdersViewController.m in Sources */ = {isa = PBXBuildFile; fileRef = 7FBCF2D8187EC99000594CCD /* QRWOrdersViewController.m */; };
		7FBCF2DB187EC99000594CCD /* QRWOrdersViewController.xib in Resources */ = {isa = PBXBuildFile; fileRef = 7FBCF2D9187EC99000594CCD /* QRWOrdersViewController.xib */; };
		7FBCF2E1187FFBA200594CCD /* QRWUnlockViewController.m in Sources */ = {isa = PBXBuildFile; fileRef = 7FBCF2DF187FFBA100594CCD /* QRWUnlockViewController.m */; };
		7FBCF2E2187FFBA200594CCD /* QRWUnlockViewController.xib in Resources */ = {isa = PBXBuildFile; fileRef = 7FBCF2E0187FFBA100594CCD /* QRWUnlockViewController.xib */; };
		7FBCF2E81880001100594CCD /* QRWProductInfoViewController.m in Sources */ = {isa = PBXBuildFile; fileRef = 7FBCF2E61880001100594CCD /* QRWProductInfoViewController.m */; };
		7FBCF2E91880001100594CCD /* QRWProductInfoViewController.xib in Resources */ = {isa = PBXBuildFile; fileRef = 7FBCF2E71880001100594CCD /* QRWProductInfoViewController.xib */; };
		7FBCF2ED188014DE00594CCD /* QRWProductWithInfo.m in Sources */ = {isa = PBXBuildFile; fileRef = 7FBCF2EC188014DE00594CCD /* QRWProductWithInfo.m */; };
		7FBCF2EF1883ECD500594CCD /* loading.gif in Resources */ = {isa = PBXBuildFile; fileRef = 7FBCF2EE1883ECD500594CCD /* loading.gif */; };
		7FBCF2F3188414F800594CCD /* QRWEditPriceView.m in Sources */ = {isa = PBXBuildFile; fileRef = 7FBCF2F2188414F800594CCD /* QRWEditPriceView.m */; };
		7FBCF2F51884150C00594CCD /* QRWEditPriceView.xib in Resources */ = {isa = PBXBuildFile; fileRef = 7FBCF2F41884150C00594CCD /* QRWEditPriceView.xib */; };
		7FCFD2C91869877200F44547 /* QRWHTTPClient.m in Sources */ = {isa = PBXBuildFile; fileRef = 7FCFD2C51869877200F44547 /* QRWHTTPClient.m */; };
		7FCFD30118698F1800F44547 /* QRWSettingsClient.m in Sources */ = {isa = PBXBuildFile; fileRef = 7FCFD30018698F1800F44547 /* QRWSettingsClient.m */; };
		7FCFD3051869B8AD00F44547 /* QRWUserCell.xib in Resources */ = {isa = PBXBuildFile; fileRef = 7FCFD3041869B8AD00F44547 /* QRWUserCell.xib */; };
		7FCFD3081869BA4000F44547 /* QRWUserCell.m in Sources */ = {isa = PBXBuildFile; fileRef = 7FCFD3071869BA4000F44547 /* QRWUserCell.m */; };
		7FCFD30C1869BF1300F44547 /* QRWBaseEntety.m in Sources */ = {isa = PBXBuildFile; fileRef = 7FCFD30B1869BF1300F44547 /* QRWBaseEntety.m */; };
		7FCFD30F1869C1E600F44547 /* QRWDashboardEntety.m in Sources */ = {isa = PBXBuildFile; fileRef = 7FCFD30E1869C1E600F44547 /* QRWDashboardEntety.m */; };
		7FCFD3141869D1D300F44547 /* QRWUsersViewController.m in Sources */ = {isa = PBXBuildFile; fileRef = 7FCFD3121869D1D300F44547 /* QRWUsersViewController.m */; };
		7FCFD3151869D1D300F44547 /* QRWUsersViewController.xib in Resources */ = {isa = PBXBuildFile; fileRef = 7FCFD3131869D1D300F44547 /* QRWUsersViewController.xib */; };
		7FCFD3191869D31A00F44547 /* QRWBaseViewControllerWithTableView.m in Sources */ = {isa = PBXBuildFile; fileRef = 7FCFD3181869D31A00F44547 /* QRWBaseViewControllerWithTableView.m */; };
		7FCFD32D187D679000F44547 /* QRWReviewsViewController.m in Sources */ = {isa = PBXBuildFile; fileRef = 7FCFD32B187D679000F44547 /* QRWReviewsViewController.m */; };
		7FCFD32E187D679000F44547 /* QRWReviewsViewController.xib in Resources */ = {isa = PBXBuildFile; fileRef = 7FCFD32C187D679000F44547 /* QRWReviewsViewController.xib */; };
		7FCFD332187D682F00F44547 /* QRWReviewCell.m in Sources */ = {isa = PBXBuildFile; fileRef = 7FCFD331187D682F00F44547 /* QRWReviewCell.m */; };
		7FCFD334187D684F00F44547 /* QRWReviewCell.xib in Resources */ = {isa = PBXBuildFile; fileRef = 7FCFD333187D684F00F44547 /* QRWReviewCell.xib */; };
		9621FEB819C79CEF0017FDCE /* settings.png in Resources */ = {isa = PBXBuildFile; fileRef = 9621FEB719C79CEF0017FDCE /* settings.png */; };
		9621FEBA19C79D660017FDCE /* infoIcon.png in Resources */ = {isa = PBXBuildFile; fileRef = 9621FEB919C79D660017FDCE /* infoIcon.png */; };
		9621FEBE19C7A0E70017FDCE /* world-globe03-512x512.png in Resources */ = {isa = PBXBuildFile; fileRef = 9621FEBB19C7A0E70017FDCE /* world-globe03-512x512.png */; };
		9621FEBF19C7A0E70017FDCE /* USAIcon.ico in Resources */ = {isa = PBXBuildFile; fileRef = 9621FEBC19C7A0E70017FDCE /* USAIcon.ico */; };
		9621FEC019C7A0E70017FDCE /* UKIcon.jpeg in Resources */ = {isa = PBXBuildFile; fileRef = 9621FEBD19C7A0E70017FDCE /* UKIcon.jpeg */; };
		9621FEC319C7A2E60017FDCE /* facebook_icon.png in Resources */ = {isa = PBXBuildFile; fileRef = 9621FEC119C7A2E60017FDCE /* facebook_icon.png */; };
		9621FEC419C7A2E60017FDCE /* twitter_icon.png in Resources */ = {isa = PBXBuildFile; fileRef = 9621FEC219C7A2E60017FDCE /* twitter_icon.png */; };
		9621FEC819C7A3DF0017FDCE /* QRWInfoViewController.m in Sources */ = {isa = PBXBuildFile; fileRef = 9621FEC719C7A3DF0017FDCE /* QRWInfoViewController.m */; };
		9624FBB91880A1EA007A641D /* Localizable.strings in Resources */ = {isa = PBXBuildFile; fileRef = 9624FBB81880A1EA007A641D /* Localizable.strings */; };
		9624FBBB1880CF6B007A641D /* Podfile in Resources */ = {isa = PBXBuildFile; fileRef = 9624FBBA1880CF6B007A641D /* Podfile */; };
		9624FBC11880D0A9007A641D /* QRWUserInfoViewController.m in Sources */ = {isa = PBXBuildFile; fileRef = 9624FBBF1880D0A9007A641D /* QRWUserInfoViewController.m */; };
		9624FBC21880D0A9007A641D /* QRWUserInfoViewController.xib in Resources */ = {isa = PBXBuildFile; fileRef = 9624FBC01880D0A9007A641D /* QRWUserInfoViewController.xib */; };
		9624FBC61880D3AD007A641D /* QRWOrdersCell.m in Sources */ = {isa = PBXBuildFile; fileRef = 9624FBC51880D3AD007A641D /* QRWOrdersCell.m */; };
		9624FBC81880D3C5007A641D /* QRWOrdersCell.xib in Resources */ = {isa = PBXBuildFile; fileRef = 9624FBC71880D3C5007A641D /* QRWOrdersCell.xib */; };
		9624FBCB18814DC0007A641D /* QRWUserInfo.m in Sources */ = {isa = PBXBuildFile; fileRef = 9624FBCA18814DC0007A641D /* QRWUserInfo.m */; };
		9624FBCD1883490A007A641D /* logo.png in Resources */ = {isa = PBXBuildFile; fileRef = 9624FBCC1883490A007A641D /* logo.png */; };
		9624FBCF1883492E007A641D /* button_login.png in Resources */ = {isa = PBXBuildFile; fileRef = 9624FBCE1883492E007A641D /* button_login.png */; };
		9624FBD1188481F2007A641D /* QuartzCore.framework in Frameworks */ = {isa = PBXBuildFile; fileRef = 9624FBD0188481F2007A641D /* QuartzCore.framework */; };
		9624FBD318849D57007A641D /* QRWUserInfoViewControllerOld.xib in Resources */ = {isa = PBXBuildFile; fileRef = 9624FBD218849D57007A641D /* QRWUserInfoViewControllerOld.xib */; };
		9624FBD618849F24007A641D /* QRWUserFormCell.xib in Resources */ = {isa = PBXBuildFile; fileRef = 9624FBD518849F24007A641D /* QRWUserFormCell.xib */; };
		9624FBD918849F45007A641D /* QRWUserFormCell.m in Sources */ = {isa = PBXBuildFile; fileRef = 9624FBD818849F45007A641D /* QRWUserFormCell.m */; };
		9624FBDB1884A7F8007A641D /* MessageUI.framework in Frameworks */ = {isa = PBXBuildFile; fileRef = 9624FBDA1884A7F8007A641D /* MessageUI.framework */; };
		9624FBDD1884BD7F007A641D /* AVFoundation.framework in Frameworks */ = {isa = PBXBuildFile; fileRef = 9624FBDC1884BD7F007A641D /* AVFoundation.framework */; };
		9624FBDF1884BD96007A641D /* CoreMedia.framework in Frameworks */ = {isa = PBXBuildFile; fileRef = 9624FBDE1884BD96007A641D /* CoreMedia.framework */; };
		9624FBE11884BD9D007A641D /* CoreVideo.framework in Frameworks */ = {isa = PBXBuildFile; fileRef = 9624FBE01884BD9D007A641D /* CoreVideo.framework */; };
		9624FBE31884BDC1007A641D /* libiconv.dylib in Frameworks */ = {isa = PBXBuildFile; fileRef = 9624FBE21884BDC1007A641D /* libiconv.dylib */; };
		9624FBE51884C14A007A641D /* QRWUnlockViewControllerOld.xib in Resources */ = {isa = PBXBuildFile; fileRef = 9624FBE41884C14A007A641D /* QRWUnlockViewControllerOld.xib */; };
		9627FD86192D5E14001049B6 /* QRWOrderInfoTableViewCell.m in Sources */ = {isa = PBXBuildFile; fileRef = 9627FD85192D5E14001049B6 /* QRWOrderInfoTableViewCell.m */; };
		9627FD8D192EC627001049B6 /* QRWPayPalViewController.m in Sources */ = {isa = PBXBuildFile; fileRef = 9627FD8C192EC627001049B6 /* QRWPayPalViewController.m */; };
		9627FD8F192EC70E001049B6 /* developer.png in Resources */ = {isa = PBXBuildFile; fileRef = 9627FD8E192EC70E001049B6 /* developer.png */; };
		96328DEE19D4D3CE000C1ADD /* QRWSettingsViewController.m in Sources */ = {isa = PBXBuildFile; fileRef = 96328DED19D4D3CE000C1ADD /* QRWSettingsViewController.m */; };
		969409D8182C503600B0B343 /* button_dashboard1.png in Resources */ = {isa = PBXBuildFile; fileRef = 969409D7182C503600B0B343 /* button_dashboard1.png */; };
		969409DA182C504100B0B343 /* button_dashboard2.png in Resources */ = {isa = PBXBuildFile; fileRef = 969409D9182C504100B0B343 /* button_dashboard2.png */; };
		969409DC182C504B00B0B343 /* button_dashboard3.png in Resources */ = {isa = PBXBuildFile; fileRef = 969409DB182C504B00B0B343 /* button_dashboard3.png */; };
		969409DE182C505800B0B343 /* button_dashboard4.png in Resources */ = {isa = PBXBuildFile; fileRef = 969409DD182C505800B0B343 /* button_dashboard4.png */; };
		969409E0182C50C700B0B343 /* title_dashboard.png in Resources */ = {isa = PBXBuildFile; fileRef = 969409DF182C50C700B0B343 /* title_dashboard.png */; };
		969409E2182C581900B0B343 /* active_button_dashboard1.png in Resources */ = {isa = PBXBuildFile; fileRef = 969409E1182C581900B0B343 /* active_button_dashboard1.png */; };
		96F4A0C8192049390059CE6B /* QRWReviewInfoViewController.m in Sources */ = {isa = PBXBuildFile; fileRef = 96F4A0C6192049390059CE6B /* QRWReviewInfoViewController.m */; };
		96F4A0C9192049390059CE6B /* QRWReviewInfoViewController.xib in Resources */ = {isa = PBXBuildFile; fileRef = 96F4A0C7192049390059CE6B /* QRWReviewInfoViewController.xib */; };
		96F4A0CC192052040059CE6B /* QRWReviewInfoViewControllerOld.xib in Resources */ = {isa = PBXBuildFile; fileRef = 96F4A0CB192052040059CE6B /* QRWReviewInfoViewControllerOld.xib */; };
/* End PBXBuildFile section */

/* Begin PBXContainerItemProxy section */
		7F9F9A0F1815604600AB3EF5 /* PBXContainerItemProxy */ = {
			isa = PBXContainerItemProxy;
			containerPortal = 7F9F99E71815604500AB3EF5 /* Project object */;
			proxyType = 1;
			remoteGlobalIDString = 7F9F99EE1815604500AB3EF5;
			remoteInfo = XCartAdmin;
		};
/* End PBXContainerItemProxy section */

/* Begin PBXFileReference section */
		3F448206192CCE0C00AC2BFF /* MainStoryboard.storyboard */ = {isa = PBXFileReference; fileEncoding = 4; lastKnownFileType = file.storyboard; path = MainStoryboard.storyboard; sourceTree = "<group>"; };
		3F448223192E13E100AC2BFF /* QRWOrderInfo.h */ = {isa = PBXFileReference; fileEncoding = 4; lastKnownFileType = sourcecode.c.h; path = QRWOrderInfo.h; sourceTree = "<group>"; };
		3F448224192E13E100AC2BFF /* QRWOrderInfo.m */ = {isa = PBXFileReference; fileEncoding = 4; lastKnownFileType = sourcecode.c.objc; path = QRWOrderInfo.m; sourceTree = "<group>"; };
		3FA7588B19B3F2170071B3A3 /* QRWChoseSomethingViewController.h */ = {isa = PBXFileReference; fileEncoding = 4; lastKnownFileType = sourcecode.c.h; path = QRWChoseSomethingViewController.h; sourceTree = "<group>"; };
		3FA7588C19B3F2170071B3A3 /* QRWChoseSomethingViewController.m */ = {isa = PBXFileReference; fileEncoding = 4; lastKnownFileType = sourcecode.c.objc; path = QRWChoseSomethingViewController.m; sourceTree = "<group>"; };
		3FA7588E19B3F94F0071B3A3 /* QRWChoseSomethingViewController.xib */ = {isa = PBXFileReference; fileEncoding = 4; lastKnownFileType = file.xib; path = QRWChoseSomethingViewController.xib; sourceTree = "<group>"; };
		3FA7589019B3F9BE0071B3A3 /* QRWChoseSomethingViewControllerOld.xib */ = {isa = PBXFileReference; fileEncoding = 4; lastKnownFileType = file.xib; path = QRWChoseSomethingViewControllerOld.xib; sourceTree = "<group>"; };
		43D05E16E2D64500ABFC66D8 /* libPods.a */ = {isa = PBXFileReference; explicitFileType = archive.ar; includeInIndex = 0; path = libPods.a; sourceTree = BUILT_PRODUCTS_DIR; };
		7F8173AA1884471400894E16 /* QRWDashboardViewControllerOld.xib */ = {isa = PBXFileReference; fileEncoding = 4; lastKnownFileType = file.xib; path = QRWDashboardViewControllerOld.xib; sourceTree = "<group>"; };
		7F8173AC1884488C00894E16 /* QRWProductsViewControllerOld.xib */ = {isa = PBXFileReference; fileEncoding = 4; lastKnownFileType = file.xib; path = QRWProductsViewControllerOld.xib; sourceTree = "<group>"; };
		7F8173AE188448F300894E16 /* QRWOrdersViewControllerOld.xib */ = {isa = PBXFileReference; fileEncoding = 4; lastKnownFileType = file.xib; path = QRWOrdersViewControllerOld.xib; sourceTree = "<group>"; };
		7F8173B01884499500894E16 /* QRWProductInfoViewControllerOld.xib */ = {isa = PBXFileReference; fileEncoding = 4; lastKnownFileType = file.xib; path = QRWProductInfoViewControllerOld.xib; sourceTree = "<group>"; };
		7F8173B218844B4500894E16 /* QRWUsersViewControllerOld.xib */ = {isa = PBXFileReference; fileEncoding = 4; lastKnownFileType = file.xib; path = QRWUsersViewControllerOld.xib; sourceTree = "<group>"; };
		7F8173B418844C0F00894E16 /* QRWReviewsViewControllerOld.xib */ = {isa = PBXFileReference; fileEncoding = 4; lastKnownFileType = file.xib; path = QRWReviewsViewControllerOld.xib; sourceTree = "<group>"; };
		7F8173B8188565E700894E16 /* QRWOrderInfoViewController.h */ = {isa = PBXFileReference; fileEncoding = 4; lastKnownFileType = sourcecode.c.h; path = QRWOrderInfoViewController.h; sourceTree = "<group>"; };
		7F8173B9188565E700894E16 /* QRWOrderInfoViewController.m */ = {isa = PBXFileReference; fileEncoding = 4; lastKnownFileType = sourcecode.c.objc; path = QRWOrderInfoViewController.m; sourceTree = "<group>"; };
		7F9F99EF1815604500AB3EF5 /* XCartAdmin.app */ = {isa = PBXFileReference; explicitFileType = wrapper.application; includeInIndex = 0; path = XCartAdmin.app; sourceTree = BUILT_PRODUCTS_DIR; };
		7F9F99F21815604500AB3EF5 /* Foundation.framework */ = {isa = PBXFileReference; lastKnownFileType = wrapper.framework; name = Foundation.framework; path = System/Library/Frameworks/Foundation.framework; sourceTree = SDKROOT; };
		7F9F99F41815604500AB3EF5 /* CoreGraphics.framework */ = {isa = PBXFileReference; lastKnownFileType = wrapper.framework; name = CoreGraphics.framework; path = System/Library/Frameworks/CoreGraphics.framework; sourceTree = SDKROOT; };
		7F9F99F61815604600AB3EF5 /* UIKit.framework */ = {isa = PBXFileReference; lastKnownFileType = wrapper.framework; name = UIKit.framework; path = System/Library/Frameworks/UIKit.framework; sourceTree = SDKROOT; };
		7F9F99FA1815604600AB3EF5 /* XCartAdmin-Info.plist */ = {isa = PBXFileReference; lastKnownFileType = text.plist.xml; path = "XCartAdmin-Info.plist"; sourceTree = "<group>"; };
		7F9F99FC1815604600AB3EF5 /* en */ = {isa = PBXFileReference; lastKnownFileType = text.plist.strings; name = en; path = en.lproj/InfoPlist.strings; sourceTree = "<group>"; };
		7F9F99FE1815604600AB3EF5 /* main.m */ = {isa = PBXFileReference; lastKnownFileType = sourcecode.c.objc; path = main.m; sourceTree = "<group>"; };
		7F9F9A001815604600AB3EF5 /* XCartAdmin-Prefix.pch */ = {isa = PBXFileReference; lastKnownFileType = sourcecode.c.h; path = "XCartAdmin-Prefix.pch"; sourceTree = "<group>"; };
		7F9F9A011815604600AB3EF5 /* QRWAppDelegate.h */ = {isa = PBXFileReference; lastKnownFileType = sourcecode.c.h; path = QRWAppDelegate.h; sourceTree = "<group>"; };
		7F9F9A021815604600AB3EF5 /* QRWAppDelegate.m */ = {isa = PBXFileReference; lastKnownFileType = sourcecode.c.objc; path = QRWAppDelegate.m; sourceTree = "<group>"; };
		7F9F9A041815604600AB3EF5 /* Images.xcassets */ = {isa = PBXFileReference; lastKnownFileType = folder.assetcatalog; path = Images.xcassets; sourceTree = "<group>"; };
		7F9F9A0A1815604600AB3EF5 /* XCartAdminTests.xctest */ = {isa = PBXFileReference; explicitFileType = wrapper.cfbundle; includeInIndex = 0; path = XCartAdminTests.xctest; sourceTree = BUILT_PRODUCTS_DIR; };
		7F9F9A0B1815604600AB3EF5 /* XCTest.framework */ = {isa = PBXFileReference; lastKnownFileType = wrapper.framework; name = XCTest.framework; path = Library/Frameworks/XCTest.framework; sourceTree = DEVELOPER_DIR; };
		7F9F9A131815604600AB3EF5 /* XCartAdminTests-Info.plist */ = {isa = PBXFileReference; lastKnownFileType = text.plist.xml; path = "XCartAdminTests-Info.plist"; sourceTree = "<group>"; };
		7F9F9A151815604600AB3EF5 /* en */ = {isa = PBXFileReference; lastKnownFileType = text.plist.strings; name = en; path = en.lproj/InfoPlist.strings; sourceTree = "<group>"; };
		7F9F9A171815604600AB3EF5 /* XCartAdminTests.m */ = {isa = PBXFileReference; lastKnownFileType = sourcecode.c.objc; path = XCartAdminTests.m; sourceTree = "<group>"; };
		7F9F9A22181562B200AB3EF5 /* QRWDataManager.h */ = {isa = PBXFileReference; fileEncoding = 4; lastKnownFileType = sourcecode.c.h; path = QRWDataManager.h; sourceTree = "<group>"; };
		7F9F9A23181562B200AB3EF5 /* QRWDataManager.m */ = {isa = PBXFileReference; fileEncoding = 4; lastKnownFileType = sourcecode.c.objc; path = QRWDataManager.m; sourceTree = "<group>"; };
		7F9F9A26181562D000AB3EF5 /* QRWDownloader.h */ = {isa = PBXFileReference; fileEncoding = 4; lastKnownFileType = sourcecode.c.h; path = QRWDownloader.h; sourceTree = "<group>"; };
		7F9F9A27181562D000AB3EF5 /* QRWDownloader.m */ = {isa = PBXFileReference; fileEncoding = 4; lastKnownFileType = sourcecode.c.objc; path = QRWDownloader.m; sourceTree = "<group>"; };
		7F9F9A2A181562F200AB3EF5 /* QRWOrder.h */ = {isa = PBXFileReference; fileEncoding = 4; lastKnownFileType = sourcecode.c.h; path = QRWOrder.h; sourceTree = "<group>"; };
		7F9F9A2B181562F200AB3EF5 /* QRWOrder.m */ = {isa = PBXFileReference; fileEncoding = 4; lastKnownFileType = sourcecode.c.objc; path = QRWOrder.m; sourceTree = "<group>"; };
		7F9F9A2E181562F200AB3EF5 /* QRWTopCategories.h */ = {isa = PBXFileReference; fileEncoding = 4; lastKnownFileType = sourcecode.c.h; path = QRWTopCategories.h; sourceTree = "<group>"; };
		7F9F9A2F181562F200AB3EF5 /* QRWTopCategories.m */ = {isa = PBXFileReference; fileEncoding = 4; lastKnownFileType = sourcecode.c.objc; path = QRWTopCategories.m; sourceTree = "<group>"; };
		7F9F9A30181562F200AB3EF5 /* QRWProduct.h */ = {isa = PBXFileReference; fileEncoding = 4; lastKnownFileType = sourcecode.c.h; path = QRWProduct.h; sourceTree = "<group>"; };
		7F9F9A31181562F200AB3EF5 /* QRWProduct.m */ = {isa = PBXFileReference; fileEncoding = 4; lastKnownFileType = sourcecode.c.objc; path = QRWProduct.m; sourceTree = "<group>"; };
		7F9F9A32181562F200AB3EF5 /* QRWCategoryInTop.h */ = {isa = PBXFileReference; fileEncoding = 4; lastKnownFileType = sourcecode.c.h; path = QRWCategoryInTop.h; sourceTree = "<group>"; };
		7F9F9A33181562F200AB3EF5 /* QRWCategoryInTop.m */ = {isa = PBXFileReference; fileEncoding = 4; lastKnownFileType = sourcecode.c.objc; path = QRWCategoryInTop.m; sourceTree = "<group>"; };
		7F9F9A36181562F200AB3EF5 /* QRWUser.h */ = {isa = PBXFileReference; fileEncoding = 4; lastKnownFileType = sourcecode.c.h; path = QRWUser.h; sourceTree = "<group>"; };
		7F9F9A37181562F200AB3EF5 /* QRWUser.m */ = {isa = PBXFileReference; fileEncoding = 4; lastKnownFileType = sourcecode.c.objc; path = QRWUser.m; sourceTree = "<group>"; };
		7F9F9A38181562F200AB3EF5 /* QRWUsers.h */ = {isa = PBXFileReference; fileEncoding = 4; lastKnownFileType = sourcecode.c.h; path = QRWUsers.h; sourceTree = "<group>"; };
		7F9F9A39181562F200AB3EF5 /* QRWUsers.m */ = {isa = PBXFileReference; fileEncoding = 4; lastKnownFileType = sourcecode.c.objc; path = QRWUsers.m; sourceTree = "<group>"; };
		7F9F9A3A181562F200AB3EF5 /* QRWDiscount.h */ = {isa = PBXFileReference; fileEncoding = 4; lastKnownFileType = sourcecode.c.h; path = QRWDiscount.h; sourceTree = "<group>"; };
		7F9F9A3B181562F200AB3EF5 /* QRWDiscount.m */ = {isa = PBXFileReference; fileEncoding = 4; lastKnownFileType = sourcecode.c.objc; path = QRWDiscount.m; sourceTree = "<group>"; };
		7F9F9A3C181562F200AB3EF5 /* QRWReview.h */ = {isa = PBXFileReference; fileEncoding = 4; lastKnownFileType = sourcecode.c.h; path = QRWReview.h; sourceTree = "<group>"; };
		7F9F9A3D181562F200AB3EF5 /* QRWReview.m */ = {isa = PBXFileReference; fileEncoding = 4; lastKnownFileType = sourcecode.c.objc; path = QRWReview.m; sourceTree = "<group>"; };
		7F9F9A3E181562F200AB3EF5 /* QRWUploadResponse.h */ = {isa = PBXFileReference; fileEncoding = 4; lastKnownFileType = sourcecode.c.h; path = QRWUploadResponse.h; sourceTree = "<group>"; };
		7F9F9A3F181562F200AB3EF5 /* QRWUploadResponse.m */ = {isa = PBXFileReference; fileEncoding = 4; lastKnownFileType = sourcecode.c.objc; path = QRWUploadResponse.m; sourceTree = "<group>"; };
		7F9F9A40181562F200AB3EF5 /* QRWProductOld.h */ = {isa = PBXFileReference; fileEncoding = 4; lastKnownFileType = sourcecode.c.h; path = QRWProductOld.h; sourceTree = "<group>"; };
		7F9F9A41181562F200AB3EF5 /* QRWProductOld.m */ = {isa = PBXFileReference; fileEncoding = 4; lastKnownFileType = sourcecode.c.objc; path = QRWProductOld.m; sourceTree = "<group>"; };
		7F9F9A50181563C800AB3EF5 /* constants.h */ = {isa = PBXFileReference; fileEncoding = 4; lastKnownFileType = sourcecode.c.h; name = constants.h; path = XCartAdminTests/constants.h; sourceTree = SOURCE_ROOT; };
		7F9F9A51181563D700AB3EF5 /* URLsList.h */ = {isa = PBXFileReference; fileEncoding = 4; lastKnownFileType = sourcecode.c.h; name = URLsList.h; path = XCartAdminTests/URLsList.h; sourceTree = SOURCE_ROOT; };
		7F9F9A53181565E200AB3EF5 /* QRWLoginScrinViewController.h */ = {isa = PBXFileReference; fileEncoding = 4; lastKnownFileType = sourcecode.c.h; path = QRWLoginScrinViewController.h; sourceTree = "<group>"; };
		7F9F9A54181565E200AB3EF5 /* QRWLoginScrinViewController.m */ = {isa = PBXFileReference; fileEncoding = 4; lastKnownFileType = sourcecode.c.objc; path = QRWLoginScrinViewController.m; sourceTree = "<group>"; };
		7F9F9A571815662100AB3EF5 /* QRWLoginScrinViewController.xib */ = {isa = PBXFileReference; fileEncoding = 4; lastKnownFileType = file.xib; path = QRWLoginScrinViewController.xib; sourceTree = "<group>"; };
		7F9F9A581815662100AB3EF5 /* QRWLoginScrinViewControllerOld.xib */ = {isa = PBXFileReference; fileEncoding = 4; lastKnownFileType = file.xib; path = QRWLoginScrinViewControllerOld.xib; sourceTree = "<group>"; };
		7F9F9A5B18156CC400AB3EF5 /* QRWBaseViewController.h */ = {isa = PBXFileReference; fileEncoding = 4; lastKnownFileType = sourcecode.c.h; path = QRWBaseViewController.h; sourceTree = "<group>"; };
		7F9F9A5C18156CC400AB3EF5 /* QRWBaseViewController.m */ = {isa = PBXFileReference; fileEncoding = 4; lastKnownFileType = sourcecode.c.objc; path = QRWBaseViewController.m; sourceTree = "<group>"; };
		7F9F9A6518156D0B00AB3EF5 /* UIDevice+Resolutions.h */ = {isa = PBXFileReference; fileEncoding = 4; lastKnownFileType = sourcecode.c.h; path = "UIDevice+Resolutions.h"; sourceTree = "<group>"; };
		7F9F9A6618156D0B00AB3EF5 /* UIDevice+Resolutions.m */ = {isa = PBXFileReference; fileEncoding = 4; lastKnownFileType = sourcecode.c.objc; path = "UIDevice+Resolutions.m"; sourceTree = "<group>"; };
		7F9F9A6718156D0C00AB3EF5 /* UIColor+hex.h */ = {isa = PBXFileReference; fileEncoding = 4; lastKnownFileType = sourcecode.c.h; path = "UIColor+hex.h"; sourceTree = "<group>"; };
		7F9F9A6818156D0C00AB3EF5 /* UIColor+hex.m */ = {isa = PBXFileReference; fileEncoding = 4; lastKnownFileType = sourcecode.c.objc; path = "UIColor+hex.m"; sourceTree = "<group>"; };
		7F9F9A7018156F2E00AB3EF5 /* QRWDashboardViewController.h */ = {isa = PBXFileReference; fileEncoding = 4; lastKnownFileType = sourcecode.c.h; path = QRWDashboardViewController.h; sourceTree = "<group>"; };
		7F9F9A7118156F2E00AB3EF5 /* QRWDashboardViewController.m */ = {isa = PBXFileReference; fileEncoding = 4; lastKnownFileType = sourcecode.c.objc; path = QRWDashboardViewController.m; sourceTree = "<group>"; };
		7F9F9A7218156F2E00AB3EF5 /* QRWDashboardViewController.xib */ = {isa = PBXFileReference; fileEncoding = 4; lastKnownFileType = file.xib; path = QRWDashboardViewController.xib; sourceTree = "<group>"; };
		7FBCF2C6187EA19D00594CCD /* QRWBaseProduct.h */ = {isa = PBXFileReference; fileEncoding = 4; lastKnownFileType = sourcecode.c.h; path = QRWBaseProduct.h; sourceTree = "<group>"; };
		7FBCF2C7187EA19D00594CCD /* QRWBaseProduct.m */ = {isa = PBXFileReference; fileEncoding = 4; lastKnownFileType = sourcecode.c.objc; path = QRWBaseProduct.m; sourceTree = "<group>"; };
		7FBCF2CA187EA44800594CCD /* QRWProductsViewController.h */ = {isa = PBXFileReference; fileEncoding = 4; lastKnownFileType = sourcecode.c.h; path = QRWProductsViewController.h; sourceTree = "<group>"; };
		7FBCF2CB187EA44800594CCD /* QRWProductsViewController.m */ = {isa = PBXFileReference; fileEncoding = 4; lastKnownFileType = sourcecode.c.objc; path = QRWProductsViewController.m; sourceTree = "<group>"; };
		7FBCF2CC187EA44800594CCD /* QRWProductsViewController.xib */ = {isa = PBXFileReference; fileEncoding = 4; lastKnownFileType = file.xib; path = QRWProductsViewController.xib; sourceTree = "<group>"; };
		7FBCF2D1187EA73900594CCD /* QRWProductCell.xib */ = {isa = PBXFileReference; fileEncoding = 4; lastKnownFileType = file.xib; path = QRWProductCell.xib; sourceTree = "<group>"; };
		7FBCF2D3187EA76100594CCD /* QRWProductCell.h */ = {isa = PBXFileReference; fileEncoding = 4; lastKnownFileType = sourcecode.c.h; path = QRWProductCell.h; sourceTree = "<group>"; };
		7FBCF2D4187EA76100594CCD /* QRWProductCell.m */ = {isa = PBXFileReference; fileEncoding = 4; lastKnownFileType = sourcecode.c.objc; path = QRWProductCell.m; sourceTree = "<group>"; };
		7FBCF2D7187EC99000594CCD /* QRWOrdersViewController.h */ = {isa = PBXFileReference; fileEncoding = 4; lastKnownFileType = sourcecode.c.h; path = QRWOrdersViewController.h; sourceTree = "<group>"; };
		7FBCF2D8187EC99000594CCD /* QRWOrdersViewController.m */ = {isa = PBXFileReference; fileEncoding = 4; lastKnownFileType = sourcecode.c.objc; path = QRWOrdersViewController.m; sourceTree = "<group>"; };
		7FBCF2D9187EC99000594CCD /* QRWOrdersViewController.xib */ = {isa = PBXFileReference; fileEncoding = 4; lastKnownFileType = file.xib; path = QRWOrdersViewController.xib; sourceTree = "<group>"; };
		7FBCF2DE187FFBA100594CCD /* QRWUnlockViewController.h */ = {isa = PBXFileReference; fileEncoding = 4; lastKnownFileType = sourcecode.c.h; path = QRWUnlockViewController.h; sourceTree = "<group>"; };
		7FBCF2DF187FFBA100594CCD /* QRWUnlockViewController.m */ = {isa = PBXFileReference; fileEncoding = 4; lastKnownFileType = sourcecode.c.objc; path = QRWUnlockViewController.m; sourceTree = "<group>"; };
		7FBCF2E0187FFBA100594CCD /* QRWUnlockViewController.xib */ = {isa = PBXFileReference; fileEncoding = 4; lastKnownFileType = file.xib; path = QRWUnlockViewController.xib; sourceTree = "<group>"; };
		7FBCF2E51880001100594CCD /* QRWProductInfoViewController.h */ = {isa = PBXFileReference; fileEncoding = 4; lastKnownFileType = sourcecode.c.h; path = QRWProductInfoViewController.h; sourceTree = "<group>"; };
		7FBCF2E61880001100594CCD /* QRWProductInfoViewController.m */ = {isa = PBXFileReference; fileEncoding = 4; lastKnownFileType = sourcecode.c.objc; path = QRWProductInfoViewController.m; sourceTree = "<group>"; };
		7FBCF2E71880001100594CCD /* QRWProductInfoViewController.xib */ = {isa = PBXFileReference; fileEncoding = 4; lastKnownFileType = file.xib; path = QRWProductInfoViewController.xib; sourceTree = "<group>"; };
		7FBCF2EB188014DE00594CCD /* QRWProductWithInfo.h */ = {isa = PBXFileReference; fileEncoding = 4; lastKnownFileType = sourcecode.c.h; path = QRWProductWithInfo.h; sourceTree = "<group>"; };
		7FBCF2EC188014DE00594CCD /* QRWProductWithInfo.m */ = {isa = PBXFileReference; fileEncoding = 4; lastKnownFileType = sourcecode.c.objc; path = QRWProductWithInfo.m; sourceTree = "<group>"; };
		7FBCF2EE1883ECD500594CCD /* loading.gif */ = {isa = PBXFileReference; lastKnownFileType = image.gif; path = loading.gif; sourceTree = "<group>"; };
		7FBCF2F1188414F800594CCD /* QRWEditPriceView.h */ = {isa = PBXFileReference; fileEncoding = 4; lastKnownFileType = sourcecode.c.h; path = QRWEditPriceView.h; sourceTree = "<group>"; };
		7FBCF2F2188414F800594CCD /* QRWEditPriceView.m */ = {isa = PBXFileReference; fileEncoding = 4; lastKnownFileType = sourcecode.c.objc; path = QRWEditPriceView.m; sourceTree = "<group>"; };
		7FBCF2F41884150C00594CCD /* QRWEditPriceView.xib */ = {isa = PBXFileReference; fileEncoding = 4; lastKnownFileType = file.xib; path = QRWEditPriceView.xib; sourceTree = "<group>"; };
		7FCFD2C51869877200F44547 /* QRWHTTPClient.m */ = {isa = PBXFileReference; fileEncoding = 4; lastKnownFileType = sourcecode.c.objc; path = QRWHTTPClient.m; sourceTree = "<group>"; };
		7FCFD2C81869877200F44547 /* QRWHTTPClient.h */ = {isa = PBXFileReference; fileEncoding = 4; lastKnownFileType = sourcecode.c.h; path = QRWHTTPClient.h; sourceTree = "<group>"; };
		7FCFD2FF18698F1800F44547 /* QRWSettingsClient.h */ = {isa = PBXFileReference; fileEncoding = 4; lastKnownFileType = sourcecode.c.h; path = QRWSettingsClient.h; sourceTree = "<group>"; };
		7FCFD30018698F1800F44547 /* QRWSettingsClient.m */ = {isa = PBXFileReference; fileEncoding = 4; lastKnownFileType = sourcecode.c.objc; path = QRWSettingsClient.m; sourceTree = "<group>"; };
		7FCFD3041869B8AD00F44547 /* QRWUserCell.xib */ = {isa = PBXFileReference; fileEncoding = 4; lastKnownFileType = file.xib; path = QRWUserCell.xib; sourceTree = "<group>"; };
		7FCFD3061869BA4000F44547 /* QRWUserCell.h */ = {isa = PBXFileReference; fileEncoding = 4; lastKnownFileType = sourcecode.c.h; path = QRWUserCell.h; sourceTree = "<group>"; };
		7FCFD3071869BA4000F44547 /* QRWUserCell.m */ = {isa = PBXFileReference; fileEncoding = 4; lastKnownFileType = sourcecode.c.objc; path = QRWUserCell.m; sourceTree = "<group>"; };
		7FCFD30A1869BF1300F44547 /* QRWBaseEntety.h */ = {isa = PBXFileReference; fileEncoding = 4; lastKnownFileType = sourcecode.c.h; path = QRWBaseEntety.h; sourceTree = "<group>"; };
		7FCFD30B1869BF1300F44547 /* QRWBaseEntety.m */ = {isa = PBXFileReference; fileEncoding = 4; lastKnownFileType = sourcecode.c.objc; path = QRWBaseEntety.m; sourceTree = "<group>"; };
		7FCFD30D1869C1E600F44547 /* QRWDashboardEntety.h */ = {isa = PBXFileReference; fileEncoding = 4; lastKnownFileType = sourcecode.c.h; path = QRWDashboardEntety.h; sourceTree = "<group>"; };
		7FCFD30E1869C1E600F44547 /* QRWDashboardEntety.m */ = {isa = PBXFileReference; fileEncoding = 4; lastKnownFileType = sourcecode.c.objc; path = QRWDashboardEntety.m; sourceTree = "<group>"; };
		7FCFD3111869D1D300F44547 /* QRWUsersViewController.h */ = {isa = PBXFileReference; fileEncoding = 4; lastKnownFileType = sourcecode.c.h; path = QRWUsersViewController.h; sourceTree = "<group>"; };
		7FCFD3121869D1D300F44547 /* QRWUsersViewController.m */ = {isa = PBXFileReference; fileEncoding = 4; lastKnownFileType = sourcecode.c.objc; path = QRWUsersViewController.m; sourceTree = "<group>"; };
		7FCFD3131869D1D300F44547 /* QRWUsersViewController.xib */ = {isa = PBXFileReference; fileEncoding = 4; lastKnownFileType = file.xib; path = QRWUsersViewController.xib; sourceTree = "<group>"; };
		7FCFD3171869D31A00F44547 /* QRWBaseViewControllerWithTableView.h */ = {isa = PBXFileReference; fileEncoding = 4; lastKnownFileType = sourcecode.c.h; path = QRWBaseViewControllerWithTableView.h; sourceTree = "<group>"; };
		7FCFD3181869D31A00F44547 /* QRWBaseViewControllerWithTableView.m */ = {isa = PBXFileReference; fileEncoding = 4; lastKnownFileType = sourcecode.c.objc; path = QRWBaseViewControllerWithTableView.m; sourceTree = "<group>"; };
		7FCFD32A187D679000F44547 /* QRWReviewsViewController.h */ = {isa = PBXFileReference; fileEncoding = 4; lastKnownFileType = sourcecode.c.h; path = QRWReviewsViewController.h; sourceTree = "<group>"; };
		7FCFD32B187D679000F44547 /* QRWReviewsViewController.m */ = {isa = PBXFileReference; fileEncoding = 4; lastKnownFileType = sourcecode.c.objc; path = QRWReviewsViewController.m; sourceTree = "<group>"; };
		7FCFD32C187D679000F44547 /* QRWReviewsViewController.xib */ = {isa = PBXFileReference; fileEncoding = 4; lastKnownFileType = file.xib; path = QRWReviewsViewController.xib; sourceTree = "<group>"; };
		7FCFD330187D682F00F44547 /* QRWReviewCell.h */ = {isa = PBXFileReference; fileEncoding = 4; lastKnownFileType = sourcecode.c.h; path = QRWReviewCell.h; sourceTree = "<group>"; };
		7FCFD331187D682F00F44547 /* QRWReviewCell.m */ = {isa = PBXFileReference; fileEncoding = 4; lastKnownFileType = sourcecode.c.objc; path = QRWReviewCell.m; sourceTree = "<group>"; };
		7FCFD333187D684F00F44547 /* QRWReviewCell.xib */ = {isa = PBXFileReference; fileEncoding = 4; lastKnownFileType = file.xib; path = QRWReviewCell.xib; sourceTree = "<group>"; };
		9621FEB719C79CEF0017FDCE /* settings.png */ = {isa = PBXFileReference; lastKnownFileType = image.png; path = settings.png; sourceTree = "<group>"; };
		9621FEB919C79D660017FDCE /* infoIcon.png */ = {isa = PBXFileReference; lastKnownFileType = image.png; path = infoIcon.png; sourceTree = "<group>"; };
		9621FEBB19C7A0E70017FDCE /* world-globe03-512x512.png */ = {isa = PBXFileReference; lastKnownFileType = image.png; path = "world-globe03-512x512.png"; sourceTree = "<group>"; };
		9621FEBC19C7A0E70017FDCE /* USAIcon.ico */ = {isa = PBXFileReference; lastKnownFileType = image.ico; path = USAIcon.ico; sourceTree = "<group>"; };
		9621FEBD19C7A0E70017FDCE /* UKIcon.jpeg */ = {isa = PBXFileReference; lastKnownFileType = image.jpeg; path = UKIcon.jpeg; sourceTree = "<group>"; };
		9621FEC119C7A2E60017FDCE /* facebook_icon.png */ = {isa = PBXFileReference; lastKnownFileType = image.png; path = facebook_icon.png; sourceTree = "<group>"; };
		9621FEC219C7A2E60017FDCE /* twitter_icon.png */ = {isa = PBXFileReference; lastKnownFileType = image.png; path = twitter_icon.png; sourceTree = "<group>"; };
		9621FEC619C7A3DF0017FDCE /* QRWInfoViewController.h */ = {isa = PBXFileReference; fileEncoding = 4; lastKnownFileType = sourcecode.c.h; path = QRWInfoViewController.h; sourceTree = "<group>"; };
		9621FEC719C7A3DF0017FDCE /* QRWInfoViewController.m */ = {isa = PBXFileReference; fileEncoding = 4; lastKnownFileType = sourcecode.c.objc; path = QRWInfoViewController.m; sourceTree = "<group>"; };
		9624FBB81880A1EA007A641D /* Localizable.strings */ = {isa = PBXFileReference; fileEncoding = 4; lastKnownFileType = text.plist.strings; path = Localizable.strings; sourceTree = "<group>"; };
		9624FBBA1880CF6B007A641D /* Podfile */ = {isa = PBXFileReference; fileEncoding = 4; lastKnownFileType = text; path = Podfile; sourceTree = "<group>"; xcLanguageSpecificationIdentifier = xcode.lang.ruby; };
		9624FBBE1880D0A9007A641D /* QRWUserInfoViewController.h */ = {isa = PBXFileReference; fileEncoding = 4; lastKnownFileType = sourcecode.c.h; path = QRWUserInfoViewController.h; sourceTree = "<group>"; };
		9624FBBF1880D0A9007A641D /* QRWUserInfoViewController.m */ = {isa = PBXFileReference; fileEncoding = 4; lastKnownFileType = sourcecode.c.objc; path = QRWUserInfoViewController.m; sourceTree = "<group>"; };
		9624FBC01880D0A9007A641D /* QRWUserInfoViewController.xib */ = {isa = PBXFileReference; fileEncoding = 4; lastKnownFileType = file.xib; path = QRWUserInfoViewController.xib; sourceTree = "<group>"; };
		9624FBC41880D3AD007A641D /* QRWOrdersCell.h */ = {isa = PBXFileReference; fileEncoding = 4; lastKnownFileType = sourcecode.c.h; path = QRWOrdersCell.h; sourceTree = "<group>"; };
		9624FBC51880D3AD007A641D /* QRWOrdersCell.m */ = {isa = PBXFileReference; fileEncoding = 4; lastKnownFileType = sourcecode.c.objc; path = QRWOrdersCell.m; sourceTree = "<group>"; };
		9624FBC71880D3C5007A641D /* QRWOrdersCell.xib */ = {isa = PBXFileReference; fileEncoding = 4; lastKnownFileType = file.xib; path = QRWOrdersCell.xib; sourceTree = "<group>"; };
		9624FBC918814DC0007A641D /* QRWUserInfo.h */ = {isa = PBXFileReference; fileEncoding = 4; lastKnownFileType = sourcecode.c.h; path = QRWUserInfo.h; sourceTree = "<group>"; };
		9624FBCA18814DC0007A641D /* QRWUserInfo.m */ = {isa = PBXFileReference; fileEncoding = 4; lastKnownFileType = sourcecode.c.objc; path = QRWUserInfo.m; sourceTree = "<group>"; };
		9624FBCC1883490A007A641D /* logo.png */ = {isa = PBXFileReference; lastKnownFileType = image.png; path = logo.png; sourceTree = "<group>"; };
		9624FBCE1883492E007A641D /* button_login.png */ = {isa = PBXFileReference; lastKnownFileType = image.png; path = button_login.png; sourceTree = "<group>"; };
		9624FBD0188481F2007A641D /* QuartzCore.framework */ = {isa = PBXFileReference; lastKnownFileType = wrapper.framework; name = QuartzCore.framework; path = System/Library/Frameworks/QuartzCore.framework; sourceTree = SDKROOT; };
		9624FBD218849D57007A641D /* QRWUserInfoViewControllerOld.xib */ = {isa = PBXFileReference; fileEncoding = 4; lastKnownFileType = file.xib; path = QRWUserInfoViewControllerOld.xib; sourceTree = "<group>"; };
		9624FBD518849F24007A641D /* QRWUserFormCell.xib */ = {isa = PBXFileReference; fileEncoding = 4; lastKnownFileType = file.xib; path = QRWUserFormCell.xib; sourceTree = "<group>"; };
		9624FBD718849F45007A641D /* QRWUserFormCell.h */ = {isa = PBXFileReference; fileEncoding = 4; lastKnownFileType = sourcecode.c.h; path = QRWUserFormCell.h; sourceTree = "<group>"; };
		9624FBD818849F45007A641D /* QRWUserFormCell.m */ = {isa = PBXFileReference; fileEncoding = 4; lastKnownFileType = sourcecode.c.objc; path = QRWUserFormCell.m; sourceTree = "<group>"; };
		9624FBDA1884A7F8007A641D /* MessageUI.framework */ = {isa = PBXFileReference; lastKnownFileType = wrapper.framework; name = MessageUI.framework; path = System/Library/Frameworks/MessageUI.framework; sourceTree = SDKROOT; };
		9624FBDC1884BD7F007A641D /* AVFoundation.framework */ = {isa = PBXFileReference; lastKnownFileType = wrapper.framework; name = AVFoundation.framework; path = System/Library/Frameworks/AVFoundation.framework; sourceTree = SDKROOT; };
		9624FBDE1884BD96007A641D /* CoreMedia.framework */ = {isa = PBXFileReference; lastKnownFileType = wrapper.framework; name = CoreMedia.framework; path = System/Library/Frameworks/CoreMedia.framework; sourceTree = SDKROOT; };
		9624FBE01884BD9D007A641D /* CoreVideo.framework */ = {isa = PBXFileReference; lastKnownFileType = wrapper.framework; name = CoreVideo.framework; path = System/Library/Frameworks/CoreVideo.framework; sourceTree = SDKROOT; };
		9624FBE21884BDC1007A641D /* libiconv.dylib */ = {isa = PBXFileReference; lastKnownFileType = "compiled.mach-o.dylib"; name = libiconv.dylib; path = usr/lib/libiconv.dylib; sourceTree = SDKROOT; };
		9624FBE41884C14A007A641D /* QRWUnlockViewControllerOld.xib */ = {isa = PBXFileReference; fileEncoding = 4; lastKnownFileType = file.xib; path = QRWUnlockViewControllerOld.xib; sourceTree = "<group>"; };
		9624FBE61884C985007A641D /* icon57.png */ = {isa = PBXFileReference; lastKnownFileType = image.png; path = icon57.png; sourceTree = "<group>"; };
		9624FBE71884C995007A641D /* icon114.png */ = {isa = PBXFileReference; lastKnownFileType = image.png; path = icon114.png; sourceTree = "<group>"; };
		9624FBE81884C9A7007A641D /* icon120.png */ = {isa = PBXFileReference; lastKnownFileType = image.png; path = icon120.png; sourceTree = "<group>"; };
		9627FD84192D5E14001049B6 /* QRWOrderInfoTableViewCell.h */ = {isa = PBXFileReference; fileEncoding = 4; lastKnownFileType = sourcecode.c.h; path = QRWOrderInfoTableViewCell.h; sourceTree = "<group>"; };
		9627FD85192D5E14001049B6 /* QRWOrderInfoTableViewCell.m */ = {isa = PBXFileReference; fileEncoding = 4; lastKnownFileType = sourcecode.c.objc; path = QRWOrderInfoTableViewCell.m; sourceTree = "<group>"; };
		9627FD8B192EC627001049B6 /* QRWPayPalViewController.h */ = {isa = PBXFileReference; fileEncoding = 4; lastKnownFileType = sourcecode.c.h; path = QRWPayPalViewController.h; sourceTree = "<group>"; };
		9627FD8C192EC627001049B6 /* QRWPayPalViewController.m */ = {isa = PBXFileReference; fileEncoding = 4; lastKnownFileType = sourcecode.c.objc; path = QRWPayPalViewController.m; sourceTree = "<group>"; };
		9627FD8E192EC70E001049B6 /* developer.png */ = {isa = PBXFileReference; lastKnownFileType = image.png; path = developer.png; sourceTree = "<group>"; };
		96328DEC19D4D3CE000C1ADD /* QRWSettingsViewController.h */ = {isa = PBXFileReference; fileEncoding = 4; lastKnownFileType = sourcecode.c.h; path = QRWSettingsViewController.h; sourceTree = "<group>"; };
		96328DED19D4D3CE000C1ADD /* QRWSettingsViewController.m */ = {isa = PBXFileReference; fileEncoding = 4; lastKnownFileType = sourcecode.c.objc; path = QRWSettingsViewController.m; sourceTree = "<group>"; };
		969409D7182C503600B0B343 /* button_dashboard1.png */ = {isa = PBXFileReference; lastKnownFileType = image.png; path = button_dashboard1.png; sourceTree = "<group>"; };
		969409D9182C504100B0B343 /* button_dashboard2.png */ = {isa = PBXFileReference; lastKnownFileType = image.png; path = button_dashboard2.png; sourceTree = "<group>"; };
		969409DB182C504B00B0B343 /* button_dashboard3.png */ = {isa = PBXFileReference; lastKnownFileType = image.png; path = button_dashboard3.png; sourceTree = "<group>"; };
		969409DD182C505800B0B343 /* button_dashboard4.png */ = {isa = PBXFileReference; lastKnownFileType = image.png; path = button_dashboard4.png; sourceTree = "<group>"; };
		969409DF182C50C700B0B343 /* title_dashboard.png */ = {isa = PBXFileReference; lastKnownFileType = image.png; path = title_dashboard.png; sourceTree = "<group>"; };
		969409E1182C581900B0B343 /* active_button_dashboard1.png */ = {isa = PBXFileReference; lastKnownFileType = image.png; path = active_button_dashboard1.png; sourceTree = "<group>"; };
		96F4A0C5192049390059CE6B /* QRWReviewInfoViewController.h */ = {isa = PBXFileReference; fileEncoding = 4; lastKnownFileType = sourcecode.c.h; path = QRWReviewInfoViewController.h; sourceTree = "<group>"; };
		96F4A0C6192049390059CE6B /* QRWReviewInfoViewController.m */ = {isa = PBXFileReference; fileEncoding = 4; lastKnownFileType = sourcecode.c.objc; path = QRWReviewInfoViewController.m; sourceTree = "<group>"; };
		96F4A0C7192049390059CE6B /* QRWReviewInfoViewController.xib */ = {isa = PBXFileReference; fileEncoding = 4; lastKnownFileType = file.xib; path = QRWReviewInfoViewController.xib; sourceTree = "<group>"; };
		96F4A0CB192052040059CE6B /* QRWReviewInfoViewControllerOld.xib */ = {isa = PBXFileReference; fileEncoding = 4; lastKnownFileType = file.xib; path = QRWReviewInfoViewControllerOld.xib; sourceTree = "<group>"; };
		E0041376838B4A02BAD72606 /* Pods.xcconfig */ = {isa = PBXFileReference; includeInIndex = 1; lastKnownFileType = text.xcconfig; name = Pods.xcconfig; path = Pods/Pods.xcconfig; sourceTree = "<group>"; };
/* End PBXFileReference section */

/* Begin PBXFrameworksBuildPhase section */
		7F9F99EC1815604500AB3EF5 /* Frameworks */ = {
			isa = PBXFrameworksBuildPhase;
			buildActionMask = 2147483647;
			files = (
				9624FBE31884BDC1007A641D /* libiconv.dylib in Frameworks */,
				9624FBE11884BD9D007A641D /* CoreVideo.framework in Frameworks */,
				9624FBDF1884BD96007A641D /* CoreMedia.framework in Frameworks */,
				9624FBDD1884BD7F007A641D /* AVFoundation.framework in Frameworks */,
				9624FBDB1884A7F8007A641D /* MessageUI.framework in Frameworks */,
				9624FBD1188481F2007A641D /* QuartzCore.framework in Frameworks */,
				7F9F99F51815604500AB3EF5 /* CoreGraphics.framework in Frameworks */,
				7F9F99F71815604600AB3EF5 /* UIKit.framework in Frameworks */,
				7F9F99F31815604500AB3EF5 /* Foundation.framework in Frameworks */,
				72E90A0FD5A24E7983C0F0F6 /* libPods.a in Frameworks */,
			);
			runOnlyForDeploymentPostprocessing = 0;
		};
		7F9F9A071815604600AB3EF5 /* Frameworks */ = {
			isa = PBXFrameworksBuildPhase;
			buildActionMask = 2147483647;
			files = (
				7F9F9A0C1815604600AB3EF5 /* XCTest.framework in Frameworks */,
				7F9F9A0E1815604600AB3EF5 /* UIKit.framework in Frameworks */,
				7F9F9A0D1815604600AB3EF5 /* Foundation.framework in Frameworks */,
			);
			runOnlyForDeploymentPostprocessing = 0;
		};
/* End PBXFrameworksBuildPhase section */

/* Begin PBXGroup section */
		3F448208192CD2AB00AC2BFF /* DashboardCell */ = {
			isa = PBXGroup;
			children = (
			);
			name = DashboardCell;
			sourceTree = "<group>";
		};
		3FA7588A19B3DDC10071B3A3 /* QRWChoseSomethingController */ = {
			isa = PBXGroup;
			children = (
				3FA7588B19B3F2170071B3A3 /* QRWChoseSomethingViewController.h */,
				3FA7588C19B3F2170071B3A3 /* QRWChoseSomethingViewController.m */,
				3FA7588E19B3F94F0071B3A3 /* QRWChoseSomethingViewController.xib */,
				3FA7589019B3F9BE0071B3A3 /* QRWChoseSomethingViewControllerOld.xib */,
			);
			name = QRWChoseSomethingController;
			sourceTree = "<group>";
		};
		7F8173B61885659C00894E16 /* OrederInfo */ = {
			isa = PBXGroup;
			children = (
				3FA7588A19B3DDC10071B3A3 /* QRWChoseSomethingController */,
				7F8173B8188565E700894E16 /* QRWOrderInfoViewController.h */,
				7F8173B9188565E700894E16 /* QRWOrderInfoViewController.m */,
			);
			name = OrederInfo;
			sourceTree = "<group>";
		};
		7F9F99E61815604500AB3EF5 = {
			isa = PBXGroup;
			children = (
				9624FBE81884C9A7007A641D /* icon120.png */,
				9624FBE71884C995007A641D /* icon114.png */,
				9624FBE61884C985007A641D /* icon57.png */,
				9624FBBA1880CF6B007A641D /* Podfile */,
				7F9F99F81815604600AB3EF5 /* XCartAdmin */,
				7F9F9A111815604600AB3EF5 /* XCartAdminTests */,
				7F9F99F11815604500AB3EF5 /* Frameworks */,
				7F9F99F01815604500AB3EF5 /* Products */,
				E0041376838B4A02BAD72606 /* Pods.xcconfig */,
			);
			sourceTree = "<group>";
		};
		7F9F99F01815604500AB3EF5 /* Products */ = {
			isa = PBXGroup;
			children = (
				7F9F99EF1815604500AB3EF5 /* XCartAdmin.app */,
				7F9F9A0A1815604600AB3EF5 /* XCartAdminTests.xctest */,
			);
			name = Products;
			sourceTree = "<group>";
		};
		7F9F99F11815604500AB3EF5 /* Frameworks */ = {
			isa = PBXGroup;
			children = (
				9624FBE21884BDC1007A641D /* libiconv.dylib */,
				9624FBE01884BD9D007A641D /* CoreVideo.framework */,
				9624FBDE1884BD96007A641D /* CoreMedia.framework */,
				9624FBDC1884BD7F007A641D /* AVFoundation.framework */,
				9624FBDA1884A7F8007A641D /* MessageUI.framework */,
				9624FBD0188481F2007A641D /* QuartzCore.framework */,
				7F9F99F21815604500AB3EF5 /* Foundation.framework */,
				7F9F99F41815604500AB3EF5 /* CoreGraphics.framework */,
				7F9F99F61815604600AB3EF5 /* UIKit.framework */,
				7F9F9A0B1815604600AB3EF5 /* XCTest.framework */,
				43D05E16E2D64500ABFC66D8 /* libPods.a */,
			);
			name = Frameworks;
			sourceTree = "<group>";
		};
		7F9F99F81815604600AB3EF5 /* XCartAdmin */ = {
			isa = PBXGroup;
			children = (
				7F9F9A6218156CFB00AB3EF5 /* Categories */,
				7F9F9A5E18156CD500AB3EF5 /* Utils */,
				7F9F9A4F1815638500AB3EF5 /* Views */,
				7F9F9A4E1815636C00AB3EF5 /* Controllers */,
				7F9F9A211815628500AB3EF5 /* DataManagment */,
				7F9F9A011815604600AB3EF5 /* QRWAppDelegate.h */,
				7F9F9A021815604600AB3EF5 /* QRWAppDelegate.m */,
				7F9F9A041815604600AB3EF5 /* Images.xcassets */,
				7F9F99F91815604600AB3EF5 /* Supporting Files */,
			);
			path = XCartAdmin;
			sourceTree = "<group>";
		};
		7F9F99F91815604600AB3EF5 /* Supporting Files */ = {
			isa = PBXGroup;
			children = (
				7F9F9A51181563D700AB3EF5 /* URLsList.h */,
				7F9F9A50181563C800AB3EF5 /* constants.h */,
				969409D6182C502400B0B343 /* imgs */,
				7F9F99FA1815604600AB3EF5 /* XCartAdmin-Info.plist */,
				7F9F99FB1815604600AB3EF5 /* InfoPlist.strings */,
				7F9F99FE1815604600AB3EF5 /* main.m */,
				7F9F9A001815604600AB3EF5 /* XCartAdmin-Prefix.pch */,
				9624FBB81880A1EA007A641D /* Localizable.strings */,
			);
			name = "Supporting Files";
			sourceTree = "<group>";
		};
		7F9F9A111815604600AB3EF5 /* XCartAdminTests */ = {
			isa = PBXGroup;
			children = (
				7F9F9A171815604600AB3EF5 /* XCartAdminTests.m */,
				7F9F9A121815604600AB3EF5 /* Supporting Files */,
			);
			path = XCartAdminTests;
			sourceTree = "<group>";
		};
		7F9F9A121815604600AB3EF5 /* Supporting Files */ = {
			isa = PBXGroup;
			children = (
				7F9F9A131815604600AB3EF5 /* XCartAdminTests-Info.plist */,
				7F9F9A141815604600AB3EF5 /* InfoPlist.strings */,
			);
			name = "Supporting Files";
			sourceTree = "<group>";
		};
		7F9F9A211815628500AB3EF5 /* DataManagment */ = {
			isa = PBXGroup;
			children = (
				7FCFD2FF18698F1800F44547 /* QRWSettingsClient.h */,
				7FCFD30018698F1800F44547 /* QRWSettingsClient.m */,
				7FCFD2C81869877200F44547 /* QRWHTTPClient.h */,
				7FCFD2C51869877200F44547 /* QRWHTTPClient.m */,
				7F9F9A29181562D400AB3EF5 /* Enteties */,
				7F9F9A25181562B800AB3EF5 /* Downloader */,
				7F9F9A22181562B200AB3EF5 /* QRWDataManager.h */,
				7F9F9A23181562B200AB3EF5 /* QRWDataManager.m */,
			);
			name = DataManagment;
			sourceTree = "<group>";
		};
		7F9F9A25181562B800AB3EF5 /* Downloader */ = {
			isa = PBXGroup;
			children = (
				7F9F9A26181562D000AB3EF5 /* QRWDownloader.h */,
				7F9F9A27181562D000AB3EF5 /* QRWDownloader.m */,
			);
			name = Downloader;
			sourceTree = "<group>";
		};
		7F9F9A29181562D400AB3EF5 /* Enteties */ = {
			isa = PBXGroup;
			children = (
				7FCFD3091869BEDF00F44547 /* OldEnteties */,
				7FCFD30A1869BF1300F44547 /* QRWBaseEntety.h */,
				7FCFD30B1869BF1300F44547 /* QRWBaseEntety.m */,
				7FCFD30D1869C1E600F44547 /* QRWDashboardEntety.h */,
				7FCFD30E1869C1E600F44547 /* QRWDashboardEntety.m */,
				7F9F9A3C181562F200AB3EF5 /* QRWReview.h */,
				7F9F9A3D181562F200AB3EF5 /* QRWReview.m */,
				7F9F9A36181562F200AB3EF5 /* QRWUser.h */,
				7F9F9A37181562F200AB3EF5 /* QRWUser.m */,
				7F9F9A2A181562F200AB3EF5 /* QRWOrder.h */,
				7F9F9A2B181562F200AB3EF5 /* QRWOrder.m */,
				7FBCF2C6187EA19D00594CCD /* QRWBaseProduct.h */,
				7FBCF2C7187EA19D00594CCD /* QRWBaseProduct.m */,
				7F9F9A30181562F200AB3EF5 /* QRWProduct.h */,
				7F9F9A31181562F200AB3EF5 /* QRWProduct.m */,
				7FBCF2EB188014DE00594CCD /* QRWProductWithInfo.h */,
				7FBCF2EC188014DE00594CCD /* QRWProductWithInfo.m */,
				9624FBC918814DC0007A641D /* QRWUserInfo.h */,
				9624FBCA18814DC0007A641D /* QRWUserInfo.m */,
				3F448223192E13E100AC2BFF /* QRWOrderInfo.h */,
				3F448224192E13E100AC2BFF /* QRWOrderInfo.m */,
			);
			name = Enteties;
			sourceTree = "<group>";
		};
		7F9F9A4E1815636C00AB3EF5 /* Controllers */ = {
			isa = PBXGroup;
			children = (
				96328DEB19D4D2E8000C1ADD /* Settings */,
				9621FEC519C7A3B10017FDCE /* InfoController */,
				96F4A0C4192049110059CE6B /* ReviewInfo */,
				7F8173B61885659C00894E16 /* OrederInfo */,
				9624FBBD1880D07D007A641D /* UserInfo */,
				7FBCF2E4187FFFE700594CCD /* ProductInfo */,
				7FBCF2DD187FFB7D00594CCD /* Unlock */,
				7FBCF2D6187EC96F00594CCD /* Orders */,
				7FBCF2C9187EA41E00594CCD /* Products */,
				7FCFD328187D675600F44547 /* Reviews */,
				7FCFD3101869D1B300F44547 /* Users */,
				7F9F9A6F18156EEE00AB3EF5 /* Dashboard */,
				7F9F9A52181565C800AB3EF5 /* Login */,
				7F9F9A5B18156CC400AB3EF5 /* QRWBaseViewController.h */,
				7F9F9A5C18156CC400AB3EF5 /* QRWBaseViewController.m */,
				7FCFD3171869D31A00F44547 /* QRWBaseViewControllerWithTableView.h */,
				7FCFD3181869D31A00F44547 /* QRWBaseViewControllerWithTableView.m */,
			);
			name = Controllers;
			sourceTree = "<group>";
		};
		7F9F9A4F1815638500AB3EF5 /* Views */ = {
			isa = PBXGroup;
			children = (
				3F448206192CCE0C00AC2BFF /* MainStoryboard.storyboard */,
				96F4A0CA1920493F0059CE6B /* ReviewInfo */,
				7FBCF2F0188414CC00594CCD /* EditPrice */,
				9624FBBC1880D06D007A641D /* UserInfo */,
				7FBCF2EA1880001F00594CCD /* ProductInfo */,
				7FBCF2E3187FFBAE00594CCD /* Unlock */,
				7FBCF2DC187EC99700594CCD /* Orders */,
				7FBCF2CF187EA45800594CCD /* Products */,
				7FCFD329187D676500F44547 /* Reviews */,
				7FCFD3161869D1E200F44547 /* Users */,
				7FCFD3021869B84000F44547 /* Cells */,
				7F9F9A7518156F3900AB3EF5 /* Dashboard */,
				7F9F9A56181565E700AB3EF5 /* Login */,
			);
			name = Views;
			sourceTree = "<group>";
		};
		7F9F9A52181565C800AB3EF5 /* Login */ = {
			isa = PBXGroup;
			children = (
				7F9F9A53181565E200AB3EF5 /* QRWLoginScrinViewController.h */,
				7F9F9A54181565E200AB3EF5 /* QRWLoginScrinViewController.m */,
			);
			name = Login;
			sourceTree = "<group>";
		};
		7F9F9A56181565E700AB3EF5 /* Login */ = {
			isa = PBXGroup;
			children = (
				7F9F9A571815662100AB3EF5 /* QRWLoginScrinViewController.xib */,
				7F9F9A581815662100AB3EF5 /* QRWLoginScrinViewControllerOld.xib */,
			);
			name = Login;
			sourceTree = "<group>";
		};
		7F9F9A5E18156CD500AB3EF5 /* Utils */ = {
			isa = PBXGroup;
			children = (
				9627FD87192EC606001049B6 /* PayPal */,
			);
			name = Utils;
			sourceTree = "<group>";
		};
		7F9F9A6218156CFB00AB3EF5 /* Categories */ = {
			isa = PBXGroup;
			children = (
				7F9F9A6518156D0B00AB3EF5 /* UIDevice+Resolutions.h */,
				7F9F9A6618156D0B00AB3EF5 /* UIDevice+Resolutions.m */,
				7F9F9A6718156D0C00AB3EF5 /* UIColor+hex.h */,
				7F9F9A6818156D0C00AB3EF5 /* UIColor+hex.m */,
			);
			name = Categories;
			sourceTree = "<group>";
		};
		7F9F9A6F18156EEE00AB3EF5 /* Dashboard */ = {
			isa = PBXGroup;
			children = (
				7F9F9A7018156F2E00AB3EF5 /* QRWDashboardViewController.h */,
				7F9F9A7118156F2E00AB3EF5 /* QRWDashboardViewController.m */,
			);
			name = Dashboard;
			sourceTree = "<group>";
		};
		7F9F9A7518156F3900AB3EF5 /* Dashboard */ = {
			isa = PBXGroup;
			children = (
				7F9F9A7218156F2E00AB3EF5 /* QRWDashboardViewController.xib */,
				7F8173AA1884471400894E16 /* QRWDashboardViewControllerOld.xib */,
			);
			name = Dashboard;
			sourceTree = "<group>";
		};
		7FBCF2C9187EA41E00594CCD /* Products */ = {
			isa = PBXGroup;
			children = (
				7FBCF2CA187EA44800594CCD /* QRWProductsViewController.h */,
				7FBCF2CB187EA44800594CCD /* QRWProductsViewController.m */,
			);
			name = Products;
			sourceTree = "<group>";
		};
		7FBCF2CF187EA45800594CCD /* Products */ = {
			isa = PBXGroup;
			children = (
				7FBCF2CC187EA44800594CCD /* QRWProductsViewController.xib */,
				7F8173AC1884488C00894E16 /* QRWProductsViewControllerOld.xib */,
			);
			name = Products;
			sourceTree = "<group>";
		};
		7FBCF2D0187EA71A00594CCD /* Products */ = {
			isa = PBXGroup;
			children = (
				7FBCF2D1187EA73900594CCD /* QRWProductCell.xib */,
				7FBCF2D3187EA76100594CCD /* QRWProductCell.h */,
				7FBCF2D4187EA76100594CCD /* QRWProductCell.m */,
			);
			name = Products;
			sourceTree = "<group>";
		};
		7FBCF2D6187EC96F00594CCD /* Orders */ = {
			isa = PBXGroup;
			children = (
				7FBCF2D7187EC99000594CCD /* QRWOrdersViewController.h */,
				7FBCF2D8187EC99000594CCD /* QRWOrdersViewController.m */,
			);
			name = Orders;
			sourceTree = "<group>";
		};
		7FBCF2DC187EC99700594CCD /* Orders */ = {
			isa = PBXGroup;
			children = (
				7FBCF2D9187EC99000594CCD /* QRWOrdersViewController.xib */,
				7F8173AE188448F300894E16 /* QRWOrdersViewControllerOld.xib */,
			);
			name = Orders;
			sourceTree = "<group>";
		};
		7FBCF2DD187FFB7D00594CCD /* Unlock */ = {
			isa = PBXGroup;
			children = (
				7FBCF2DE187FFBA100594CCD /* QRWUnlockViewController.h */,
				7FBCF2DF187FFBA100594CCD /* QRWUnlockViewController.m */,
			);
			name = Unlock;
			sourceTree = "<group>";
		};
		7FBCF2E3187FFBAE00594CCD /* Unlock */ = {
			isa = PBXGroup;
			children = (
				7FBCF2E0187FFBA100594CCD /* QRWUnlockViewController.xib */,
				9624FBE41884C14A007A641D /* QRWUnlockViewControllerOld.xib */,
			);
			name = Unlock;
			sourceTree = "<group>";
		};
		7FBCF2E4187FFFE700594CCD /* ProductInfo */ = {
			isa = PBXGroup;
			children = (
				7FBCF2E51880001100594CCD /* QRWProductInfoViewController.h */,
				7FBCF2E61880001100594CCD /* QRWProductInfoViewController.m */,
			);
			name = ProductInfo;
			sourceTree = "<group>";
		};
		7FBCF2EA1880001F00594CCD /* ProductInfo */ = {
			isa = PBXGroup;
			children = (
				7FBCF2E71880001100594CCD /* QRWProductInfoViewController.xib */,
				7F8173B01884499500894E16 /* QRWProductInfoViewControllerOld.xib */,
			);
			name = ProductInfo;
			sourceTree = "<group>";
		};
		7FBCF2F0188414CC00594CCD /* EditPrice */ = {
			isa = PBXGroup;
			children = (
				7FBCF2F1188414F800594CCD /* QRWEditPriceView.h */,
				7FBCF2F2188414F800594CCD /* QRWEditPriceView.m */,
				7FBCF2F41884150C00594CCD /* QRWEditPriceView.xib */,
			);
			name = EditPrice;
			sourceTree = "<group>";
		};
		7FCFD3021869B84000F44547 /* Cells */ = {
			isa = PBXGroup;
			children = (
				9627FD83192D5DE6001049B6 /* OrderInfo */,
				3F448208192CD2AB00AC2BFF /* DashboardCell */,
				9624FBD418849EFA007A641D /* QRWUserFormCell */,
				9624FBC31880D37F007A641D /* Orders */,
				7FBCF2D0187EA71A00594CCD /* Products */,
				7FCFD32F187D67F800F44547 /* Review */,
				7FCFD3031869B84B00F44547 /* User */,
			);
			name = Cells;
			sourceTree = "<group>";
		};
		7FCFD3031869B84B00F44547 /* User */ = {
			isa = PBXGroup;
			children = (
				7FCFD3041869B8AD00F44547 /* QRWUserCell.xib */,
				7FCFD3061869BA4000F44547 /* QRWUserCell.h */,
				7FCFD3071869BA4000F44547 /* QRWUserCell.m */,
			);
			name = User;
			sourceTree = "<group>";
		};
		7FCFD3091869BEDF00F44547 /* OldEnteties */ = {
			isa = PBXGroup;
			children = (
				7F9F9A2E181562F200AB3EF5 /* QRWTopCategories.h */,
				7F9F9A2F181562F200AB3EF5 /* QRWTopCategories.m */,
				7F9F9A32181562F200AB3EF5 /* QRWCategoryInTop.h */,
				7F9F9A33181562F200AB3EF5 /* QRWCategoryInTop.m */,
				7F9F9A38181562F200AB3EF5 /* QRWUsers.h */,
				7F9F9A39181562F200AB3EF5 /* QRWUsers.m */,
				7F9F9A3A181562F200AB3EF5 /* QRWDiscount.h */,
				7F9F9A3B181562F200AB3EF5 /* QRWDiscount.m */,
				7F9F9A3E181562F200AB3EF5 /* QRWUploadResponse.h */,
				7F9F9A3F181562F200AB3EF5 /* QRWUploadResponse.m */,
				7F9F9A40181562F200AB3EF5 /* QRWProductOld.h */,
				7F9F9A41181562F200AB3EF5 /* QRWProductOld.m */,
			);
			name = OldEnteties;
			sourceTree = "<group>";
		};
		7FCFD3101869D1B300F44547 /* Users */ = {
			isa = PBXGroup;
			children = (
				7FCFD3111869D1D300F44547 /* QRWUsersViewController.h */,
				7FCFD3121869D1D300F44547 /* QRWUsersViewController.m */,
			);
			name = Users;
			sourceTree = "<group>";
		};
		7FCFD3161869D1E200F44547 /* Users */ = {
			isa = PBXGroup;
			children = (
				7FCFD3131869D1D300F44547 /* QRWUsersViewController.xib */,
				7F8173B218844B4500894E16 /* QRWUsersViewControllerOld.xib */,
			);
			name = Users;
			sourceTree = "<group>";
		};
		7FCFD328187D675600F44547 /* Reviews */ = {
			isa = PBXGroup;
			children = (
				7FCFD32A187D679000F44547 /* QRWReviewsViewController.h */,
				7FCFD32B187D679000F44547 /* QRWReviewsViewController.m */,
			);
			name = Reviews;
			sourceTree = "<group>";
		};
		7FCFD329187D676500F44547 /* Reviews */ = {
			isa = PBXGroup;
			children = (
				7FCFD32C187D679000F44547 /* QRWReviewsViewController.xib */,
				7F8173B418844C0F00894E16 /* QRWReviewsViewControllerOld.xib */,
			);
			name = Reviews;
			sourceTree = "<group>";
		};
		7FCFD32F187D67F800F44547 /* Review */ = {
			isa = PBXGroup;
			children = (
				7FCFD330187D682F00F44547 /* QRWReviewCell.h */,
				7FCFD331187D682F00F44547 /* QRWReviewCell.m */,
				7FCFD333187D684F00F44547 /* QRWReviewCell.xib */,
			);
			name = Review;
			sourceTree = "<group>";
		};
		9621FEC519C7A3B10017FDCE /* InfoController */ = {
			isa = PBXGroup;
			children = (
				9621FEC619C7A3DF0017FDCE /* QRWInfoViewController.h */,
				9621FEC719C7A3DF0017FDCE /* QRWInfoViewController.m */,
			);
			name = InfoController;
			sourceTree = "<group>";
		};
		9624FBBC1880D06D007A641D /* UserInfo */ = {
			isa = PBXGroup;
			children = (
				9624FBC01880D0A9007A641D /* QRWUserInfoViewController.xib */,
				9624FBD218849D57007A641D /* QRWUserInfoViewControllerOld.xib */,
			);
			name = UserInfo;
			sourceTree = "<group>";
		};
		9624FBBD1880D07D007A641D /* UserInfo */ = {
			isa = PBXGroup;
			children = (
				9624FBBE1880D0A9007A641D /* QRWUserInfoViewController.h */,
				9624FBBF1880D0A9007A641D /* QRWUserInfoViewController.m */,
			);
			name = UserInfo;
			sourceTree = "<group>";
		};
		9624FBC31880D37F007A641D /* Orders */ = {
			isa = PBXGroup;
			children = (
				9624FBC41880D3AD007A641D /* QRWOrdersCell.h */,
				9624FBC51880D3AD007A641D /* QRWOrdersCell.m */,
				9624FBC71880D3C5007A641D /* QRWOrdersCell.xib */,
			);
			name = Orders;
			sourceTree = "<group>";
		};
		9624FBD418849EFA007A641D /* QRWUserFormCell */ = {
			isa = PBXGroup;
			children = (
				9624FBD518849F24007A641D /* QRWUserFormCell.xib */,
				9624FBD718849F45007A641D /* QRWUserFormCell.h */,
				9624FBD818849F45007A641D /* QRWUserFormCell.m */,
			);
			name = QRWUserFormCell;
			sourceTree = "<group>";
		};
		9627FD83192D5DE6001049B6 /* OrderInfo */ = {
			isa = PBXGroup;
			children = (
				9627FD84192D5E14001049B6 /* QRWOrderInfoTableViewCell.h */,
				9627FD85192D5E14001049B6 /* QRWOrderInfoTableViewCell.m */,
			);
			name = OrderInfo;
			sourceTree = "<group>";
		};
		9627FD87192EC606001049B6 /* PayPal */ = {
			isa = PBXGroup;
			children = (
				9627FD8B192EC627001049B6 /* QRWPayPalViewController.h */,
				9627FD8C192EC627001049B6 /* QRWPayPalViewController.m */,
			);
			name = PayPal;
			sourceTree = "<group>";
		};
		96328DEB19D4D2E8000C1ADD /* Settings */ = {
			isa = PBXGroup;
			children = (
				96328DEC19D4D3CE000C1ADD /* QRWSettingsViewController.h */,
				96328DED19D4D3CE000C1ADD /* QRWSettingsViewController.m */,
			);
			name = Settings;
			sourceTree = "<group>";
		};
		969409D6182C502400B0B343 /* imgs */ = {
			isa = PBXGroup;
			children = (
				9621FEC119C7A2E60017FDCE /* facebook_icon.png */,
				9621FEC219C7A2E60017FDCE /* twitter_icon.png */,
				9621FEBB19C7A0E70017FDCE /* world-globe03-512x512.png */,
				9621FEBC19C7A0E70017FDCE /* USAIcon.ico */,
				9621FEBD19C7A0E70017FDCE /* UKIcon.jpeg */,
				9621FEB919C79D660017FDCE /* infoIcon.png */,
				9621FEB719C79CEF0017FDCE /* settings.png */,
				9627FD8E192EC70E001049B6 /* developer.png */,
				7FBCF2EE1883ECD500594CCD /* loading.gif */,
				9624FBCE1883492E007A641D /* button_login.png */,
				9624FBCC1883490A007A641D /* logo.png */,
				969409E1182C581900B0B343 /* active_button_dashboard1.png */,
				969409DF182C50C700B0B343 /* title_dashboard.png */,
				969409DD182C505800B0B343 /* button_dashboard4.png */,
				969409DB182C504B00B0B343 /* button_dashboard3.png */,
				969409D9182C504100B0B343 /* button_dashboard2.png */,
				969409D7182C503600B0B343 /* button_dashboard1.png */,
			);
			name = imgs;
			sourceTree = "<group>";
		};
		96F4A0C4192049110059CE6B /* ReviewInfo */ = {
			isa = PBXGroup;
			children = (
				96F4A0C5192049390059CE6B /* QRWReviewInfoViewController.h */,
				96F4A0C6192049390059CE6B /* QRWReviewInfoViewController.m */,
			);
			name = ReviewInfo;
			sourceTree = "<group>";
		};
		96F4A0CA1920493F0059CE6B /* ReviewInfo */ = {
			isa = PBXGroup;
			children = (
				96F4A0C7192049390059CE6B /* QRWReviewInfoViewController.xib */,
				96F4A0CB192052040059CE6B /* QRWReviewInfoViewControllerOld.xib */,
			);
			name = ReviewInfo;
			sourceTree = "<group>";
		};
/* End PBXGroup section */

/* Begin PBXNativeTarget section */
		7F9F99EE1815604500AB3EF5 /* XCartAdmin */ = {
			isa = PBXNativeTarget;
			buildConfigurationList = 7F9F9A1B1815604600AB3EF5 /* Build configuration list for PBXNativeTarget "XCartAdmin" */;
			buildPhases = (
				EAD61A3FEE774197802C7819 /* Check Pods Manifest.lock */,
				7F9F99EB1815604500AB3EF5 /* Sources */,
				7F9F99EC1815604500AB3EF5 /* Frameworks */,
				7F9F99ED1815604500AB3EF5 /* Resources */,
				6513044EAFE1473F85A2FAB8 /* Copy Pods Resources */,
			);
			buildRules = (
			);
			dependencies = (
			);
			name = XCartAdmin;
			productName = XCartAdmin;
			productReference = 7F9F99EF1815604500AB3EF5 /* XCartAdmin.app */;
			productType = "com.apple.product-type.application";
		};
		7F9F9A091815604600AB3EF5 /* XCartAdminTests */ = {
			isa = PBXNativeTarget;
			buildConfigurationList = 7F9F9A1E1815604600AB3EF5 /* Build configuration list for PBXNativeTarget "XCartAdminTests" */;
			buildPhases = (
				7F9F9A061815604600AB3EF5 /* Sources */,
				7F9F9A071815604600AB3EF5 /* Frameworks */,
				7F9F9A081815604600AB3EF5 /* Resources */,
			);
			buildRules = (
			);
			dependencies = (
				7F9F9A101815604600AB3EF5 /* PBXTargetDependency */,
			);
			name = XCartAdminTests;
			productName = XCartAdminTests;
			productReference = 7F9F9A0A1815604600AB3EF5 /* XCartAdminTests.xctest */;
			productType = "com.apple.product-type.bundle.unit-test";
		};
/* End PBXNativeTarget section */

/* Begin PBXProject section */
		7F9F99E71815604500AB3EF5 /* Project object */ = {
			isa = PBXProject;
			attributes = {
				CLASSPREFIX = QRW;
				LastUpgradeCheck = 0500;
				ORGANIZATIONNAME = "Ivan Afanasiev";
				TargetAttributes = {
					7F9F99EE1815604500AB3EF5 = {
						DevelopmentTeam = 2J3UD2G26R;
					};
					7F9F9A091815604600AB3EF5 = {
						TestTargetID = 7F9F99EE1815604500AB3EF5;
					};
				};
			};
			buildConfigurationList = 7F9F99EA1815604500AB3EF5 /* Build configuration list for PBXProject "XCartAdmin" */;
			compatibilityVersion = "Xcode 3.2";
			developmentRegion = English;
			hasScannedForEncodings = 0;
			knownRegions = (
				en,
			);
			mainGroup = 7F9F99E61815604500AB3EF5;
			productRefGroup = 7F9F99F01815604500AB3EF5 /* Products */;
			projectDirPath = "";
			projectRoot = "";
			targets = (
				7F9F99EE1815604500AB3EF5 /* XCartAdmin */,
				7F9F9A091815604600AB3EF5 /* XCartAdminTests */,
			);
		};
/* End PBXProject section */

/* Begin PBXResourcesBuildPhase section */
		7F9F99ED1815604500AB3EF5 /* Resources */ = {
			isa = PBXResourcesBuildPhase;
			buildActionMask = 2147483647;
			files = (
				7FBCF2DB187EC99000594CCD /* QRWOrdersViewController.xib in Resources */,
				9624FBD318849D57007A641D /* QRWUserInfoViewControllerOld.xib in Resources */,
				7F8173B11884499500894E16 /* QRWProductInfoViewControllerOld.xib in Resources */,
				9624FBCF1883492E007A641D /* button_login.png in Resources */,
				9621FEC419C7A2E60017FDCE /* twitter_icon.png in Resources */,
				7F9F9A7418156F2E00AB3EF5 /* QRWDashboardViewController.xib in Resources */,
				7FBCF2E91880001100594CCD /* QRWProductInfoViewController.xib in Resources */,
				7FCFD3051869B8AD00F44547 /* QRWUserCell.xib in Resources */,
				3FA7588F19B3F94F0071B3A3 /* QRWChoseSomethingViewController.xib in Resources */,
				7F9F99FD1815604600AB3EF5 /* InfoPlist.strings in Resources */,
				7F9F9A051815604600AB3EF5 /* Images.xcassets in Resources */,
				7F9F9A591815662100AB3EF5 /* QRWLoginScrinViewController.xib in Resources */,
				9621FEBF19C7A0E70017FDCE /* USAIcon.ico in Resources */,
				7F8173AD1884488C00894E16 /* QRWProductsViewControllerOld.xib in Resources */,
				9621FEBA19C79D660017FDCE /* infoIcon.png in Resources */,
				7FCFD32E187D679000F44547 /* QRWReviewsViewController.xib in Resources */,
				9621FEC319C7A2E60017FDCE /* facebook_icon.png in Resources */,
				969409D8182C503600B0B343 /* button_dashboard1.png in Resources */,
				969409DA182C504100B0B343 /* button_dashboard2.png in Resources */,
				9624FBBB1880CF6B007A641D /* Podfile in Resources */,
				7F8173AB1884471400894E16 /* QRWDashboardViewControllerOld.xib in Resources */,
				9624FBC81880D3C5007A641D /* QRWOrdersCell.xib in Resources */,
				9624FBB91880A1EA007A641D /* Localizable.strings in Resources */,
				7F8173B518844C0F00894E16 /* QRWReviewsViewControllerOld.xib in Resources */,
				7FBCF2D2187EA73900594CCD /* QRWProductCell.xib in Resources */,
				96F4A0CC192052040059CE6B /* QRWReviewInfoViewControllerOld.xib in Resources */,
				9621FEC019C7A0E70017FDCE /* UKIcon.jpeg in Resources */,
				7FBCF2EF1883ECD500594CCD /* loading.gif in Resources */,
				7FBCF2E2187FFBA200594CCD /* QRWUnlockViewController.xib in Resources */,
				969409E2182C581900B0B343 /* active_button_dashboard1.png in Resources */,
				9621FEBE19C7A0E70017FDCE /* world-globe03-512x512.png in Resources */,
				9624FBC21880D0A9007A641D /* QRWUserInfoViewController.xib in Resources */,
				9624FBE51884C14A007A641D /* QRWUnlockViewControllerOld.xib in Resources */,
				7FBCF2F51884150C00594CCD /* QRWEditPriceView.xib in Resources */,
				7F8173AF188448F300894E16 /* QRWOrdersViewControllerOld.xib in Resources */,
				7FCFD3151869D1D300F44547 /* QRWUsersViewController.xib in Resources */,
				969409DC182C504B00B0B343 /* button_dashboard3.png in Resources */,
				7FBCF2CE187EA44800594CCD /* QRWProductsViewController.xib in Resources */,
				3F448207192CCE0C00AC2BFF /* MainStoryboard.storyboard in Resources */,
				9624FBD618849F24007A641D /* QRWUserFormCell.xib in Resources */,
				969409DE182C505800B0B343 /* button_dashboard4.png in Resources */,
				9624FBCD1883490A007A641D /* logo.png in Resources */,
				9621FEB819C79CEF0017FDCE /* settings.png in Resources */,
				96F4A0C9192049390059CE6B /* QRWReviewInfoViewController.xib in Resources */,
				7F8173B318844B4500894E16 /* QRWUsersViewControllerOld.xib in Resources */,
				3FA7589119B3F9BE0071B3A3 /* QRWChoseSomethingViewControllerOld.xib in Resources */,
				9627FD8F192EC70E001049B6 /* developer.png in Resources */,
				7FCFD334187D684F00F44547 /* QRWReviewCell.xib in Resources */,
				7F9F9A5A1815662100AB3EF5 /* QRWLoginScrinViewControllerOld.xib in Resources */,
				969409E0182C50C700B0B343 /* title_dashboard.png in Resources */,
			);
			runOnlyForDeploymentPostprocessing = 0;
		};
		7F9F9A081815604600AB3EF5 /* Resources */ = {
			isa = PBXResourcesBuildPhase;
			buildActionMask = 2147483647;
			files = (
				7F9F9A161815604600AB3EF5 /* InfoPlist.strings in Resources */,
			);
			runOnlyForDeploymentPostprocessing = 0;
		};
/* End PBXResourcesBuildPhase section */

/* Begin PBXShellScriptBuildPhase section */
		6513044EAFE1473F85A2FAB8 /* Copy Pods Resources */ = {
			isa = PBXShellScriptBuildPhase;
			buildActionMask = 2147483647;
			files = (
			);
			inputPaths = (
			);
			name = "Copy Pods Resources";
			outputPaths = (
			);
			runOnlyForDeploymentPostprocessing = 0;
			shellPath = /bin/sh;
			shellScript = "\"${SRCROOT}/Pods/Pods-resources.sh\"\n";
			showEnvVarsInLog = 0;
		};
		EAD61A3FEE774197802C7819 /* Check Pods Manifest.lock */ = {
			isa = PBXShellScriptBuildPhase;
			buildActionMask = 2147483647;
			files = (
			);
			inputPaths = (
			);
			name = "Check Pods Manifest.lock";
			outputPaths = (
			);
			runOnlyForDeploymentPostprocessing = 0;
			shellPath = /bin/sh;
			shellScript = "diff \"${PODS_ROOT}/../Podfile.lock\" \"${PODS_ROOT}/Manifest.lock\" > /dev/null\nif [[ $? != 0 ]] ; then\n    cat << EOM\nerror: The sandbox is not in sync with the Podfile.lock. Run 'pod install' or update your CocoaPods installation.\nEOM\n    exit 1\nfi\n";
			showEnvVarsInLog = 0;
		};
/* End PBXShellScriptBuildPhase section */

/* Begin PBXSourcesBuildPhase section */
		7F9F99EB1815604500AB3EF5 /* Sources */ = {
			isa = PBXSourcesBuildPhase;
			buildActionMask = 2147483647;
			files = (
				96328DEE19D4D3CE000C1ADD /* QRWSettingsViewController.m in Sources */,
				7F9F9A6A18156D0C00AB3EF5 /* UIDevice+Resolutions.m in Sources */,
				7F9F99FF1815604600AB3EF5 /* main.m in Sources */,
				9624FBCB18814DC0007A641D /* QRWUserInfo.m in Sources */,
				7F9F9A49181562F200AB3EF5 /* QRWUsers.m in Sources */,
				7F9F9A6B18156D0C00AB3EF5 /* UIColor+hex.m in Sources */,
				7FBCF2C8187EA19D00594CCD /* QRWBaseProduct.m in Sources */,
				7F9F9A4D181562F200AB3EF5 /* QRWProductOld.m in Sources */,
				9624FBC11880D0A9007A641D /* QRWUserInfoViewController.m in Sources */,
				7F9F9A4C181562F200AB3EF5 /* QRWUploadResponse.m in Sources */,
				7F9F9A45181562F200AB3EF5 /* QRWProduct.m in Sources */,
				7F9F9A24181562B200AB3EF5 /* QRWDataManager.m in Sources */,
				7F9F9A4B181562F200AB3EF5 /* QRWReview.m in Sources */,
				7FBCF2E1187FFBA200594CCD /* QRWUnlockViewController.m in Sources */,
				7F9F9A44181562F200AB3EF5 /* QRWTopCategories.m in Sources */,
				7FCFD3191869D31A00F44547 /* QRWBaseViewControllerWithTableView.m in Sources */,
				7F9F9A4A181562F200AB3EF5 /* QRWDiscount.m in Sources */,
				7F9F9A031815604600AB3EF5 /* QRWAppDelegate.m in Sources */,
				7FCFD30C1869BF1300F44547 /* QRWBaseEntety.m in Sources */,
				9621FEC819C7A3DF0017FDCE /* QRWInfoViewController.m in Sources */,
				7FBCF2F3188414F800594CCD /* QRWEditPriceView.m in Sources */,
				7FCFD2C91869877200F44547 /* QRWHTTPClient.m in Sources */,
				7FBCF2CD187EA44800594CCD /* QRWProductsViewController.m in Sources */,
				7F9F9A42181562F200AB3EF5 /* QRWOrder.m in Sources */,
				7FCFD30F1869C1E600F44547 /* QRWDashboardEntety.m in Sources */,
				7FCFD3141869D1D300F44547 /* QRWUsersViewController.m in Sources */,
				7F9F9A7318156F2E00AB3EF5 /* QRWDashboardViewController.m in Sources */,
				7FBCF2D5187EA76100594CCD /* QRWProductCell.m in Sources */,
				7FCFD332187D682F00F44547 /* QRWReviewCell.m in Sources */,
				3F448225192E13E100AC2BFF /* QRWOrderInfo.m in Sources */,
				7FBCF2DA187EC99000594CCD /* QRWOrdersViewController.m in Sources */,
				9624FBD918849F45007A641D /* QRWUserFormCell.m in Sources */,
				9624FBC61880D3AD007A641D /* QRWOrdersCell.m in Sources */,
				7FBCF2E81880001100594CCD /* QRWProductInfoViewController.m in Sources */,
				7F9F9A28181562D000AB3EF5 /* QRWDownloader.m in Sources */,
				7F9F9A48181562F200AB3EF5 /* QRWUser.m in Sources */,
				7F9F9A55181565E200AB3EF5 /* QRWLoginScrinViewController.m in Sources */,
				9627FD86192D5E14001049B6 /* QRWOrderInfoTableViewCell.m in Sources */,
				7FCFD3081869BA4000F44547 /* QRWUserCell.m in Sources */,
				7FCFD30118698F1800F44547 /* QRWSettingsClient.m in Sources */,
				7FBCF2ED188014DE00594CCD /* QRWProductWithInfo.m in Sources */,
				3FA7588D19B3F2170071B3A3 /* QRWChoseSomethingViewController.m in Sources */,
				9627FD8D192EC627001049B6 /* QRWPayPalViewController.m in Sources */,
				7F8173BB188565E700894E16 /* QRWOrderInfoViewController.m in Sources */,
				7FCFD32D187D679000F44547 /* QRWReviewsViewController.m in Sources */,
				7F9F9A5D18156CC400AB3EF5 /* QRWBaseViewController.m in Sources */,
				7F9F9A46181562F200AB3EF5 /* QRWCategoryInTop.m in Sources */,
				96F4A0C8192049390059CE6B /* QRWReviewInfoViewController.m in Sources */,
			);
			runOnlyForDeploymentPostprocessing = 0;
		};
		7F9F9A061815604600AB3EF5 /* Sources */ = {
			isa = PBXSourcesBuildPhase;
			buildActionMask = 2147483647;
			files = (
				7F9F9A181815604600AB3EF5 /* XCartAdminTests.m in Sources */,
			);
			runOnlyForDeploymentPostprocessing = 0;
		};
/* End PBXSourcesBuildPhase section */

/* Begin PBXTargetDependency section */
		7F9F9A101815604600AB3EF5 /* PBXTargetDependency */ = {
			isa = PBXTargetDependency;
			target = 7F9F99EE1815604500AB3EF5 /* XCartAdmin */;
			targetProxy = 7F9F9A0F1815604600AB3EF5 /* PBXContainerItemProxy */;
		};
/* End PBXTargetDependency section */

/* Begin PBXVariantGroup section */
		7F9F99FB1815604600AB3EF5 /* InfoPlist.strings */ = {
			isa = PBXVariantGroup;
			children = (
				7F9F99FC1815604600AB3EF5 /* en */,
			);
			name = InfoPlist.strings;
			sourceTree = "<group>";
		};
		7F9F9A141815604600AB3EF5 /* InfoPlist.strings */ = {
			isa = PBXVariantGroup;
			children = (
				7F9F9A151815604600AB3EF5 /* en */,
			);
			name = InfoPlist.strings;
			sourceTree = "<group>";
		};
/* End PBXVariantGroup section */

/* Begin XCBuildConfiguration section */
		7F9F9A191815604600AB3EF5 /* Debug */ = {
			isa = XCBuildConfiguration;
			buildSettings = {
				ALWAYS_SEARCH_USER_PATHS = NO;
				ARCHS = "$(ARCHS_STANDARD_INCLUDING_64_BIT)";
				CLANG_CXX_LANGUAGE_STANDARD = "gnu++0x";
				CLANG_CXX_LIBRARY = "libc++";
				CLANG_ENABLE_MODULES = YES;
				CLANG_ENABLE_OBJC_ARC = YES;
				CLANG_WARN_BOOL_CONVERSION = YES;
				CLANG_WARN_CONSTANT_CONVERSION = YES;
				CLANG_WARN_DIRECT_OBJC_ISA_USAGE = YES_ERROR;
				CLANG_WARN_EMPTY_BODY = YES;
				CLANG_WARN_ENUM_CONVERSION = YES;
				CLANG_WARN_INT_CONVERSION = YES;
				CLANG_WARN_OBJC_ROOT_CLASS = YES_ERROR;
				CLANG_WARN__DUPLICATE_METHOD_MATCH = YES;
				CODE_SIGN_IDENTITY = "iPhone Distribution: Mobtekh OOO (2J3UD2G26R)";
				"CODE_SIGN_IDENTITY[sdk=iphoneos*]" = "iPhone Distribution: Mobtekh OOO (2J3UD2G26R)";
				COPY_PHASE_STRIP = NO;
				GCC_C_LANGUAGE_STANDARD = gnu99;
				GCC_DYNAMIC_NO_PIC = NO;
				GCC_OPTIMIZATION_LEVEL = 0;
				GCC_PREPROCESSOR_DEFINITIONS = (
					"DEBUG=1",
					"$(inherited)",
				);
				GCC_SYMBOLS_PRIVATE_EXTERN = NO;
				GCC_WARN_64_TO_32_BIT_CONVERSION = YES;
				GCC_WARN_ABOUT_RETURN_TYPE = YES_ERROR;
				GCC_WARN_UNDECLARED_SELECTOR = YES;
				GCC_WARN_UNINITIALIZED_AUTOS = YES;
				GCC_WARN_UNUSED_FUNCTION = YES;
				GCC_WARN_UNUSED_VARIABLE = YES;
				IPHONEOS_DEPLOYMENT_TARGET = 6.0;
				ONLY_ACTIVE_ARCH = YES;
				SDKROOT = iphoneos;
			};
			name = Debug;
		};
		7F9F9A1A1815604600AB3EF5 /* Release */ = {
			isa = XCBuildConfiguration;
			buildSettings = {
				ALWAYS_SEARCH_USER_PATHS = NO;
				ARCHS = "$(ARCHS_STANDARD_INCLUDING_64_BIT)";
				CLANG_CXX_LANGUAGE_STANDARD = "gnu++0x";
				CLANG_CXX_LIBRARY = "libc++";
				CLANG_ENABLE_MODULES = YES;
				CLANG_ENABLE_OBJC_ARC = YES;
				CLANG_WARN_BOOL_CONVERSION = YES;
				CLANG_WARN_CONSTANT_CONVERSION = YES;
				CLANG_WARN_DIRECT_OBJC_ISA_USAGE = YES_ERROR;
				CLANG_WARN_EMPTY_BODY = YES;
				CLANG_WARN_ENUM_CONVERSION = YES;
				CLANG_WARN_INT_CONVERSION = YES;
				CLANG_WARN_OBJC_ROOT_CLASS = YES_ERROR;
				CLANG_WARN__DUPLICATE_METHOD_MATCH = YES;
				CODE_SIGN_IDENTITY = "iPhone Distribution: Mobtekh OOO (2J3UD2G26R)";
				"CODE_SIGN_IDENTITY[sdk=iphoneos*]" = "iPhone Distribution: Mobtekh OOO (2J3UD2G26R)";
				COPY_PHASE_STRIP = YES;
				ENABLE_NS_ASSERTIONS = NO;
				GCC_C_LANGUAGE_STANDARD = gnu99;
				GCC_WARN_64_TO_32_BIT_CONVERSION = YES;
				GCC_WARN_ABOUT_RETURN_TYPE = YES_ERROR;
				GCC_WARN_UNDECLARED_SELECTOR = YES;
				GCC_WARN_UNINITIALIZED_AUTOS = YES;
				GCC_WARN_UNUSED_FUNCTION = YES;
				GCC_WARN_UNUSED_VARIABLE = YES;
				IPHONEOS_DEPLOYMENT_TARGET = 6.0;
				SDKROOT = iphoneos;
				VALIDATE_PRODUCT = YES;
			};
			name = Release;
		};
		7F9F9A1C1815604600AB3EF5 /* Debug */ = {
			isa = XCBuildConfiguration;
			baseConfigurationReference = E0041376838B4A02BAD72606 /* Pods.xcconfig */;
			buildSettings = {
				ARCHS = "$(ARCHS_STANDARD)";
				ASSETCATALOG_COMPILER_APPICON_NAME = AppIcon;
				ASSETCATALOG_COMPILER_LAUNCHIMAGE_NAME = LaunchImage;
				CODE_SIGN_IDENTITY = "iPhone Developer";
				"CODE_SIGN_IDENTITY[sdk=iphoneos*]" = "iPhone Developer";
				GCC_PRECOMPILE_PREFIX_HEADER = YES;
				GCC_PREFIX_HEADER = "XCartAdmin/XCartAdmin-Prefix.pch";
				INFOPLIST_FILE = "XCartAdmin/XCartAdmin-Info.plist";
				IPHONEOS_DEPLOYMENT_TARGET = 7.0;
				PRODUCT_NAME = "$(TARGET_NAME)";
				PROVISIONING_PROFILE = "";
				VALID_ARCHS = "armv7 arm64 armv7s";
				WRAPPER_EXTENSION = app;
			};
			name = Debug;
		};
		7F9F9A1D1815604600AB3EF5 /* Release */ = {
			isa = XCBuildConfiguration;
			baseConfigurationReference = E0041376838B4A02BAD72606 /* Pods.xcconfig */;
			buildSettings = {
				ARCHS = "$(ARCHS_STANDARD)";
				ASSETCATALOG_COMPILER_APPICON_NAME = AppIcon;
				ASSETCATALOG_COMPILER_LAUNCHIMAGE_NAME = LaunchImage;
				CODE_SIGN_IDENTITY = "iPhone Developer";
				"CODE_SIGN_IDENTITY[sdk=iphoneos*]" = "iPhone Developer";
				GCC_PRECOMPILE_PREFIX_HEADER = YES;
				GCC_PREFIX_HEADER = "XCartAdmin/XCartAdmin-Prefix.pch";
				INFOPLIST_FILE = "XCartAdmin/XCartAdmin-Info.plist";
				IPHONEOS_DEPLOYMENT_TARGET = 7.0;
				PRODUCT_NAME = "$(TARGET_NAME)";
				PROVISIONING_PROFILE = "";
				VALID_ARCHS = "armv7 arm64 armv7s";
				WRAPPER_EXTENSION = app;
			};
			name = Release;
		};
		7F9F9A1F1815604600AB3EF5 /* Debug */ = {
			isa = XCBuildConfiguration;
			buildSettings = {
				ARCHS = "$(ARCHS_STANDARD_INCLUDING_64_BIT)";
				BUNDLE_LOADER = "$(BUILT_PRODUCTS_DIR)/XCartAdmin.app/XCartAdmin";
				FRAMEWORK_SEARCH_PATHS = (
					"$(SDKROOT)/Developer/Library/Frameworks",
					"$(inherited)",
					"$(DEVELOPER_FRAMEWORKS_DIR)",
				);
				GCC_PRECOMPILE_PREFIX_HEADER = YES;
				GCC_PREFIX_HEADER = "XCartAdmin/XCartAdmin-Prefix.pch";
				GCC_PREPROCESSOR_DEFINITIONS = (
					"DEBUG=1",
					"$(inherited)",
				);
				INFOPLIST_FILE = "XCartAdminTests/XCartAdminTests-Info.plist";
				PRODUCT_NAME = "$(TARGET_NAME)";
				TEST_HOST = "$(BUNDLE_LOADER)";
				WRAPPER_EXTENSION = xctest;
			};
			name = Debug;
		};
		7F9F9A201815604600AB3EF5 /* Release */ = {
			isa = XCBuildConfiguration;
			buildSettings = {
				ARCHS = "$(ARCHS_STANDARD_INCLUDING_64_BIT)";
				BUNDLE_LOADER = "$(BUILT_PRODUCTS_DIR)/XCartAdmin.app/XCartAdmin";
				FRAMEWORK_SEARCH_PATHS = (
					"$(SDKROOT)/Developer/Library/Frameworks",
					"$(inherited)",
					"$(DEVELOPER_FRAMEWORKS_DIR)",
				);
				GCC_PRECOMPILE_PREFIX_HEADER = YES;
				GCC_PREFIX_HEADER = "XCartAdmin/XCartAdmin-Prefix.pch";
				INFOPLIST_FILE = "XCartAdminTests/XCartAdminTests-Info.plist";
				PRODUCT_NAME = "$(TARGET_NAME)";
				TEST_HOST = "$(BUNDLE_LOADER)";
				WRAPPER_EXTENSION = xctest;
			};
			name = Release;
		};
/* End XCBuildConfiguration section */

/* Begin XCConfigurationList section */
		7F9F99EA1815604500AB3EF5 /* Build configuration list for PBXProject "XCartAdmin" */ = {
			isa = XCConfigurationList;
			buildConfigurations = (
				7F9F9A191815604600AB3EF5 /* Debug */,
				7F9F9A1A1815604600AB3EF5 /* Release */,
			);
			defaultConfigurationIsVisible = 0;
			defaultConfigurationName = Release;
		};
		7F9F9A1B1815604600AB3EF5 /* Build configuration list for PBXNativeTarget "XCartAdmin" */ = {
			isa = XCConfigurationList;
			buildConfigurations = (
				7F9F9A1C1815604600AB3EF5 /* Debug */,
				7F9F9A1D1815604600AB3EF5 /* Release */,
			);
			defaultConfigurationIsVisible = 0;
			defaultConfigurationName = Release;
		};
		7F9F9A1E1815604600AB3EF5 /* Build configuration list for PBXNativeTarget "XCartAdminTests" */ = {
			isa = XCConfigurationList;
			buildConfigurations = (
				7F9F9A1F1815604600AB3EF5 /* Debug */,
				7F9F9A201815604600AB3EF5 /* Release */,
			);
			defaultConfigurationIsVisible = 0;
			defaultConfigurationName = Release;
		};
/* End XCConfigurationList section */
	};
	rootObject = 7F9F99E71815604500AB3EF5 /* Project object */;
}
