// !$*UTF8*$!
{
	archiveVersion = 1;
	classes = {
	};
	objectVersion = 46;
	objects = {

/* Begin PBXBuildFile section */
		7F384C9C17956A8500BF7F93 /* QRWMainScrinViewController.m in Sources */ = {isa = PBXBuildFile; fileRef = 7F384C9A17956A8500BF7F93 /* QRWMainScrinViewController.m */; };
		7F384C9D17956A8500BF7F93 /* QRWMainScrinViewController.xib in Resources */ = {isa = PBXBuildFile; fileRef = 7F384C9B17956A8500BF7F93 /* QRWMainScrinViewController.xib */; };
		7F384CA117956BFD00BF7F93 /* QRWMainStatsViewController.m in Sources */ = {isa = PBXBuildFile; fileRef = 7F384C9F17956BFD00BF7F93 /* QRWMainStatsViewController.m */; };
		7F384CA217956BFD00BF7F93 /* QRWMainStatsViewController.xib in Resources */ = {isa = PBXBuildFile; fileRef = 7F384CA017956BFD00BF7F93 /* QRWMainStatsViewController.xib */; };
		7F6DFA49179E5F4E00421123 /* segmentedControl_separator.png in Resources */ = {isa = PBXBuildFile; fileRef = 7F6DFA48179E5F4E00421123 /* segmentedControl_separator.png */; };
		7F6DFA4D179E608800421123 /* QRWDownloader.m in Sources */ = {isa = PBXBuildFile; fileRef = 7F6DFA4C179E608800421123 /* QRWDownloader.m */; };
		7F6DFA50179E65BE00421123 /* QRWLastOrder.m in Sources */ = {isa = PBXBuildFile; fileRef = 7F6DFA4F179E65BE00421123 /* QRWLastOrder.m */; };
		7F6FB2461795393C0024BB12 /* UIKit.framework in Frameworks */ = {isa = PBXBuildFile; fileRef = 7F6FB2451795393C0024BB12 /* UIKit.framework */; };
		7F6FB2481795393C0024BB12 /* Foundation.framework in Frameworks */ = {isa = PBXBuildFile; fileRef = 7F6FB2471795393C0024BB12 /* Foundation.framework */; };
		7F6FB24A1795393C0024BB12 /* CoreGraphics.framework in Frameworks */ = {isa = PBXBuildFile; fileRef = 7F6FB2491795393C0024BB12 /* CoreGraphics.framework */; };
		7F6FB24C1795393C0024BB12 /* CoreData.framework in Frameworks */ = {isa = PBXBuildFile; fileRef = 7F6FB24B1795393C0024BB12 /* CoreData.framework */; };
		7F6FB2521795393D0024BB12 /* InfoPlist.strings in Resources */ = {isa = PBXBuildFile; fileRef = 7F6FB2501795393D0024BB12 /* InfoPlist.strings */; };
		7F6FB2541795393D0024BB12 /* main.m in Sources */ = {isa = PBXBuildFile; fileRef = 7F6FB2531795393D0024BB12 /* main.m */; };
		7F6FB2581795393D0024BB12 /* QRWAppDelegate.m in Sources */ = {isa = PBXBuildFile; fileRef = 7F6FB2571795393D0024BB12 /* QRWAppDelegate.m */; };
		7F6FB25A1795393D0024BB12 /* Default.png in Resources */ = {isa = PBXBuildFile; fileRef = 7F6FB2591795393D0024BB12 /* Default.png */; };
		7F6FB25C1795393D0024BB12 /* Default@2x.png in Resources */ = {isa = PBXBuildFile; fileRef = 7F6FB25B1795393D0024BB12 /* Default@2x.png */; };
		7F6FB25E1795393D0024BB12 /* Default-568h@2x.png in Resources */ = {isa = PBXBuildFile; fileRef = 7F6FB25D1795393D0024BB12 /* Default-568h@2x.png */; };
		7F6FB2611795393D0024BB12 /* QRealWeb_iOSApp.xcdatamodeld in Sources */ = {isa = PBXBuildFile; fileRef = 7F6FB25F1795393D0024BB12 /* QRealWeb_iOSApp.xcdatamodeld */; };
		7F6FB26A179539A00024BB12 /* Localizable.strings in Resources */ = {isa = PBXBuildFile; fileRef = 7F6FB269179539A00024BB12 /* Localizable.strings */; };
		7F6FB26E179539BD0024BB12 /* large-black-and-white-stripes-a4.jpg in Resources */ = {isa = PBXBuildFile; fileRef = 7F6FB26C179539BD0024BB12 /* large-black-and-white-stripes-a4.jpg */; };
		7F6FB26F179539BD0024BB12 /* Black_white_Apple_background.jpg in Resources */ = {isa = PBXBuildFile; fileRef = 7F6FB26D179539BD0024BB12 /* Black_white_Apple_background.jpg */; };
		7F6FB29817953C6B0024BB12 /* QRWDeployScrinViewController.m in Sources */ = {isa = PBXBuildFile; fileRef = 7F6FB29217953B9B0024BB12 /* QRWDeployScrinViewController.m */; };
		7F6FB29917953C700024BB12 /* QRWLoginScrinViewController.m in Sources */ = {isa = PBXBuildFile; fileRef = 7F6FB29517953BAE0024BB12 /* QRWLoginScrinViewController.m */; };
		7F6FB29A17953C740024BB12 /* QRWProductsViewController.m in Sources */ = {isa = PBXBuildFile; fileRef = 7F6FB28117953A930024BB12 /* QRWProductsViewController.m */; };
		7F6FB29B17953C7C0024BB12 /* QRWToolsScrinViewController.m in Sources */ = {isa = PBXBuildFile; fileRef = 7F6FB28817953AEA0024BB12 /* QRWToolsScrinViewController.m */; };
		7F6FB29C17953C800024BB12 /* QRWToolView.m in Sources */ = {isa = PBXBuildFile; fileRef = 7F6FB28D17953B1F0024BB12 /* QRWToolView.m */; };
		7F6FB29D17953C840024BB12 /* QRWBaseViewController.m in Sources */ = {isa = PBXBuildFile; fileRef = 7F6FB28517953AAE0024BB12 /* QRWBaseViewController.m */; };
		7F6FB29E17953CAD0024BB12 /* QRWDataManager.m in Sources */ = {isa = PBXBuildFile; fileRef = 7F6FB27A17953A2A0024BB12 /* QRWDataManager.m */; };
		7F6FB2A017953CB80024BB12 /* UIButton+Block.m in Sources */ = {isa = PBXBuildFile; fileRef = 7F6FB27517953A020024BB12 /* UIButton+Block.m */; };
		7F6FB2A117953CBC0024BB12 /* UIDevice+Resolutions.m in Sources */ = {isa = PBXBuildFile; fileRef = 7F6FB27717953A020024BB12 /* UIDevice+Resolutions.m */; };
		7F6FB2A217953CC20024BB12 /* iCarousel.m in Sources */ = {isa = PBXBuildFile; fileRef = 7F6FB272179539D90024BB12 /* iCarousel.m */; };
		7F6FB2A417953D7E0024BB12 /* QuartzCore.framework in Frameworks */ = {isa = PBXBuildFile; fileRef = 7F6FB2A317953D7D0024BB12 /* QuartzCore.framework */; };
		7F6FB2A517953FFD0024BB12 /* QRWLoginScrinViewController.xib in Resources */ = {isa = PBXBuildFile; fileRef = 7F6FB29717953BAE0024BB12 /* QRWLoginScrinViewController.xib */; };
		7F6FB2A61795400B0024BB12 /* QRWProductsViewController.xib in Resources */ = {isa = PBXBuildFile; fileRef = 7F6FB28317953A930024BB12 /* QRWProductsViewController.xib */; };
		7F6FB2A7179540100024BB12 /* QRWDeployScrinViewController.xib in Resources */ = {isa = PBXBuildFile; fileRef = 7F6FB29317953B9B0024BB12 /* QRWDeployScrinViewController.xib */; };
		7F6FB2A8179540160024BB12 /* QRWToolsScrinViewController.xib in Resources */ = {isa = PBXBuildFile; fileRef = 7F6FB28A17953AEA0024BB12 /* QRWToolsScrinViewController.xib */; };
		7F6FB2B1179541460024BB12 /* dashboardIcon.jpg in Resources */ = {isa = PBXBuildFile; fileRef = 7F6FB2A9179541460024BB12 /* dashboardIcon.jpg */; };
		7F6FB2B2179541460024BB12 /* discountsIcon.jpg in Resources */ = {isa = PBXBuildFile; fileRef = 7F6FB2AA179541460024BB12 /* discountsIcon.jpg */; };
		7F6FB2B3179541460024BB12 /* logoutIcon.jpg in Resources */ = {isa = PBXBuildFile; fileRef = 7F6FB2AB179541460024BB12 /* logoutIcon.jpg */; };
		7F6FB2B4179541460024BB12 /* productsIcon.jpg in Resources */ = {isa = PBXBuildFile; fileRef = 7F6FB2AC179541460024BB12 /* productsIcon.jpg */; };
		7F6FB2B5179541460024BB12 /* reviewsIcon.jpg in Resources */ = {isa = PBXBuildFile; fileRef = 7F6FB2AD179541460024BB12 /* reviewsIcon.jpg */; };
		7F6FB2B6179541460024BB12 /* toolsScrinBackground.jpg in Resources */ = {isa = PBXBuildFile; fileRef = 7F6FB2AE179541460024BB12 /* toolsScrinBackground.jpg */; };
		7F6FB2B7179541460024BB12 /* topBarBackground.jpg in Resources */ = {isa = PBXBuildFile; fileRef = 7F6FB2AF179541460024BB12 /* topBarBackground.jpg */; };
		7F6FB2B8179541460024BB12 /* usersIcon.jpg in Resources */ = {isa = PBXBuildFile; fileRef = 7F6FB2B0179541460024BB12 /* usersIcon.jpg */; };
		7FBDFA0317A6AD17004B6CB8 /* QRWTopSellersTopProductsTableViewCell.m in Sources */ = {isa = PBXBuildFile; fileRef = 7FBDFA0217A6AD17004B6CB8 /* QRWTopSellersTopProductsTableViewCell.m */; };
		7FBDFA0517A6AD84004B6CB8 /* QRWTopSellersTopProductsTableViewCell.xib in Resources */ = {isa = PBXBuildFile; fileRef = 7FBDFA0417A6AD84004B6CB8 /* QRWTopSellersTopProductsTableViewCell.xib */; };
		7FBDFA0917A6B071004B6CB8 /* QRWTopSellersTopCategoriesTableViewCell.xib in Resources */ = {isa = PBXBuildFile; fileRef = 7FBDFA0817A6B071004B6CB8 /* QRWTopSellersTopCategoriesTableViewCell.xib */; };
		7FBDFA0C17A6B083004B6CB8 /* QRWTopSellersTopCategoriesTableViewCell.m in Sources */ = {isa = PBXBuildFile; fileRef = 7FBDFA0B17A6B083004B6CB8 /* QRWTopSellersTopCategoriesTableViewCell.m */; };
		7FBDFA0F17A6B6D3004B6CB8 /* QRWTopProducts.m in Sources */ = {isa = PBXBuildFile; fileRef = 7FBDFA0E17A6B6D3004B6CB8 /* QRWTopProducts.m */; };
		7FBDFA1217A8FD9C004B6CB8 /* QRWTopCategories.m in Sources */ = {isa = PBXBuildFile; fileRef = 7FBDFA1117A8FD9B004B6CB8 /* QRWTopCategories.m */; };
		7FBDFA1517A905C5004B6CB8 /* QRWProductInTop.m in Sources */ = {isa = PBXBuildFile; fileRef = 7FBDFA1417A905C4004B6CB8 /* QRWProductInTop.m */; };
		7FBDFA1817A905F2004B6CB8 /* QRWCategoryInTop.m in Sources */ = {isa = PBXBuildFile; fileRef = 7FBDFA1717A905F1004B6CB8 /* QRWCategoryInTop.m */; };
		7FBDFA1B17A9149D004B6CB8 /* JSONKit.m in Sources */ = {isa = PBXBuildFile; fileRef = 7FBDFA1A17A913FC004B6CB8 /* JSONKit.m */; settings = {COMPILER_FLAGS = "-fno-objc-arc"; }; };
		7FBDFA2317AA7612004B6CB8 /* QRWProductInOrder.m in Sources */ = {isa = PBXBuildFile; fileRef = 7FBDFA2217AA7612004B6CB8 /* QRWProductInOrder.m */; };
		7FBDFA2817AA7EDD004B6CB8 /* QRWProductsLastorderDashboardViewController.m in Sources */ = {isa = PBXBuildFile; fileRef = 7FBDFA2617AA7EDD004B6CB8 /* QRWProductsLastorderDashboardViewController.m */; };
		7FBDFA2917AA7EDD004B6CB8 /* QRWProductsLastorderDashboardViewController.xib in Resources */ = {isa = PBXBuildFile; fileRef = 7FBDFA2717AA7EDD004B6CB8 /* QRWProductsLastorderDashboardViewController.xib */; };
		7FBDFA2B17AA8040004B6CB8 /* Exit.png in Resources */ = {isa = PBXBuildFile; fileRef = 7FBDFA2A17AA8040004B6CB8 /* Exit.png */; };
		7FBDFA2F17AA81BE004B6CB8 /* QRWProductInLastOrderCell.m in Sources */ = {isa = PBXBuildFile; fileRef = 7FBDFA2E17AA81BE004B6CB8 /* QRWProductInLastOrderCell.m */; };
		7FBDFA3117AA81F1004B6CB8 /* QRWProductInLastOrderCell.xib in Resources */ = {isa = PBXBuildFile; fileRef = 7FBDFA3017AA81F0004B6CB8 /* QRWProductInLastOrderCell.xib */; };
		7FBDFA3417AAA795004B6CB8 /* QRWOrdersStatisticCell.xib in Resources */ = {isa = PBXBuildFile; fileRef = 7FBDFA3317AAA795004B6CB8 /* QRWOrdersStatisticCell.xib */; };
		7FBDFA3717AAA7B7004B6CB8 /* QRWOrdersStatisticCell.m in Sources */ = {isa = PBXBuildFile; fileRef = 7FBDFA3617AAA7B5004B6CB8 /* QRWOrdersStatisticCell.m */; };
		7FBDFA3A17ABAB81004B6CB8 /* QRWUser.m in Sources */ = {isa = PBXBuildFile; fileRef = 7FBDFA3917ABAB81004B6CB8 /* QRWUser.m */; };
		7FBDFA3D17ABAC9F004B6CB8 /* QRWUsers.m in Sources */ = {isa = PBXBuildFile; fileRef = 7FBDFA3C17ABAC9D004B6CB8 /* QRWUsers.m */; };
		7FBDFA4217ABC095004B6CB8 /* QRWUsersViewController.m in Sources */ = {isa = PBXBuildFile; fileRef = 7FBDFA4017ABC095004B6CB8 /* QRWUsersViewController.m */; };
		7FBDFA4317ABC095004B6CB8 /* QRWUsersViewController.xib in Resources */ = {isa = PBXBuildFile; fileRef = 7FBDFA4117ABC095004B6CB8 /* QRWUsersViewController.xib */; };
		7FBDFA4617ABC7DC004B6CB8 /* QRWUserCell.m in Sources */ = {isa = PBXBuildFile; fileRef = 7FBDFA4517ABC7DB004B6CB8 /* QRWUserCell.m */; };
		7FBDFA4917ABC825004B6CB8 /* QRWUserCell.xib in Resources */ = {isa = PBXBuildFile; fileRef = 7FBDFA4817ABC825004B6CB8 /* QRWUserCell.xib */; };
		7FBDFA4D17ABD439004B6CB8 /* QRWUsersSortedByTableViewController.m in Sources */ = {isa = PBXBuildFile; fileRef = 7FBDFA4C17ABD439004B6CB8 /* QRWUsersSortedByTableViewController.m */; };
		7FBDFA4F17ABD5E0004B6CB8 /* QRWUsersSortedByTableViewController.xib in Resources */ = {isa = PBXBuildFile; fileRef = 7FBDFA4E17ABD5DF004B6CB8 /* QRWUsersSortedByTableViewController.xib */; };
		7FBDFA5817ABE3A4004B6CB8 /* FPPopoverController.m in Sources */ = {isa = PBXBuildFile; fileRef = 7FBDFA5717ABE3A4004B6CB8 /* FPPopoverController.m */; };
		7FBDFA5917ABE3AF004B6CB8 /* FPPopoverView.m in Sources */ = {isa = PBXBuildFile; fileRef = 7FBDFA5317ABE398004B6CB8 /* FPPopoverView.m */; };
		7FBDFA5A17ABE3B4004B6CB8 /* FPTouchView.m in Sources */ = {isa = PBXBuildFile; fileRef = 7FBDFA5517ABE398004B6CB8 /* FPTouchView.m */; };
		7FD6E3AC1796888A006B3440 /* QRWDashboardViewController.m in Sources */ = {isa = PBXBuildFile; fileRef = 7FD6E3AA17968889006B3440 /* QRWDashboardViewController.m */; };
		7FD6E3AD1796888A006B3440 /* QRWDashboardViewController.xib in Resources */ = {isa = PBXBuildFile; fileRef = 7FD6E3AB1796888A006B3440 /* QRWDashboardViewController.xib */; };
		7FD6E3B11796BA24006B3440 /* UIColor+hex.m in Sources */ = {isa = PBXBuildFile; fileRef = 7FD6E3B01796BA24006B3440 /* UIColor+hex.m */; };
		968B1758179DC3A800D8D8C9 /* QRWInformationDashboardViewController.m in Sources */ = {isa = PBXBuildFile; fileRef = 968B1756179DC3A800D8D8C9 /* QRWInformationDashboardViewController.m */; };
		968B1759179DC3A800D8D8C9 /* QRWInformationDashboardViewController.xib in Resources */ = {isa = PBXBuildFile; fileRef = 968B1757179DC3A800D8D8C9 /* QRWInformationDashboardViewController.xib */; };
		968B175D179DC3ED00D8D8C9 /* QRWBaseDashboardPageViewController.m in Sources */ = {isa = PBXBuildFile; fileRef = 968B175C179DC3ED00D8D8C9 /* QRWBaseDashboardPageViewController.m */; };
		968B1770179DCEB300D8D8C9 /* subtitle_information.png in Resources */ = {isa = PBXBuildFile; fileRef = 968B1769179DCEB300D8D8C9 /* subtitle_information.png */; };
		968B1771179DCEB300D8D8C9 /* subtitle_last_order.png in Resources */ = {isa = PBXBuildFile; fileRef = 968B176A179DCEB300D8D8C9 /* subtitle_last_order.png */; };
		968B1772179DCEB300D8D8C9 /* subtitle_orders_info.png in Resources */ = {isa = PBXBuildFile; fileRef = 968B176B179DCEB300D8D8C9 /* subtitle_orders_info.png */; };
		968B1773179DCEB300D8D8C9 /* subtitle_top10categories.png in Resources */ = {isa = PBXBuildFile; fileRef = 968B176C179DCEB300D8D8C9 /* subtitle_top10categories.png */; };
		968B1774179DCEB300D8D8C9 /* subtitle_top10products.png in Resources */ = {isa = PBXBuildFile; fileRef = 968B176D179DCEB300D8D8C9 /* subtitle_top10products.png */; };
		968B1776179DCEB300D8D8C9 /* subtitle.png in Resources */ = {isa = PBXBuildFile; fileRef = 968B176F179DCEB300D8D8C9 /* subtitle.png */; };
		968B177B179DCEFF00D8D8C9 /* QRWLastOrderDashboardViewController.m in Sources */ = {isa = PBXBuildFile; fileRef = 968B1779179DCEFF00D8D8C9 /* QRWLastOrderDashboardViewController.m */; };
		968B177C179DCEFF00D8D8C9 /* QRWLastOrderDashboardViewController.xib in Resources */ = {isa = PBXBuildFile; fileRef = 968B177A179DCEFF00D8D8C9 /* QRWLastOrderDashboardViewController.xib */; };
		968B1781179DD01200D8D8C9 /* QRWOrdersInfoDashboardViewController.m in Sources */ = {isa = PBXBuildFile; fileRef = 968B177F179DD01200D8D8C9 /* QRWOrdersInfoDashboardViewController.m */; };
		968B1782179DD01200D8D8C9 /* QRWOrdersInfoDashboardViewController.xib in Resources */ = {isa = PBXBuildFile; fileRef = 968B1780179DD01200D8D8C9 /* QRWOrdersInfoDashboardViewController.xib */; };
		968B1787179DD0AE00D8D8C9 /* QRWTopSellersDashboardViewController.m in Sources */ = {isa = PBXBuildFile; fileRef = 968B1785179DD0AE00D8D8C9 /* QRWTopSellersDashboardViewController.m */; };
		968B1788179DD0AE00D8D8C9 /* QRWTopSellersDashboardViewController.xib in Resources */ = {isa = PBXBuildFile; fileRef = 968B1786179DD0AE00D8D8C9 /* QRWTopSellersDashboardViewController.xib */; };
		968B178A179DD28A00D8D8C9 /* subtitle_topsellers.png in Resources */ = {isa = PBXBuildFile; fileRef = 968B1789179DD28900D8D8C9 /* subtitle_topsellers.png */; };
		968B1798179DFA4C00D8D8C9 /* topBarBackground.png in Resources */ = {isa = PBXBuildFile; fileRef = 968B1797179DFA4C00D8D8C9 /* topBarBackground.png */; };
		968B179D179DFD2200D8D8C9 /* button_since_last_login.jpg in Resources */ = {isa = PBXBuildFile; fileRef = 968B1799179DFD2200D8D8C9 /* button_since_last_login.jpg */; };
		968B179E179DFD2200D8D8C9 /* button_this_month.jpg in Resources */ = {isa = PBXBuildFile; fileRef = 968B179A179DFD2200D8D8C9 /* button_this_month.jpg */; };
		968B179F179DFD2200D8D8C9 /* button_this_week.jpg in Resources */ = {isa = PBXBuildFile; fileRef = 968B179B179DFD2200D8D8C9 /* button_this_week.jpg */; };
		968B17A0179DFD2200D8D8C9 /* button_today.jpg in Resources */ = {isa = PBXBuildFile; fileRef = 968B179C179DFD2200D8D8C9 /* button_today.jpg */; };
		968B17A517AAE48300D8D8C9 /* active_button_since_last_login.png in Resources */ = {isa = PBXBuildFile; fileRef = 968B17A117AAE47B00D8D8C9 /* active_button_since_last_login.png */; };
		968B17A617AAE48300D8D8C9 /* active_button_this_month.png in Resources */ = {isa = PBXBuildFile; fileRef = 968B17A217AAE47D00D8D8C9 /* active_button_this_month.png */; };
		968B17A717AAE48300D8D8C9 /* active_button_this_week.png in Resources */ = {isa = PBXBuildFile; fileRef = 968B17A317AAE48000D8D8C9 /* active_button_this_week.png */; };
		968B17A817AAE48300D8D8C9 /* active_button_today.png in Resources */ = {isa = PBXBuildFile; fileRef = 968B17A417AAE48100D8D8C9 /* active_button_today.png */; };
		968B17AC17AAF56300D8D8C9 /* title_welcome_to.png in Resources */ = {isa = PBXBuildFile; fileRef = 968B17AB17AAF56300D8D8C9 /* title_welcome_to.png */; };
		968B17AE17AAF60500D8D8C9 /* button_login.png in Resources */ = {isa = PBXBuildFile; fileRef = 968B17AD17AAF60500D8D8C9 /* button_login.png */; };
/* End PBXBuildFile section */

/* Begin PBXFileReference section */
		7F384C9917956A8500BF7F93 /* QRWMainScrinViewController.h */ = {isa = PBXFileReference; fileEncoding = 4; lastKnownFileType = sourcecode.c.h; path = QRWMainScrinViewController.h; sourceTree = "<group>"; };
		7F384C9A17956A8500BF7F93 /* QRWMainScrinViewController.m */ = {isa = PBXFileReference; fileEncoding = 4; lastKnownFileType = sourcecode.c.objc; path = QRWMainScrinViewController.m; sourceTree = "<group>"; };
		7F384C9B17956A8500BF7F93 /* QRWMainScrinViewController.xib */ = {isa = PBXFileReference; fileEncoding = 4; lastKnownFileType = file.xib; path = QRWMainScrinViewController.xib; sourceTree = "<group>"; };
		7F384C9E17956BFD00BF7F93 /* QRWMainStatsViewController.h */ = {isa = PBXFileReference; fileEncoding = 4; lastKnownFileType = sourcecode.c.h; path = QRWMainStatsViewController.h; sourceTree = "<group>"; };
		7F384C9F17956BFD00BF7F93 /* QRWMainStatsViewController.m */ = {isa = PBXFileReference; fileEncoding = 4; lastKnownFileType = sourcecode.c.objc; path = QRWMainStatsViewController.m; sourceTree = "<group>"; };
		7F384CA017956BFD00BF7F93 /* QRWMainStatsViewController.xib */ = {isa = PBXFileReference; fileEncoding = 4; lastKnownFileType = file.xib; path = QRWMainStatsViewController.xib; sourceTree = "<group>"; };
		7F6DFA48179E5F4E00421123 /* segmentedControl_separator.png */ = {isa = PBXFileReference; lastKnownFileType = image.png; path = segmentedControl_separator.png; sourceTree = "<group>"; };
		7F6DFA4B179E608800421123 /* QRWDownloader.h */ = {isa = PBXFileReference; fileEncoding = 4; lastKnownFileType = sourcecode.c.h; path = QRWDownloader.h; sourceTree = "<group>"; };
		7F6DFA4C179E608800421123 /* QRWDownloader.m */ = {isa = PBXFileReference; fileEncoding = 4; lastKnownFileType = sourcecode.c.objc; path = QRWDownloader.m; sourceTree = "<group>"; };
		7F6DFA4E179E65BE00421123 /* QRWLastOrder.h */ = {isa = PBXFileReference; fileEncoding = 4; lastKnownFileType = sourcecode.c.h; path = QRWLastOrder.h; sourceTree = "<group>"; };
		7F6DFA4F179E65BE00421123 /* QRWLastOrder.m */ = {isa = PBXFileReference; fileEncoding = 4; lastKnownFileType = sourcecode.c.objc; path = QRWLastOrder.m; sourceTree = "<group>"; };
		7F6DFA51179E66F000421123 /* URLsList.h */ = {isa = PBXFileReference; lastKnownFileType = sourcecode.c.h; path = URLsList.h; sourceTree = "<group>"; };
		7F6FB2421795393C0024BB12 /* QRealWeb_iOSApp.app */ = {isa = PBXFileReference; explicitFileType = wrapper.application; includeInIndex = 0; path = QRealWeb_iOSApp.app; sourceTree = BUILT_PRODUCTS_DIR; };
		7F6FB2451795393C0024BB12 /* UIKit.framework */ = {isa = PBXFileReference; lastKnownFileType = wrapper.framework; name = UIKit.framework; path = System/Library/Frameworks/UIKit.framework; sourceTree = SDKROOT; };
		7F6FB2471795393C0024BB12 /* Foundation.framework */ = {isa = PBXFileReference; lastKnownFileType = wrapper.framework; name = Foundation.framework; path = System/Library/Frameworks/Foundation.framework; sourceTree = SDKROOT; };
		7F6FB2491795393C0024BB12 /* CoreGraphics.framework */ = {isa = PBXFileReference; lastKnownFileType = wrapper.framework; name = CoreGraphics.framework; path = System/Library/Frameworks/CoreGraphics.framework; sourceTree = SDKROOT; };
		7F6FB24B1795393C0024BB12 /* CoreData.framework */ = {isa = PBXFileReference; lastKnownFileType = wrapper.framework; name = CoreData.framework; path = System/Library/Frameworks/CoreData.framework; sourceTree = SDKROOT; };
		7F6FB24F1795393C0024BB12 /* QRealWeb_iOSApp-Info.plist */ = {isa = PBXFileReference; lastKnownFileType = text.plist.xml; path = "QRealWeb_iOSApp-Info.plist"; sourceTree = "<group>"; };
		7F6FB2511795393D0024BB12 /* en */ = {isa = PBXFileReference; lastKnownFileType = text.plist.strings; name = en; path = en.lproj/InfoPlist.strings; sourceTree = "<group>"; };
		7F6FB2531795393D0024BB12 /* main.m */ = {isa = PBXFileReference; lastKnownFileType = sourcecode.c.objc; path = main.m; sourceTree = "<group>"; };
		7F6FB2551795393D0024BB12 /* QRealWeb_iOSApp-Prefix.pch */ = {isa = PBXFileReference; lastKnownFileType = sourcecode.c.h; path = "QRealWeb_iOSApp-Prefix.pch"; sourceTree = "<group>"; };
		7F6FB2561795393D0024BB12 /* QRWAppDelegate.h */ = {isa = PBXFileReference; lastKnownFileType = sourcecode.c.h; path = QRWAppDelegate.h; sourceTree = "<group>"; };
		7F6FB2571795393D0024BB12 /* QRWAppDelegate.m */ = {isa = PBXFileReference; lastKnownFileType = sourcecode.c.objc; path = QRWAppDelegate.m; sourceTree = "<group>"; };
		7F6FB2591795393D0024BB12 /* Default.png */ = {isa = PBXFileReference; lastKnownFileType = image.png; path = Default.png; sourceTree = "<group>"; };
		7F6FB25B1795393D0024BB12 /* Default@2x.png */ = {isa = PBXFileReference; lastKnownFileType = image.png; path = "Default@2x.png"; sourceTree = "<group>"; };
		7F6FB25D1795393D0024BB12 /* Default-568h@2x.png */ = {isa = PBXFileReference; lastKnownFileType = image.png; path = "Default-568h@2x.png"; sourceTree = "<group>"; };
		7F6FB2601795393D0024BB12 /* QRealWeb_iOSApp.xcdatamodel */ = {isa = PBXFileReference; lastKnownFileType = wrapper.xcdatamodel; path = QRealWeb_iOSApp.xcdatamodel; sourceTree = "<group>"; };
		7F6FB269179539A00024BB12 /* Localizable.strings */ = {isa = PBXFileReference; fileEncoding = 4; lastKnownFileType = text.plist.strings; path = Localizable.strings; sourceTree = "<group>"; };
		7F6FB26B179539AA0024BB12 /* constants.h */ = {isa = PBXFileReference; lastKnownFileType = sourcecode.c.h; path = constants.h; sourceTree = "<group>"; };
		7F6FB26C179539BD0024BB12 /* large-black-and-white-stripes-a4.jpg */ = {isa = PBXFileReference; lastKnownFileType = image.jpeg; path = "large-black-and-white-stripes-a4.jpg"; sourceTree = "<group>"; };
		7F6FB26D179539BD0024BB12 /* Black_white_Apple_background.jpg */ = {isa = PBXFileReference; lastKnownFileType = image.jpeg; path = Black_white_Apple_background.jpg; sourceTree = "<group>"; };
		7F6FB271179539D90024BB12 /* iCarousel.h */ = {isa = PBXFileReference; lastKnownFileType = sourcecode.c.h; path = iCarousel.h; sourceTree = "<group>"; };
		7F6FB272179539D90024BB12 /* iCarousel.m */ = {isa = PBXFileReference; lastKnownFileType = sourcecode.c.objc; path = iCarousel.m; sourceTree = "<group>"; };
		7F6FB27417953A020024BB12 /* UIButton+Block.h */ = {isa = PBXFileReference; lastKnownFileType = sourcecode.c.h; path = "UIButton+Block.h"; sourceTree = "<group>"; };
		7F6FB27517953A020024BB12 /* UIButton+Block.m */ = {isa = PBXFileReference; lastKnownFileType = sourcecode.c.objc; path = "UIButton+Block.m"; sourceTree = "<group>"; };
		7F6FB27617953A020024BB12 /* UIDevice+Resolutions.h */ = {isa = PBXFileReference; lastKnownFileType = sourcecode.c.h; path = "UIDevice+Resolutions.h"; sourceTree = "<group>"; };
		7F6FB27717953A020024BB12 /* UIDevice+Resolutions.m */ = {isa = PBXFileReference; lastKnownFileType = sourcecode.c.objc; path = "UIDevice+Resolutions.m"; sourceTree = "<group>"; };
		7F6FB27917953A2A0024BB12 /* QRWDataManager.h */ = {isa = PBXFileReference; lastKnownFileType = sourcecode.c.h; path = QRWDataManager.h; sourceTree = "<group>"; };
		7F6FB27A17953A2A0024BB12 /* QRWDataManager.m */ = {isa = PBXFileReference; lastKnownFileType = sourcecode.c.objc; path = QRWDataManager.m; sourceTree = "<group>"; };
		7F6FB28017953A930024BB12 /* QRWProductsViewController.h */ = {isa = PBXFileReference; lastKnownFileType = sourcecode.c.h; path = QRWProductsViewController.h; sourceTree = "<group>"; };
		7F6FB28117953A930024BB12 /* QRWProductsViewController.m */ = {isa = PBXFileReference; lastKnownFileType = sourcecode.c.objc; path = QRWProductsViewController.m; sourceTree = "<group>"; };
		7F6FB28317953A930024BB12 /* QRWProductsViewController.xib */ = {isa = PBXFileReference; lastKnownFileType = file.xib; path = QRWProductsViewController.xib; sourceTree = "<group>"; };
		7F6FB28417953AAE0024BB12 /* QRWBaseViewController.h */ = {isa = PBXFileReference; lastKnownFileType = sourcecode.c.h; path = QRWBaseViewController.h; sourceTree = "<group>"; };
		7F6FB28517953AAE0024BB12 /* QRWBaseViewController.m */ = {isa = PBXFileReference; lastKnownFileType = sourcecode.c.objc; path = QRWBaseViewController.m; sourceTree = "<group>"; };
		7F6FB28717953AEA0024BB12 /* QRWToolsScrinViewController.h */ = {isa = PBXFileReference; lastKnownFileType = sourcecode.c.h; path = QRWToolsScrinViewController.h; sourceTree = "<group>"; };
		7F6FB28817953AEA0024BB12 /* QRWToolsScrinViewController.m */ = {isa = PBXFileReference; lastKnownFileType = sourcecode.c.objc; path = QRWToolsScrinViewController.m; sourceTree = "<group>"; };
		7F6FB28A17953AEA0024BB12 /* QRWToolsScrinViewController.xib */ = {isa = PBXFileReference; lastKnownFileType = file.xib; path = QRWToolsScrinViewController.xib; sourceTree = "<group>"; };
		7F6FB28C17953B1F0024BB12 /* QRWToolView.h */ = {isa = PBXFileReference; lastKnownFileType = sourcecode.c.h; path = QRWToolView.h; sourceTree = "<group>"; };
		7F6FB28D17953B1F0024BB12 /* QRWToolView.m */ = {isa = PBXFileReference; lastKnownFileType = sourcecode.c.objc; path = QRWToolView.m; sourceTree = "<group>"; };
		7F6FB29117953B9B0024BB12 /* QRWDeployScrinViewController.h */ = {isa = PBXFileReference; lastKnownFileType = sourcecode.c.h; path = QRWDeployScrinViewController.h; sourceTree = "<group>"; };
		7F6FB29217953B9B0024BB12 /* QRWDeployScrinViewController.m */ = {isa = PBXFileReference; lastKnownFileType = sourcecode.c.objc; path = QRWDeployScrinViewController.m; sourceTree = "<group>"; };
		7F6FB29317953B9B0024BB12 /* QRWDeployScrinViewController.xib */ = {isa = PBXFileReference; lastKnownFileType = file.xib; path = QRWDeployScrinViewController.xib; sourceTree = "<group>"; };
		7F6FB29417953BAE0024BB12 /* QRWLoginScrinViewController.h */ = {isa = PBXFileReference; lastKnownFileType = sourcecode.c.h; path = QRWLoginScrinViewController.h; sourceTree = "<group>"; };
		7F6FB29517953BAE0024BB12 /* QRWLoginScrinViewController.m */ = {isa = PBXFileReference; lastKnownFileType = sourcecode.c.objc; path = QRWLoginScrinViewController.m; sourceTree = "<group>"; };
		7F6FB29717953BAE0024BB12 /* QRWLoginScrinViewController.xib */ = {isa = PBXFileReference; lastKnownFileType = file.xib; path = QRWLoginScrinViewController.xib; sourceTree = "<group>"; };
		7F6FB2A317953D7D0024BB12 /* QuartzCore.framework */ = {isa = PBXFileReference; lastKnownFileType = wrapper.framework; name = QuartzCore.framework; path = System/Library/Frameworks/QuartzCore.framework; sourceTree = SDKROOT; };
		7F6FB2A9179541460024BB12 /* dashboardIcon.jpg */ = {isa = PBXFileReference; lastKnownFileType = image.jpeg; path = dashboardIcon.jpg; sourceTree = "<group>"; };
		7F6FB2AA179541460024BB12 /* discountsIcon.jpg */ = {isa = PBXFileReference; lastKnownFileType = image.jpeg; path = discountsIcon.jpg; sourceTree = "<group>"; };
		7F6FB2AB179541460024BB12 /* logoutIcon.jpg */ = {isa = PBXFileReference; lastKnownFileType = image.jpeg; path = logoutIcon.jpg; sourceTree = "<group>"; };
		7F6FB2AC179541460024BB12 /* productsIcon.jpg */ = {isa = PBXFileReference; lastKnownFileType = image.jpeg; path = productsIcon.jpg; sourceTree = "<group>"; };
		7F6FB2AD179541460024BB12 /* reviewsIcon.jpg */ = {isa = PBXFileReference; lastKnownFileType = image.jpeg; path = reviewsIcon.jpg; sourceTree = "<group>"; };
		7F6FB2AE179541460024BB12 /* toolsScrinBackground.jpg */ = {isa = PBXFileReference; lastKnownFileType = image.jpeg; path = toolsScrinBackground.jpg; sourceTree = "<group>"; };
		7F6FB2AF179541460024BB12 /* topBarBackground.jpg */ = {isa = PBXFileReference; lastKnownFileType = image.jpeg; path = topBarBackground.jpg; sourceTree = "<group>"; };
		7F6FB2B0179541460024BB12 /* usersIcon.jpg */ = {isa = PBXFileReference; lastKnownFileType = image.jpeg; path = usersIcon.jpg; sourceTree = "<group>"; };
		7FBDFA0117A6AD17004B6CB8 /* QRWTopSellersTopProductsTableViewCell.h */ = {isa = PBXFileReference; fileEncoding = 4; lastKnownFileType = sourcecode.c.h; path = QRWTopSellersTopProductsTableViewCell.h; sourceTree = "<group>"; };
		7FBDFA0217A6AD17004B6CB8 /* QRWTopSellersTopProductsTableViewCell.m */ = {isa = PBXFileReference; fileEncoding = 4; lastKnownFileType = sourcecode.c.objc; path = QRWTopSellersTopProductsTableViewCell.m; sourceTree = "<group>"; };
		7FBDFA0417A6AD84004B6CB8 /* QRWTopSellersTopProductsTableViewCell.xib */ = {isa = PBXFileReference; fileEncoding = 4; lastKnownFileType = file.xib; path = QRWTopSellersTopProductsTableViewCell.xib; sourceTree = "<group>"; };
		7FBDFA0817A6B071004B6CB8 /* QRWTopSellersTopCategoriesTableViewCell.xib */ = {isa = PBXFileReference; fileEncoding = 4; lastKnownFileType = file.xib; path = QRWTopSellersTopCategoriesTableViewCell.xib; sourceTree = "<group>"; };
		7FBDFA0A17A6B083004B6CB8 /* QRWTopSellersTopCategoriesTableViewCell.h */ = {isa = PBXFileReference; fileEncoding = 4; lastKnownFileType = sourcecode.c.h; path = QRWTopSellersTopCategoriesTableViewCell.h; sourceTree = "<group>"; };
		7FBDFA0B17A6B083004B6CB8 /* QRWTopSellersTopCategoriesTableViewCell.m */ = {isa = PBXFileReference; fileEncoding = 4; lastKnownFileType = sourcecode.c.objc; path = QRWTopSellersTopCategoriesTableViewCell.m; sourceTree = "<group>"; };
		7FBDFA0D17A6B6D3004B6CB8 /* QRWTopProducts.h */ = {isa = PBXFileReference; fileEncoding = 4; lastKnownFileType = sourcecode.c.h; path = QRWTopProducts.h; sourceTree = "<group>"; };
		7FBDFA0E17A6B6D3004B6CB8 /* QRWTopProducts.m */ = {isa = PBXFileReference; fileEncoding = 4; lastKnownFileType = sourcecode.c.objc; path = QRWTopProducts.m; sourceTree = "<group>"; };
		7FBDFA1017A8FD99004B6CB8 /* QRWTopCategories.h */ = {isa = PBXFileReference; fileEncoding = 4; lastKnownFileType = sourcecode.c.h; path = QRWTopCategories.h; sourceTree = "<group>"; };
		7FBDFA1117A8FD9B004B6CB8 /* QRWTopCategories.m */ = {isa = PBXFileReference; fileEncoding = 4; lastKnownFileType = sourcecode.c.objc; path = QRWTopCategories.m; sourceTree = "<group>"; };
		7FBDFA1317A905C3004B6CB8 /* QRWProductInTop.h */ = {isa = PBXFileReference; fileEncoding = 4; lastKnownFileType = sourcecode.c.h; path = QRWProductInTop.h; sourceTree = "<group>"; };
		7FBDFA1417A905C4004B6CB8 /* QRWProductInTop.m */ = {isa = PBXFileReference; fileEncoding = 4; lastKnownFileType = sourcecode.c.objc; path = QRWProductInTop.m; sourceTree = "<group>"; };
		7FBDFA1617A905F1004B6CB8 /* QRWCategoryInTop.h */ = {isa = PBXFileReference; fileEncoding = 4; lastKnownFileType = sourcecode.c.h; path = QRWCategoryInTop.h; sourceTree = "<group>"; };
		7FBDFA1717A905F1004B6CB8 /* QRWCategoryInTop.m */ = {isa = PBXFileReference; fileEncoding = 4; lastKnownFileType = sourcecode.c.objc; path = QRWCategoryInTop.m; sourceTree = "<group>"; };
		7FBDFA1917A913FC004B6CB8 /* JSONKit.h */ = {isa = PBXFileReference; lastKnownFileType = sourcecode.c.h; path = JSONKit.h; sourceTree = "<group>"; };
		7FBDFA1A17A913FC004B6CB8 /* JSONKit.m */ = {isa = PBXFileReference; lastKnownFileType = sourcecode.c.objc; path = JSONKit.m; sourceTree = "<group>"; };
		7FBDFA2117AA7612004B6CB8 /* QRWProductInOrder.h */ = {isa = PBXFileReference; fileEncoding = 4; lastKnownFileType = sourcecode.c.h; path = QRWProductInOrder.h; sourceTree = "<group>"; };
		7FBDFA2217AA7612004B6CB8 /* QRWProductInOrder.m */ = {isa = PBXFileReference; fileEncoding = 4; lastKnownFileType = sourcecode.c.objc; path = QRWProductInOrder.m; sourceTree = "<group>"; };
		7FBDFA2517AA7EDD004B6CB8 /* QRWProductsLastorderDashboardViewController.h */ = {isa = PBXFileReference; fileEncoding = 4; lastKnownFileType = sourcecode.c.h; path = QRWProductsLastorderDashboardViewController.h; sourceTree = "<group>"; };
		7FBDFA2617AA7EDD004B6CB8 /* QRWProductsLastorderDashboardViewController.m */ = {isa = PBXFileReference; fileEncoding = 4; lastKnownFileType = sourcecode.c.objc; path = QRWProductsLastorderDashboardViewController.m; sourceTree = "<group>"; };
		7FBDFA2717AA7EDD004B6CB8 /* QRWProductsLastorderDashboardViewController.xib */ = {isa = PBXFileReference; fileEncoding = 4; lastKnownFileType = file.xib; path = QRWProductsLastorderDashboardViewController.xib; sourceTree = "<group>"; };
		7FBDFA2A17AA8040004B6CB8 /* Exit.png */ = {isa = PBXFileReference; lastKnownFileType = image.png; path = Exit.png; sourceTree = "<group>"; };
		7FBDFA2D17AA81BE004B6CB8 /* QRWProductInLastOrderCell.h */ = {isa = PBXFileReference; fileEncoding = 4; lastKnownFileType = sourcecode.c.h; path = QRWProductInLastOrderCell.h; sourceTree = "<group>"; };
		7FBDFA2E17AA81BE004B6CB8 /* QRWProductInLastOrderCell.m */ = {isa = PBXFileReference; fileEncoding = 4; lastKnownFileType = sourcecode.c.objc; path = QRWProductInLastOrderCell.m; sourceTree = "<group>"; };
		7FBDFA3017AA81F0004B6CB8 /* QRWProductInLastOrderCell.xib */ = {isa = PBXFileReference; fileEncoding = 4; lastKnownFileType = file.xib; path = QRWProductInLastOrderCell.xib; sourceTree = "<group>"; };
		7FBDFA3317AAA795004B6CB8 /* QRWOrdersStatisticCell.xib */ = {isa = PBXFileReference; fileEncoding = 4; lastKnownFileType = file.xib; path = QRWOrdersStatisticCell.xib; sourceTree = "<group>"; };
		7FBDFA3517AAA7B5004B6CB8 /* QRWOrdersStatisticCell.h */ = {isa = PBXFileReference; fileEncoding = 4; lastKnownFileType = sourcecode.c.h; path = QRWOrdersStatisticCell.h; sourceTree = "<group>"; };
		7FBDFA3617AAA7B5004B6CB8 /* QRWOrdersStatisticCell.m */ = {isa = PBXFileReference; fileEncoding = 4; lastKnownFileType = sourcecode.c.objc; path = QRWOrdersStatisticCell.m; sourceTree = "<group>"; };
		7FBDFA3817ABAB81004B6CB8 /* QRWUser.h */ = {isa = PBXFileReference; fileEncoding = 4; lastKnownFileType = sourcecode.c.h; path = QRWUser.h; sourceTree = "<group>"; };
		7FBDFA3917ABAB81004B6CB8 /* QRWUser.m */ = {isa = PBXFileReference; fileEncoding = 4; lastKnownFileType = sourcecode.c.objc; path = QRWUser.m; sourceTree = "<group>"; };
		7FBDFA3B17ABAC9C004B6CB8 /* QRWUsers.h */ = {isa = PBXFileReference; fileEncoding = 4; lastKnownFileType = sourcecode.c.h; path = QRWUsers.h; sourceTree = "<group>"; };
		7FBDFA3C17ABAC9D004B6CB8 /* QRWUsers.m */ = {isa = PBXFileReference; fileEncoding = 4; lastKnownFileType = sourcecode.c.objc; path = QRWUsers.m; sourceTree = "<group>"; };
		7FBDFA3F17ABC095004B6CB8 /* QRWUsersViewController.h */ = {isa = PBXFileReference; fileEncoding = 4; lastKnownFileType = sourcecode.c.h; path = QRWUsersViewController.h; sourceTree = "<group>"; };
		7FBDFA4017ABC095004B6CB8 /* QRWUsersViewController.m */ = {isa = PBXFileReference; fileEncoding = 4; lastKnownFileType = sourcecode.c.objc; path = QRWUsersViewController.m; sourceTree = "<group>"; };
		7FBDFA4117ABC095004B6CB8 /* QRWUsersViewController.xib */ = {isa = PBXFileReference; fileEncoding = 4; lastKnownFileType = file.xib; path = QRWUsersViewController.xib; sourceTree = "<group>"; };
		7FBDFA4417ABC7DB004B6CB8 /* QRWUserCell.h */ = {isa = PBXFileReference; fileEncoding = 4; lastKnownFileType = sourcecode.c.h; path = QRWUserCell.h; sourceTree = "<group>"; };
		7FBDFA4517ABC7DB004B6CB8 /* QRWUserCell.m */ = {isa = PBXFileReference; fileEncoding = 4; lastKnownFileType = sourcecode.c.objc; path = QRWUserCell.m; sourceTree = "<group>"; };
		7FBDFA4817ABC825004B6CB8 /* QRWUserCell.xib */ = {isa = PBXFileReference; fileEncoding = 4; lastKnownFileType = file.xib; path = QRWUserCell.xib; sourceTree = "<group>"; };
		7FBDFA4B17ABD439004B6CB8 /* QRWUsersSortedByTableViewController.h */ = {isa = PBXFileReference; fileEncoding = 4; lastKnownFileType = sourcecode.c.h; path = QRWUsersSortedByTableViewController.h; sourceTree = "<group>"; };
		7FBDFA4C17ABD439004B6CB8 /* QRWUsersSortedByTableViewController.m */ = {isa = PBXFileReference; fileEncoding = 4; lastKnownFileType = sourcecode.c.objc; path = QRWUsersSortedByTableViewController.m; sourceTree = "<group>"; };
		7FBDFA4E17ABD5DF004B6CB8 /* QRWUsersSortedByTableViewController.xib */ = {isa = PBXFileReference; fileEncoding = 4; lastKnownFileType = file.xib; path = QRWUsersSortedByTableViewController.xib; sourceTree = "<group>"; };
		7FBDFA5217ABE398004B6CB8 /* FPPopoverView.h */ = {isa = PBXFileReference; lastKnownFileType = sourcecode.c.h; path = FPPopoverView.h; sourceTree = "<group>"; };
		7FBDFA5317ABE398004B6CB8 /* FPPopoverView.m */ = {isa = PBXFileReference; lastKnownFileType = sourcecode.c.objc; path = FPPopoverView.m; sourceTree = "<group>"; };
		7FBDFA5417ABE398004B6CB8 /* FPTouchView.h */ = {isa = PBXFileReference; lastKnownFileType = sourcecode.c.h; path = FPTouchView.h; sourceTree = "<group>"; };
		7FBDFA5517ABE398004B6CB8 /* FPTouchView.m */ = {isa = PBXFileReference; lastKnownFileType = sourcecode.c.objc; path = FPTouchView.m; sourceTree = "<group>"; };
		7FBDFA5617ABE3A4004B6CB8 /* FPPopoverController.h */ = {isa = PBXFileReference; fileEncoding = 4; lastKnownFileType = sourcecode.c.h; path = FPPopoverController.h; sourceTree = "<group>"; };
		7FBDFA5717ABE3A4004B6CB8 /* FPPopoverController.m */ = {isa = PBXFileReference; fileEncoding = 4; lastKnownFileType = sourcecode.c.objc; path = FPPopoverController.m; sourceTree = "<group>"; };
		7FBDFA5B17ABE3C5004B6CB8 /* ARCMacros.h */ = {isa = PBXFileReference; fileEncoding = 4; lastKnownFileType = sourcecode.c.h; path = ARCMacros.h; sourceTree = "<group>"; };
		7FD6E3A917968889006B3440 /* QRWDashboardViewController.h */ = {isa = PBXFileReference; fileEncoding = 4; lastKnownFileType = sourcecode.c.h; path = QRWDashboardViewController.h; sourceTree = "<group>"; };
		7FD6E3AA17968889006B3440 /* QRWDashboardViewController.m */ = {isa = PBXFileReference; fileEncoding = 4; lastKnownFileType = sourcecode.c.objc; path = QRWDashboardViewController.m; sourceTree = "<group>"; };
		7FD6E3AB1796888A006B3440 /* QRWDashboardViewController.xib */ = {isa = PBXFileReference; fileEncoding = 4; lastKnownFileType = file.xib; path = QRWDashboardViewController.xib; sourceTree = "<group>"; };
		7FD6E3AF1796BA24006B3440 /* UIColor+hex.h */ = {isa = PBXFileReference; fileEncoding = 4; lastKnownFileType = sourcecode.c.h; path = "UIColor+hex.h"; sourceTree = "<group>"; };
		7FD6E3B01796BA24006B3440 /* UIColor+hex.m */ = {isa = PBXFileReference; fileEncoding = 4; lastKnownFileType = sourcecode.c.objc; path = "UIColor+hex.m"; sourceTree = "<group>"; };
		968B1755179DC3A800D8D8C9 /* QRWInformationDashboardViewController.h */ = {isa = PBXFileReference; fileEncoding = 4; lastKnownFileType = sourcecode.c.h; path = QRWInformationDashboardViewController.h; sourceTree = "<group>"; };
		968B1756179DC3A800D8D8C9 /* QRWInformationDashboardViewController.m */ = {isa = PBXFileReference; fileEncoding = 4; lastKnownFileType = sourcecode.c.objc; path = QRWInformationDashboardViewController.m; sourceTree = "<group>"; };
		968B1757179DC3A800D8D8C9 /* QRWInformationDashboardViewController.xib */ = {isa = PBXFileReference; fileEncoding = 4; lastKnownFileType = file.xib; path = QRWInformationDashboardViewController.xib; sourceTree = "<group>"; };
		968B175B179DC3ED00D8D8C9 /* QRWBaseDashboardPageViewController.h */ = {isa = PBXFileReference; fileEncoding = 4; lastKnownFileType = sourcecode.c.h; path = QRWBaseDashboardPageViewController.h; sourceTree = "<group>"; };
		968B175C179DC3ED00D8D8C9 /* QRWBaseDashboardPageViewController.m */ = {isa = PBXFileReference; fileEncoding = 4; lastKnownFileType = sourcecode.c.objc; path = QRWBaseDashboardPageViewController.m; sourceTree = "<group>"; };
		968B1769179DCEB300D8D8C9 /* subtitle_information.png */ = {isa = PBXFileReference; lastKnownFileType = image.png; path = subtitle_information.png; sourceTree = "<group>"; };
		968B176A179DCEB300D8D8C9 /* subtitle_last_order.png */ = {isa = PBXFileReference; lastKnownFileType = image.png; path = subtitle_last_order.png; sourceTree = "<group>"; };
		968B176B179DCEB300D8D8C9 /* subtitle_orders_info.png */ = {isa = PBXFileReference; lastKnownFileType = image.png; path = subtitle_orders_info.png; sourceTree = "<group>"; };
		968B176C179DCEB300D8D8C9 /* subtitle_top10categories.png */ = {isa = PBXFileReference; lastKnownFileType = image.png; path = subtitle_top10categories.png; sourceTree = "<group>"; };
		968B176D179DCEB300D8D8C9 /* subtitle_top10products.png */ = {isa = PBXFileReference; lastKnownFileType = image.png; path = subtitle_top10products.png; sourceTree = "<group>"; };
		968B176F179DCEB300D8D8C9 /* subtitle.png */ = {isa = PBXFileReference; lastKnownFileType = image.png; path = subtitle.png; sourceTree = "<group>"; };
		968B1778179DCEFF00D8D8C9 /* QRWLastOrderDashboardViewController.h */ = {isa = PBXFileReference; fileEncoding = 4; lastKnownFileType = sourcecode.c.h; path = QRWLastOrderDashboardViewController.h; sourceTree = "<group>"; };
		968B1779179DCEFF00D8D8C9 /* QRWLastOrderDashboardViewController.m */ = {isa = PBXFileReference; fileEncoding = 4; lastKnownFileType = sourcecode.c.objc; path = QRWLastOrderDashboardViewController.m; sourceTree = "<group>"; };
		968B177A179DCEFF00D8D8C9 /* QRWLastOrderDashboardViewController.xib */ = {isa = PBXFileReference; fileEncoding = 4; lastKnownFileType = file.xib; path = QRWLastOrderDashboardViewController.xib; sourceTree = "<group>"; };
		968B177E179DD01200D8D8C9 /* QRWOrdersInfoDashboardViewController.h */ = {isa = PBXFileReference; fileEncoding = 4; lastKnownFileType = sourcecode.c.h; path = QRWOrdersInfoDashboardViewController.h; sourceTree = "<group>"; };
		968B177F179DD01200D8D8C9 /* QRWOrdersInfoDashboardViewController.m */ = {isa = PBXFileReference; fileEncoding = 4; lastKnownFileType = sourcecode.c.objc; path = QRWOrdersInfoDashboardViewController.m; sourceTree = "<group>"; };
		968B1780179DD01200D8D8C9 /* QRWOrdersInfoDashboardViewController.xib */ = {isa = PBXFileReference; fileEncoding = 4; lastKnownFileType = file.xib; path = QRWOrdersInfoDashboardViewController.xib; sourceTree = "<group>"; };
		968B1784179DD0AE00D8D8C9 /* QRWTopSellersDashboardViewController.h */ = {isa = PBXFileReference; fileEncoding = 4; lastKnownFileType = sourcecode.c.h; path = QRWTopSellersDashboardViewController.h; sourceTree = "<group>"; };
		968B1785179DD0AE00D8D8C9 /* QRWTopSellersDashboardViewController.m */ = {isa = PBXFileReference; fileEncoding = 4; lastKnownFileType = sourcecode.c.objc; path = QRWTopSellersDashboardViewController.m; sourceTree = "<group>"; };
		968B1786179DD0AE00D8D8C9 /* QRWTopSellersDashboardViewController.xib */ = {isa = PBXFileReference; fileEncoding = 4; lastKnownFileType = file.xib; path = QRWTopSellersDashboardViewController.xib; sourceTree = "<group>"; };
		968B1789179DD28900D8D8C9 /* subtitle_topsellers.png */ = {isa = PBXFileReference; lastKnownFileType = image.png; path = subtitle_topsellers.png; sourceTree = "<group>"; };
		968B178F179DECD600D8D8C9 /* button_since_last_login.png */ = {isa = PBXFileReference; lastKnownFileType = image.png; path = button_since_last_login.png; sourceTree = "<group>"; };
		968B1791179DECD600D8D8C9 /* button_this_month.png */ = {isa = PBXFileReference; lastKnownFileType = image.png; path = button_this_month.png; sourceTree = "<group>"; };
		968B1793179DECD600D8D8C9 /* button_this_week.png */ = {isa = PBXFileReference; lastKnownFileType = image.png; path = button_this_week.png; sourceTree = "<group>"; };
		968B1795179DECD600D8D8C9 /* button_today.png */ = {isa = PBXFileReference; lastKnownFileType = image.png; path = button_today.png; sourceTree = "<group>"; };
		968B1797179DFA4C00D8D8C9 /* topBarBackground.png */ = {isa = PBXFileReference; lastKnownFileType = image.png; path = topBarBackground.png; sourceTree = "<group>"; };
		968B1799179DFD2200D8D8C9 /* button_since_last_login.jpg */ = {isa = PBXFileReference; lastKnownFileType = image.jpeg; path = button_since_last_login.jpg; sourceTree = "<group>"; };
		968B179A179DFD2200D8D8C9 /* button_this_month.jpg */ = {isa = PBXFileReference; lastKnownFileType = image.jpeg; path = button_this_month.jpg; sourceTree = "<group>"; };
		968B179B179DFD2200D8D8C9 /* button_this_week.jpg */ = {isa = PBXFileReference; lastKnownFileType = image.jpeg; path = button_this_week.jpg; sourceTree = "<group>"; };
		968B179C179DFD2200D8D8C9 /* button_today.jpg */ = {isa = PBXFileReference; lastKnownFileType = image.jpeg; path = button_today.jpg; sourceTree = "<group>"; };
		968B17A117AAE47B00D8D8C9 /* active_button_since_last_login.png */ = {isa = PBXFileReference; lastKnownFileType = image.png; path = active_button_since_last_login.png; sourceTree = "<group>"; };
		968B17A217AAE47D00D8D8C9 /* active_button_this_month.png */ = {isa = PBXFileReference; lastKnownFileType = image.png; path = active_button_this_month.png; sourceTree = "<group>"; };
		968B17A317AAE48000D8D8C9 /* active_button_this_week.png */ = {isa = PBXFileReference; lastKnownFileType = image.png; path = active_button_this_week.png; sourceTree = "<group>"; };
		968B17A417AAE48100D8D8C9 /* active_button_today.png */ = {isa = PBXFileReference; lastKnownFileType = image.png; path = active_button_today.png; sourceTree = "<group>"; };
		968B17AB17AAF56300D8D8C9 /* title_welcome_to.png */ = {isa = PBXFileReference; lastKnownFileType = image.png; path = title_welcome_to.png; sourceTree = "<group>"; };
		968B17AD17AAF60500D8D8C9 /* button_login.png */ = {isa = PBXFileReference; lastKnownFileType = image.png; path = button_login.png; sourceTree = "<group>"; };
/* End PBXFileReference section */

/* Begin PBXFrameworksBuildPhase section */
		7F6FB23F1795393C0024BB12 /* Frameworks */ = {
			isa = PBXFrameworksBuildPhase;
			buildActionMask = 2147483647;
			files = (
				7F6FB2A417953D7E0024BB12 /* QuartzCore.framework in Frameworks */,
				7F6FB2461795393C0024BB12 /* UIKit.framework in Frameworks */,
				7F6FB2481795393C0024BB12 /* Foundation.framework in Frameworks */,
				7F6FB24A1795393C0024BB12 /* CoreGraphics.framework in Frameworks */,
				7F6FB24C1795393C0024BB12 /* CoreData.framework in Frameworks */,
			);
			runOnlyForDeploymentPostprocessing = 0;
		};
/* End PBXFrameworksBuildPhase section */

/* Begin PBXGroup section */
		7F384C93179569E200BF7F93 /* ToolsViewController */ = {
			isa = PBXGroup;
			children = (
				7F6FB28B17953B100024BB12 /* ToolView */,
				7F6FB28717953AEA0024BB12 /* QRWToolsScrinViewController.h */,
				7F6FB28817953AEA0024BB12 /* QRWToolsScrinViewController.m */,
				7F6FB28A17953AEA0024BB12 /* QRWToolsScrinViewController.xib */,
			);
			name = ToolsViewController;
			sourceTree = "<group>";
		};
		7F384C94179569EE00BF7F93 /* MainStatsViewController */ = {
			isa = PBXGroup;
			children = (
				7F384C9E17956BFD00BF7F93 /* QRWMainStatsViewController.h */,
				7F384C9F17956BFD00BF7F93 /* QRWMainStatsViewController.m */,
				7F384CA017956BFD00BF7F93 /* QRWMainStatsViewController.xib */,
			);
			name = MainStatsViewController;
			sourceTree = "<group>";
		};
		7F6DFA4A179E605A00421123 /* DOWNLOADER */ = {
			isa = PBXGroup;
			children = (
				7F6DFA4B179E608800421123 /* QRWDownloader.h */,
				7F6DFA4C179E608800421123 /* QRWDownloader.m */,
			);
			name = DOWNLOADER;
			sourceTree = "<group>";
		};
		7F6FB2391795393C0024BB12 = {
			isa = PBXGroup;
			children = (
				7F6FB24D1795393C0024BB12 /* QRealWeb_iOSApp */,
				7F6FB2441795393C0024BB12 /* Frameworks */,
				7F6FB2431795393C0024BB12 /* Products */,
			);
			sourceTree = "<group>";
		};
		7F6FB2431795393C0024BB12 /* Products */ = {
			isa = PBXGroup;
			children = (
				7F6FB2421795393C0024BB12 /* QRealWeb_iOSApp.app */,
			);
			name = Products;
			sourceTree = "<group>";
		};
		7F6FB2441795393C0024BB12 /* Frameworks */ = {
			isa = PBXGroup;
			children = (
				7FBDFA1917A913FC004B6CB8 /* JSONKit.h */,
				7FBDFA1A17A913FC004B6CB8 /* JSONKit.m */,
				7F6FB2A317953D7D0024BB12 /* QuartzCore.framework */,
				7F6FB2451795393C0024BB12 /* UIKit.framework */,
				7F6FB2471795393C0024BB12 /* Foundation.framework */,
				7F6FB2491795393C0024BB12 /* CoreGraphics.framework */,
				7F6FB24B1795393C0024BB12 /* CoreData.framework */,
			);
			name = Frameworks;
			sourceTree = "<group>";
		};
		7F6FB24D1795393C0024BB12 /* QRealWeb_iOSApp */ = {
			isa = PBXGroup;
			children = (
				7F6FB27E17953A560024BB12 /* VIEW_CONTROLLERS */,
				7F6FB27817953A0E0024BB12 /* DATA_MANAGMENT */,
				7F6FB273179539DD0024BB12 /* CATEGORIES */,
				7F6FB270179539C70024BB12 /* UTILS */,
				7F6FB2561795393D0024BB12 /* QRWAppDelegate.h */,
				7F6FB2571795393D0024BB12 /* QRWAppDelegate.m */,
				7F6FB24E1795393C0024BB12 /* Supporting Files */,
			);
			path = QRealWeb_iOSApp;
			sourceTree = "<group>";
		};
		7F6FB24E1795393C0024BB12 /* Supporting Files */ = {
			isa = PBXGroup;
			children = (
				968B175E179DC50A00D8D8C9 /* DashboardImgs */,
				7F6FB268179539790024BB12 /* IMGS */,
				7F6FB267179539630024BB12 /* mainWindowImgs */,
				7F6FB25F1795393D0024BB12 /* QRealWeb_iOSApp.xcdatamodeld */,
				7F6FB24F1795393C0024BB12 /* QRealWeb_iOSApp-Info.plist */,
				7F6FB2501795393D0024BB12 /* InfoPlist.strings */,
				7F6FB2531795393D0024BB12 /* main.m */,
				7F6FB26B179539AA0024BB12 /* constants.h */,
				7F6DFA51179E66F000421123 /* URLsList.h */,
				7F6FB2551795393D0024BB12 /* QRealWeb_iOSApp-Prefix.pch */,
				7F6FB269179539A00024BB12 /* Localizable.strings */,
				7F6FB2591795393D0024BB12 /* Default.png */,
				7F6FB25B1795393D0024BB12 /* Default@2x.png */,
				7F6FB25D1795393D0024BB12 /* Default-568h@2x.png */,
			);
			name = "Supporting Files";
			sourceTree = "<group>";
		};
		7F6FB267179539630024BB12 /* mainWindowImgs */ = {
			isa = PBXGroup;
			children = (
				968B1797179DFA4C00D8D8C9 /* topBarBackground.png */,
				7F6FB2A9179541460024BB12 /* dashboardIcon.jpg */,
				7F6FB2AA179541460024BB12 /* discountsIcon.jpg */,
				7F6FB2AB179541460024BB12 /* logoutIcon.jpg */,
				7F6FB2AC179541460024BB12 /* productsIcon.jpg */,
				7F6FB2AD179541460024BB12 /* reviewsIcon.jpg */,
				7F6FB2AE179541460024BB12 /* toolsScrinBackground.jpg */,
				7F6FB2AF179541460024BB12 /* topBarBackground.jpg */,
				7F6FB2B0179541460024BB12 /* usersIcon.jpg */,
			);
			name = mainWindowImgs;
			sourceTree = "<group>";
		};
		7F6FB268179539790024BB12 /* IMGS */ = {
			isa = PBXGroup;
			children = (
				968B17AD17AAF60500D8D8C9 /* button_login.png */,
				968B17AB17AAF56300D8D8C9 /* title_welcome_to.png */,
				7FBDFA2A17AA8040004B6CB8 /* Exit.png */,
				7F6FB26C179539BD0024BB12 /* large-black-and-white-stripes-a4.jpg */,
				7F6FB26D179539BD0024BB12 /* Black_white_Apple_background.jpg */,
			);
			name = IMGS;
			sourceTree = "<group>";
		};
		7F6FB270179539C70024BB12 /* UTILS */ = {
			isa = PBXGroup;
			children = (
				7FBDFA5117ABE37F004B6CB8 /* Popover */,
				7FBDFA5017ABE36E004B6CB8 /* Carousel */,
			);
			name = UTILS;
			sourceTree = "<group>";
		};
		7F6FB273179539DD0024BB12 /* CATEGORIES */ = {
			isa = PBXGroup;
			children = (
				7F6FB27417953A020024BB12 /* UIButton+Block.h */,
				7F6FB27517953A020024BB12 /* UIButton+Block.m */,
				7F6FB27617953A020024BB12 /* UIDevice+Resolutions.h */,
				7F6FB27717953A020024BB12 /* UIDevice+Resolutions.m */,
				7FD6E3AF1796BA24006B3440 /* UIColor+hex.h */,
				7FD6E3B01796BA24006B3440 /* UIColor+hex.m */,
			);
			name = CATEGORIES;
			sourceTree = "<group>";
		};
		7F6FB27817953A0E0024BB12 /* DATA_MANAGMENT */ = {
			isa = PBXGroup;
			children = (
				7F6DFA4A179E605A00421123 /* DOWNLOADER */,
				7F6FB27B17953A300024BB12 /* ENTETIES */,
				7F6FB27917953A2A0024BB12 /* QRWDataManager.h */,
				7F6FB27A17953A2A0024BB12 /* QRWDataManager.m */,
			);
			name = DATA_MANAGMENT;
			sourceTree = "<group>";
		};
		7F6FB27B17953A300024BB12 /* ENTETIES */ = {
			isa = PBXGroup;
			children = (
				7F6DFA4E179E65BE00421123 /* QRWLastOrder.h */,
				7F6DFA4F179E65BE00421123 /* QRWLastOrder.m */,
				7FBDFA0D17A6B6D3004B6CB8 /* QRWTopProducts.h */,
				7FBDFA0E17A6B6D3004B6CB8 /* QRWTopProducts.m */,
				7FBDFA1017A8FD99004B6CB8 /* QRWTopCategories.h */,
				7FBDFA1117A8FD9B004B6CB8 /* QRWTopCategories.m */,
				7FBDFA1317A905C3004B6CB8 /* QRWProductInTop.h */,
				7FBDFA1417A905C4004B6CB8 /* QRWProductInTop.m */,
				7FBDFA1617A905F1004B6CB8 /* QRWCategoryInTop.h */,
				7FBDFA1717A905F1004B6CB8 /* QRWCategoryInTop.m */,
				7FBDFA2117AA7612004B6CB8 /* QRWProductInOrder.h */,
				7FBDFA2217AA7612004B6CB8 /* QRWProductInOrder.m */,
				7FBDFA3817ABAB81004B6CB8 /* QRWUser.h */,
				7FBDFA3917ABAB81004B6CB8 /* QRWUser.m */,
				7FBDFA3B17ABAC9C004B6CB8 /* QRWUsers.h */,
				7FBDFA3C17ABAC9D004B6CB8 /* QRWUsers.m */,
			);
			name = ENTETIES;
			sourceTree = "<group>";
		};
		7F6FB27E17953A560024BB12 /* VIEW_CONTROLLERS */ = {
			isa = PBXGroup;
			children = (
				7FBDFA3E17ABC066004B6CB8 /* UsersViewController */,
				7FD6E3AE1796892C006B3440 /* DashboardViewController */,
				7F6FB28E17953B470024BB12 /* LoginViewControllers */,
				7F6FB27F17953A660024BB12 /* ProductViewController */,
				7F6FB28617953AB50024BB12 /* MainViewController */,
				7F6FB28417953AAE0024BB12 /* QRWBaseViewController.h */,
				7F6FB28517953AAE0024BB12 /* QRWBaseViewController.m */,
			);
			name = VIEW_CONTROLLERS;
			sourceTree = "<group>";
		};
		7F6FB27F17953A660024BB12 /* ProductViewController */ = {
			isa = PBXGroup;
			children = (
				7F6FB28017953A930024BB12 /* QRWProductsViewController.h */,
				7F6FB28117953A930024BB12 /* QRWProductsViewController.m */,
				7F6FB28317953A930024BB12 /* QRWProductsViewController.xib */,
			);
			name = ProductViewController;
			sourceTree = "<group>";
		};
		7F6FB28617953AB50024BB12 /* MainViewController */ = {
			isa = PBXGroup;
			children = (
				7F384C94179569EE00BF7F93 /* MainStatsViewController */,
				7F384C93179569E200BF7F93 /* ToolsViewController */,
				7F384C9917956A8500BF7F93 /* QRWMainScrinViewController.h */,
				7F384C9A17956A8500BF7F93 /* QRWMainScrinViewController.m */,
				7F384C9B17956A8500BF7F93 /* QRWMainScrinViewController.xib */,
			);
			name = MainViewController;
			sourceTree = "<group>";
		};
		7F6FB28B17953B100024BB12 /* ToolView */ = {
			isa = PBXGroup;
			children = (
				7F6FB28C17953B1F0024BB12 /* QRWToolView.h */,
				7F6FB28D17953B1F0024BB12 /* QRWToolView.m */,
			);
			name = ToolView;
			sourceTree = "<group>";
		};
		7F6FB28E17953B470024BB12 /* LoginViewControllers */ = {
			isa = PBXGroup;
			children = (
				7F6FB29017953B6A0024BB12 /* DeployViewController */,
				7F6FB28F17953B570024BB12 /* LoginViewController */,
			);
			name = LoginViewControllers;
			sourceTree = "<group>";
		};
		7F6FB28F17953B570024BB12 /* LoginViewController */ = {
			isa = PBXGroup;
			children = (
				7F6FB29417953BAE0024BB12 /* QRWLoginScrinViewController.h */,
				7F6FB29517953BAE0024BB12 /* QRWLoginScrinViewController.m */,
				7F6FB29717953BAE0024BB12 /* QRWLoginScrinViewController.xib */,
			);
			name = LoginViewController;
			sourceTree = "<group>";
		};
		7F6FB29017953B6A0024BB12 /* DeployViewController */ = {
			isa = PBXGroup;
			children = (
				7F6FB29117953B9B0024BB12 /* QRWDeployScrinViewController.h */,
				7F6FB29217953B9B0024BB12 /* QRWDeployScrinViewController.m */,
				7F6FB29317953B9B0024BB12 /* QRWDeployScrinViewController.xib */,
			);
			name = DeployViewController;
			sourceTree = "<group>";
		};
		7FBDFA0017A6ACC9004B6CB8 /* tableCells */ = {
			isa = PBXGroup;
			children = (
				7FBDFA0717A6B053004B6CB8 /* QRWTopSellersTopCategoriesTableViewCell */,
				7FBDFA0617A6B047004B6CB8 /* QRWTopSellersTopProductsTableViewCell */,
			);
			name = tableCells;
			sourceTree = "<group>";
		};
		7FBDFA0617A6B047004B6CB8 /* QRWTopSellersTopProductsTableViewCell */ = {
			isa = PBXGroup;
			children = (
				7FBDFA0117A6AD17004B6CB8 /* QRWTopSellersTopProductsTableViewCell.h */,
				7FBDFA0217A6AD17004B6CB8 /* QRWTopSellersTopProductsTableViewCell.m */,
				7FBDFA0417A6AD84004B6CB8 /* QRWTopSellersTopProductsTableViewCell.xib */,
			);
			name = QRWTopSellersTopProductsTableViewCell;
			sourceTree = "<group>";
		};
		7FBDFA0717A6B053004B6CB8 /* QRWTopSellersTopCategoriesTableViewCell */ = {
			isa = PBXGroup;
			children = (
				7FBDFA0817A6B071004B6CB8 /* QRWTopSellersTopCategoriesTableViewCell.xib */,
				7FBDFA0A17A6B083004B6CB8 /* QRWTopSellersTopCategoriesTableViewCell.h */,
				7FBDFA0B17A6B083004B6CB8 /* QRWTopSellersTopCategoriesTableViewCell.m */,
			);
			name = QRWTopSellersTopCategoriesTableViewCell;
			sourceTree = "<group>";
		};
		7FBDFA2417AA7E7C004B6CB8 /* ProductsView */ = {
			isa = PBXGroup;
			children = (
				7FBDFA2C17AA8189004B6CB8 /* ProductCell */,
				7FBDFA2517AA7EDD004B6CB8 /* QRWProductsLastorderDashboardViewController.h */,
				7FBDFA2617AA7EDD004B6CB8 /* QRWProductsLastorderDashboardViewController.m */,
				7FBDFA2717AA7EDD004B6CB8 /* QRWProductsLastorderDashboardViewController.xib */,
			);
			name = ProductsView;
			sourceTree = "<group>";
		};
		7FBDFA2C17AA8189004B6CB8 /* ProductCell */ = {
			isa = PBXGroup;
			children = (
				7FBDFA2D17AA81BE004B6CB8 /* QRWProductInLastOrderCell.h */,
				7FBDFA2E17AA81BE004B6CB8 /* QRWProductInLastOrderCell.m */,
				7FBDFA3017AA81F0004B6CB8 /* QRWProductInLastOrderCell.xib */,
			);
			name = ProductCell;
			sourceTree = "<group>";
		};
		7FBDFA3217AAA754004B6CB8 /* OrdersStatisticCell */ = {
			isa = PBXGroup;
			children = (
				7FBDFA3317AAA795004B6CB8 /* QRWOrdersStatisticCell.xib */,
				7FBDFA3517AAA7B5004B6CB8 /* QRWOrdersStatisticCell.h */,
				7FBDFA3617AAA7B5004B6CB8 /* QRWOrdersStatisticCell.m */,
			);
			name = OrdersStatisticCell;
			sourceTree = "<group>";
		};
		7FBDFA3E17ABC066004B6CB8 /* UsersViewController */ = {
			isa = PBXGroup;
			children = (
				7FBDFA4A17ABD401004B6CB8 /* SortedByView */,
				7FBDFA4717ABC7E4004B6CB8 /* UserCell */,
				7FBDFA3F17ABC095004B6CB8 /* QRWUsersViewController.h */,
				7FBDFA4017ABC095004B6CB8 /* QRWUsersViewController.m */,
				7FBDFA4117ABC095004B6CB8 /* QRWUsersViewController.xib */,
			);
			name = UsersViewController;
			sourceTree = "<group>";
		};
		7FBDFA4717ABC7E4004B6CB8 /* UserCell */ = {
			isa = PBXGroup;
			children = (
				7FBDFA4417ABC7DB004B6CB8 /* QRWUserCell.h */,
				7FBDFA4517ABC7DB004B6CB8 /* QRWUserCell.m */,
				7FBDFA4817ABC825004B6CB8 /* QRWUserCell.xib */,
			);
			name = UserCell;
			sourceTree = "<group>";
		};
		7FBDFA4A17ABD401004B6CB8 /* SortedByView */ = {
			isa = PBXGroup;
			children = (
				7FBDFA4B17ABD439004B6CB8 /* QRWUsersSortedByTableViewController.h */,
				7FBDFA4C17ABD439004B6CB8 /* QRWUsersSortedByTableViewController.m */,
				7FBDFA4E17ABD5DF004B6CB8 /* QRWUsersSortedByTableViewController.xib */,
			);
			name = SortedByView;
			sourceTree = "<group>";
		};
		7FBDFA5017ABE36E004B6CB8 /* Carousel */ = {
			isa = PBXGroup;
			children = (
				7F6FB271179539D90024BB12 /* iCarousel.h */,
				7F6FB272179539D90024BB12 /* iCarousel.m */,
			);
			name = Carousel;
			sourceTree = "<group>";
		};
		7FBDFA5117ABE37F004B6CB8 /* Popover */ = {
			isa = PBXGroup;
			children = (
				7FBDFA5B17ABE3C5004B6CB8 /* ARCMacros.h */,
				7FBDFA5617ABE3A4004B6CB8 /* FPPopoverController.h */,
				7FBDFA5717ABE3A4004B6CB8 /* FPPopoverController.m */,
				7FBDFA5217ABE398004B6CB8 /* FPPopoverView.h */,
				7FBDFA5317ABE398004B6CB8 /* FPPopoverView.m */,
				7FBDFA5417ABE398004B6CB8 /* FPTouchView.h */,
				7FBDFA5517ABE398004B6CB8 /* FPTouchView.m */,
			);
			name = Popover;
			sourceTree = "<group>";
		};
		7FD6E3AE1796892C006B3440 /* DashboardViewController */ = {
			isa = PBXGroup;
			children = (
				968B1754179DC30300D8D8C9 /* PagesOfDashBoard */,
				7FD6E3A917968889006B3440 /* QRWDashboardViewController.h */,
				7FD6E3AA17968889006B3440 /* QRWDashboardViewController.m */,
				7FD6E3AB1796888A006B3440 /* QRWDashboardViewController.xib */,
			);
			name = DashboardViewController;
			sourceTree = "<group>";
		};
		968B1754179DC30300D8D8C9 /* PagesOfDashBoard */ = {
			isa = PBXGroup;
			children = (
				968B1783179DD09000D8D8C9 /* TopSellers */,
				968B177D179DCFDB00D8D8C9 /* OrdersInfo */,
				968B1777179DCEDC00D8D8C9 /* LastOrder */,
				968B175A179DC3AE00D8D8C9 /* Information */,
				968B175B179DC3ED00D8D8C9 /* QRWBaseDashboardPageViewController.h */,
				968B175C179DC3ED00D8D8C9 /* QRWBaseDashboardPageViewController.m */,
			);
			name = PagesOfDashBoard;
			sourceTree = "<group>";
		};
		968B175A179DC3AE00D8D8C9 /* Information */ = {
			isa = PBXGroup;
			children = (
				968B1755179DC3A800D8D8C9 /* QRWInformationDashboardViewController.h */,
				968B1756179DC3A800D8D8C9 /* QRWInformationDashboardViewController.m */,
				968B1757179DC3A800D8D8C9 /* QRWInformationDashboardViewController.xib */,
			);
			name = Information;
			sourceTree = "<group>";
		};
		968B175E179DC50A00D8D8C9 /* DashboardImgs */ = {
			isa = PBXGroup;
			children = (
				968B1768179DCE8500D8D8C9 /* PagesNames */,
				968B1767179DCE6D00D8D8C9 /* SegmentedControl */,
			);
			name = DashboardImgs;
			sourceTree = "<group>";
		};
		968B1767179DCE6D00D8D8C9 /* SegmentedControl */ = {
			isa = PBXGroup;
			children = (
				968B17A117AAE47B00D8D8C9 /* active_button_since_last_login.png */,
				968B17A217AAE47D00D8D8C9 /* active_button_this_month.png */,
				968B17A317AAE48000D8D8C9 /* active_button_this_week.png */,
				968B17A417AAE48100D8D8C9 /* active_button_today.png */,
				7F6DFA48179E5F4E00421123 /* segmentedControl_separator.png */,
				968B1799179DFD2200D8D8C9 /* button_since_last_login.jpg */,
				968B179A179DFD2200D8D8C9 /* button_this_month.jpg */,
				968B179B179DFD2200D8D8C9 /* button_this_week.jpg */,
				968B179C179DFD2200D8D8C9 /* button_today.jpg */,
				968B178F179DECD600D8D8C9 /* button_since_last_login.png */,
				968B1791179DECD600D8D8C9 /* button_this_month.png */,
				968B1793179DECD600D8D8C9 /* button_this_week.png */,
				968B1795179DECD600D8D8C9 /* button_today.png */,
			);
			name = SegmentedControl;
			sourceTree = "<group>";
		};
		968B1768179DCE8500D8D8C9 /* PagesNames */ = {
			isa = PBXGroup;
			children = (
				968B1789179DD28900D8D8C9 /* subtitle_topsellers.png */,
				968B1769179DCEB300D8D8C9 /* subtitle_information.png */,
				968B176A179DCEB300D8D8C9 /* subtitle_last_order.png */,
				968B176B179DCEB300D8D8C9 /* subtitle_orders_info.png */,
				968B176C179DCEB300D8D8C9 /* subtitle_top10categories.png */,
				968B176D179DCEB300D8D8C9 /* subtitle_top10products.png */,
				968B176F179DCEB300D8D8C9 /* subtitle.png */,
			);
			name = PagesNames;
			sourceTree = "<group>";
		};
		968B1777179DCEDC00D8D8C9 /* LastOrder */ = {
			isa = PBXGroup;
			children = (
				7FBDFA2417AA7E7C004B6CB8 /* ProductsView */,
				968B1778179DCEFF00D8D8C9 /* QRWLastOrderDashboardViewController.h */,
				968B1779179DCEFF00D8D8C9 /* QRWLastOrderDashboardViewController.m */,
				968B177A179DCEFF00D8D8C9 /* QRWLastOrderDashboardViewController.xib */,
			);
			name = LastOrder;
			sourceTree = "<group>";
		};
		968B177D179DCFDB00D8D8C9 /* OrdersInfo */ = {
			isa = PBXGroup;
			children = (
				7FBDFA3217AAA754004B6CB8 /* OrdersStatisticCell */,
				968B177E179DD01200D8D8C9 /* QRWOrdersInfoDashboardViewController.h */,
				968B177F179DD01200D8D8C9 /* QRWOrdersInfoDashboardViewController.m */,
				968B1780179DD01200D8D8C9 /* QRWOrdersInfoDashboardViewController.xib */,
			);
			name = OrdersInfo;
			sourceTree = "<group>";
		};
		968B1783179DD09000D8D8C9 /* TopSellers */ = {
			isa = PBXGroup;
			children = (
				7FBDFA0017A6ACC9004B6CB8 /* tableCells */,
				968B1784179DD0AE00D8D8C9 /* QRWTopSellersDashboardViewController.h */,
				968B1785179DD0AE00D8D8C9 /* QRWTopSellersDashboardViewController.m */,
				968B1786179DD0AE00D8D8C9 /* QRWTopSellersDashboardViewController.xib */,
			);
			name = TopSellers;
			sourceTree = "<group>";
		};
/* End PBXGroup section */

/* Begin PBXNativeTarget section */
		7F6FB2411795393C0024BB12 /* QRealWeb_iOSApp */ = {
			isa = PBXNativeTarget;
			buildConfigurationList = 7F6FB2641795393D0024BB12 /* Build configuration list for PBXNativeTarget "QRealWeb_iOSApp" */;
			buildPhases = (
				7F6FB23E1795393C0024BB12 /* Sources */,
				7F6FB23F1795393C0024BB12 /* Frameworks */,
				7F6FB2401795393C0024BB12 /* Resources */,
			);
			buildRules = (
			);
			dependencies = (
			);
			name = QRealWeb_iOSApp;
			productName = QRealWeb_iOSApp;
			productReference = 7F6FB2421795393C0024BB12 /* QRealWeb_iOSApp.app */;
			productType = "com.apple.product-type.application";
		};
/* End PBXNativeTarget section */

/* Begin PBXProject section */
		7F6FB23A1795393C0024BB12 /* Project object */ = {
			isa = PBXProject;
			attributes = {
				CLASSPREFIX = QRW;
				LastUpgradeCheck = 0460;
				ORGANIZATIONNAME = "Ivan Afanasiev";
			};
			buildConfigurationList = 7F6FB23D1795393C0024BB12 /* Build configuration list for PBXProject "QRealWeb_iOSApp" */;
			compatibilityVersion = "Xcode 3.2";
			developmentRegion = English;
			hasScannedForEncodings = 0;
			knownRegions = (
				en,
			);
			mainGroup = 7F6FB2391795393C0024BB12;
			productRefGroup = 7F6FB2431795393C0024BB12 /* Products */;
			projectDirPath = "";
			projectRoot = "";
			targets = (
				7F6FB2411795393C0024BB12 /* QRealWeb_iOSApp */,
			);
		};
/* End PBXProject section */

/* Begin PBXResourcesBuildPhase section */
		7F6FB2401795393C0024BB12 /* Resources */ = {
			isa = PBXResourcesBuildPhase;
			buildActionMask = 2147483647;
			files = (
				7F6FB2521795393D0024BB12 /* InfoPlist.strings in Resources */,
				7F6FB25A1795393D0024BB12 /* Default.png in Resources */,
				7F6FB25C1795393D0024BB12 /* Default@2x.png in Resources */,
				7F6FB25E1795393D0024BB12 /* Default-568h@2x.png in Resources */,
				7F6FB26A179539A00024BB12 /* Localizable.strings in Resources */,
				7F6FB26E179539BD0024BB12 /* large-black-and-white-stripes-a4.jpg in Resources */,
				7F6FB26F179539BD0024BB12 /* Black_white_Apple_background.jpg in Resources */,
				7F6FB2A517953FFD0024BB12 /* QRWLoginScrinViewController.xib in Resources */,
				7F6FB2A61795400B0024BB12 /* QRWProductsViewController.xib in Resources */,
				7F6FB2A7179540100024BB12 /* QRWDeployScrinViewController.xib in Resources */,
				7F6FB2A8179540160024BB12 /* QRWToolsScrinViewController.xib in Resources */,
				7F6FB2B1179541460024BB12 /* dashboardIcon.jpg in Resources */,
				7F6FB2B2179541460024BB12 /* discountsIcon.jpg in Resources */,
				7F6FB2B3179541460024BB12 /* logoutIcon.jpg in Resources */,
				7F6FB2B4179541460024BB12 /* productsIcon.jpg in Resources */,
				7F6FB2B5179541460024BB12 /* reviewsIcon.jpg in Resources */,
				7F6FB2B6179541460024BB12 /* toolsScrinBackground.jpg in Resources */,
				7F6FB2B7179541460024BB12 /* topBarBackground.jpg in Resources */,
				7F6FB2B8179541460024BB12 /* usersIcon.jpg in Resources */,
				7F384C9D17956A8500BF7F93 /* QRWMainScrinViewController.xib in Resources */,
				7F384CA217956BFD00BF7F93 /* QRWMainStatsViewController.xib in Resources */,
				7FD6E3AD1796888A006B3440 /* QRWDashboardViewController.xib in Resources */,
				968B1759179DC3A800D8D8C9 /* QRWInformationDashboardViewController.xib in Resources */,
				968B1770179DCEB300D8D8C9 /* subtitle_information.png in Resources */,
				968B1771179DCEB300D8D8C9 /* subtitle_last_order.png in Resources */,
				968B1772179DCEB300D8D8C9 /* subtitle_orders_info.png in Resources */,
				968B1773179DCEB300D8D8C9 /* subtitle_top10categories.png in Resources */,
				968B1774179DCEB300D8D8C9 /* subtitle_top10products.png in Resources */,
				968B1776179DCEB300D8D8C9 /* subtitle.png in Resources */,
				968B177C179DCEFF00D8D8C9 /* QRWLastOrderDashboardViewController.xib in Resources */,
				968B1782179DD01200D8D8C9 /* QRWOrdersInfoDashboardViewController.xib in Resources */,
				968B1788179DD0AE00D8D8C9 /* QRWTopSellersDashboardViewController.xib in Resources */,
				968B178A179DD28A00D8D8C9 /* subtitle_topsellers.png in Resources */,
				968B1798179DFA4C00D8D8C9 /* topBarBackground.png in Resources */,
				968B179D179DFD2200D8D8C9 /* button_since_last_login.jpg in Resources */,
				968B179E179DFD2200D8D8C9 /* button_this_month.jpg in Resources */,
				968B179F179DFD2200D8D8C9 /* button_this_week.jpg in Resources */,
				968B17A0179DFD2200D8D8C9 /* button_today.jpg in Resources */,
				7F6DFA49179E5F4E00421123 /* segmentedControl_separator.png in Resources */,
				7FBDFA0517A6AD84004B6CB8 /* QRWTopSellersTopProductsTableViewCell.xib in Resources */,
				7FBDFA0917A6B071004B6CB8 /* QRWTopSellersTopCategoriesTableViewCell.xib in Resources */,
				7FBDFA2917AA7EDD004B6CB8 /* QRWProductsLastorderDashboardViewController.xib in Resources */,
				7FBDFA2B17AA8040004B6CB8 /* Exit.png in Resources */,
				7FBDFA3117AA81F1004B6CB8 /* QRWProductInLastOrderCell.xib in Resources */,
				7FBDFA3417AAA795004B6CB8 /* QRWOrdersStatisticCell.xib in Resources */,
				968B17A517AAE48300D8D8C9 /* active_button_since_last_login.png in Resources */,
				968B17A617AAE48300D8D8C9 /* active_button_this_month.png in Resources */,
				968B17A717AAE48300D8D8C9 /* active_button_this_week.png in Resources */,
				968B17A817AAE48300D8D8C9 /* active_button_today.png in Resources */,
				968B17AC17AAF56300D8D8C9 /* title_welcome_to.png in Resources */,
				968B17AE17AAF60500D8D8C9 /* button_login.png in Resources */,
				7FBDFA4317ABC095004B6CB8 /* QRWUsersViewController.xib in Resources */,
				7FBDFA4917ABC825004B6CB8 /* QRWUserCell.xib in Resources */,
				7FBDFA4F17ABD5E0004B6CB8 /* QRWUsersSortedByTableViewController.xib in Resources */,
			);
			runOnlyForDeploymentPostprocessing = 0;
		};
/* End PBXResourcesBuildPhase section */

/* Begin PBXSourcesBuildPhase section */
		7F6FB23E1795393C0024BB12 /* Sources */ = {
			isa = PBXSourcesBuildPhase;
			buildActionMask = 2147483647;
			files = (
				7F6FB2541795393D0024BB12 /* main.m in Sources */,
				7F6FB2581795393D0024BB12 /* QRWAppDelegate.m in Sources */,
				7F6FB2611795393D0024BB12 /* QRealWeb_iOSApp.xcdatamodeld in Sources */,
				7F6FB29817953C6B0024BB12 /* QRWDeployScrinViewController.m in Sources */,
				7F6FB29917953C700024BB12 /* QRWLoginScrinViewController.m in Sources */,
				7F6FB29A17953C740024BB12 /* QRWProductsViewController.m in Sources */,
				7F6FB29B17953C7C0024BB12 /* QRWToolsScrinViewController.m in Sources */,
				7F6FB29C17953C800024BB12 /* QRWToolView.m in Sources */,
				7F6FB29D17953C840024BB12 /* QRWBaseViewController.m in Sources */,
				7F6FB29E17953CAD0024BB12 /* QRWDataManager.m in Sources */,
				7F6FB2A017953CB80024BB12 /* UIButton+Block.m in Sources */,
				7F6FB2A117953CBC0024BB12 /* UIDevice+Resolutions.m in Sources */,
				7F6FB2A217953CC20024BB12 /* iCarousel.m in Sources */,
				7F384C9C17956A8500BF7F93 /* QRWMainScrinViewController.m in Sources */,
				7F384CA117956BFD00BF7F93 /* QRWMainStatsViewController.m in Sources */,
				7FD6E3AC1796888A006B3440 /* QRWDashboardViewController.m in Sources */,
				7FD6E3B11796BA24006B3440 /* UIColor+hex.m in Sources */,
				968B1758179DC3A800D8D8C9 /* QRWInformationDashboardViewController.m in Sources */,
				968B175D179DC3ED00D8D8C9 /* QRWBaseDashboardPageViewController.m in Sources */,
				968B177B179DCEFF00D8D8C9 /* QRWLastOrderDashboardViewController.m in Sources */,
				968B1781179DD01200D8D8C9 /* QRWOrdersInfoDashboardViewController.m in Sources */,
				968B1787179DD0AE00D8D8C9 /* QRWTopSellersDashboardViewController.m in Sources */,
				7F6DFA4D179E608800421123 /* QRWDownloader.m in Sources */,
				7F6DFA50179E65BE00421123 /* QRWLastOrder.m in Sources */,
				7FBDFA0317A6AD17004B6CB8 /* QRWTopSellersTopProductsTableViewCell.m in Sources */,
				7FBDFA0C17A6B083004B6CB8 /* QRWTopSellersTopCategoriesTableViewCell.m in Sources */,
				7FBDFA0F17A6B6D3004B6CB8 /* QRWTopProducts.m in Sources */,
				7FBDFA1217A8FD9C004B6CB8 /* QRWTopCategories.m in Sources */,
				7FBDFA1517A905C5004B6CB8 /* QRWProductInTop.m in Sources */,
				7FBDFA1817A905F2004B6CB8 /* QRWCategoryInTop.m in Sources */,
				7FBDFA1B17A9149D004B6CB8 /* JSONKit.m in Sources */,
				7FBDFA2317AA7612004B6CB8 /* QRWProductInOrder.m in Sources */,
				7FBDFA2817AA7EDD004B6CB8 /* QRWProductsLastorderDashboardViewController.m in Sources */,
				7FBDFA2F17AA81BE004B6CB8 /* QRWProductInLastOrderCell.m in Sources */,
				7FBDFA3717AAA7B7004B6CB8 /* QRWOrdersStatisticCell.m in Sources */,
				7FBDFA3A17ABAB81004B6CB8 /* QRWUser.m in Sources */,
				7FBDFA3D17ABAC9F004B6CB8 /* QRWUsers.m in Sources */,
				7FBDFA4217ABC095004B6CB8 /* QRWUsersViewController.m in Sources */,
				7FBDFA4617ABC7DC004B6CB8 /* QRWUserCell.m in Sources */,
				7FBDFA4D17ABD439004B6CB8 /* QRWUsersSortedByTableViewController.m in Sources */,
				7FBDFA5817ABE3A4004B6CB8 /* FPPopoverController.m in Sources */,
				7FBDFA5917ABE3AF004B6CB8 /* FPPopoverView.m in Sources */,
				7FBDFA5A17ABE3B4004B6CB8 /* FPTouchView.m in Sources */,
			);
			runOnlyForDeploymentPostprocessing = 0;
		};
/* End PBXSourcesBuildPhase section */

/* Begin PBXVariantGroup section */
		7F6FB2501795393D0024BB12 /* InfoPlist.strings */ = {
			isa = PBXVariantGroup;
			children = (
				7F6FB2511795393D0024BB12 /* en */,
			);
			name = InfoPlist.strings;
			sourceTree = "<group>";
		};
/* End PBXVariantGroup section */

/* Begin XCBuildConfiguration section */
		7F6FB2621795393D0024BB12 /* Debug */ = {
			isa = XCBuildConfiguration;
			buildSettings = {
				ALWAYS_SEARCH_USER_PATHS = NO;
				CLANG_CXX_LANGUAGE_STANDARD = "gnu++0x";
				CLANG_CXX_LIBRARY = "libc++";
				CLANG_ENABLE_OBJC_ARC = YES;
				CLANG_WARN_CONSTANT_CONVERSION = YES;
				CLANG_WARN_EMPTY_BODY = YES;
				CLANG_WARN_ENUM_CONVERSION = YES;
				CLANG_WARN_INT_CONVERSION = YES;
				CLANG_WARN__DUPLICATE_METHOD_MATCH = YES;
				"CODE_SIGN_IDENTITY[sdk=iphoneos*]" = "iPhone Developer";
				COPY_PHASE_STRIP = NO;
				GCC_C_LANGUAGE_STANDARD = gnu99;
				GCC_DYNAMIC_NO_PIC = NO;
				GCC_OPTIMIZATION_LEVEL = 0;
				GCC_PREPROCESSOR_DEFINITIONS = (
					"DEBUG=1",
					"$(inherited)",
				);
				GCC_SYMBOLS_PRIVATE_EXTERN = NO;
				GCC_WARN_ABOUT_RETURN_TYPE = YES;
				GCC_WARN_UNINITIALIZED_AUTOS = YES;
				GCC_WARN_UNUSED_VARIABLE = YES;
				IPHONEOS_DEPLOYMENT_TARGET = 6.0;
				ONLY_ACTIVE_ARCH = YES;
				SDKROOT = iphoneos;
			};
			name = Debug;
		};
		7F6FB2631795393D0024BB12 /* Release */ = {
			isa = XCBuildConfiguration;
			buildSettings = {
				ALWAYS_SEARCH_USER_PATHS = NO;
				CLANG_CXX_LANGUAGE_STANDARD = "gnu++0x";
				CLANG_CXX_LIBRARY = "libc++";
				CLANG_ENABLE_OBJC_ARC = YES;
				CLANG_WARN_CONSTANT_CONVERSION = YES;
				CLANG_WARN_EMPTY_BODY = YES;
				CLANG_WARN_ENUM_CONVERSION = YES;
				CLANG_WARN_INT_CONVERSION = YES;
				CLANG_WARN__DUPLICATE_METHOD_MATCH = YES;
				"CODE_SIGN_IDENTITY[sdk=iphoneos*]" = "iPhone Developer";
				COPY_PHASE_STRIP = YES;
				GCC_C_LANGUAGE_STANDARD = gnu99;
				GCC_WARN_ABOUT_RETURN_TYPE = YES;
				GCC_WARN_UNINITIALIZED_AUTOS = YES;
				GCC_WARN_UNUSED_VARIABLE = YES;
				IPHONEOS_DEPLOYMENT_TARGET = 6.0;
				OTHER_CFLAGS = "-DNS_BLOCK_ASSERTIONS=1";
				SDKROOT = iphoneos;
				VALIDATE_PRODUCT = YES;
			};
			name = Release;
		};
		7F6FB2651795393D0024BB12 /* Debug */ = {
			isa = XCBuildConfiguration;
			buildSettings = {
				GCC_PRECOMPILE_PREFIX_HEADER = YES;
				GCC_PREFIX_HEADER = "QRealWeb_iOSApp/QRealWeb_iOSApp-Prefix.pch";
				INFOPLIST_FILE = "QRealWeb_iOSApp/QRealWeb_iOSApp-Info.plist";
				IPHONEOS_DEPLOYMENT_TARGET = 6.0;
				PRODUCT_NAME = "$(TARGET_NAME)";
				WRAPPER_EXTENSION = app;
			};
			name = Debug;
		};
		7F6FB2661795393D0024BB12 /* Release */ = {
			isa = XCBuildConfiguration;
			buildSettings = {
				GCC_PRECOMPILE_PREFIX_HEADER = YES;
				GCC_PREFIX_HEADER = "QRealWeb_iOSApp/QRealWeb_iOSApp-Prefix.pch";
				INFOPLIST_FILE = "QRealWeb_iOSApp/QRealWeb_iOSApp-Info.plist";
				IPHONEOS_DEPLOYMENT_TARGET = 6.0;
				PRODUCT_NAME = "$(TARGET_NAME)";
				WRAPPER_EXTENSION = app;
			};
			name = Release;
		};
/* End XCBuildConfiguration section */

/* Begin XCConfigurationList section */
		7F6FB23D1795393C0024BB12 /* Build configuration list for PBXProject "QRealWeb_iOSApp" */ = {
			isa = XCConfigurationList;
			buildConfigurations = (
				7F6FB2621795393D0024BB12 /* Debug */,
				7F6FB2631795393D0024BB12 /* Release */,
			);
			defaultConfigurationIsVisible = 0;
			defaultConfigurationName = Release;
		};
		7F6FB2641795393D0024BB12 /* Build configuration list for PBXNativeTarget "QRealWeb_iOSApp" */ = {
			isa = XCConfigurationList;
			buildConfigurations = (
				7F6FB2651795393D0024BB12 /* Debug */,
				7F6FB2661795393D0024BB12 /* Release */,
			);
			defaultConfigurationIsVisible = 0;
			defaultConfigurationName = Release;
		};
/* End XCConfigurationList section */

/* Begin XCVersionGroup section */
		7F6FB25F1795393D0024BB12 /* QRealWeb_iOSApp.xcdatamodeld */ = {
			isa = XCVersionGroup;
			children = (
				7F6FB2601795393D0024BB12 /* QRealWeb_iOSApp.xcdatamodel */,
			);
			currentVersion = 7F6FB2601795393D0024BB12 /* QRealWeb_iOSApp.xcdatamodel */;
			path = QRealWeb_iOSApp.xcdatamodeld;
			sourceTree = "<group>";
			versionGroupType = wrapper.xcdatamodel;
		};
/* End XCVersionGroup section */
	};
	rootObject = 7F6FB23A1795393C0024BB12 /* Project object */;
}
