
Microsoft Visual Studio Solution File, Format Version 12.00
# Visual Studio 2012
Project("{FAE04EC0-301F-11D3-BF4B-00C04F79EFBC}") = "WCFTestClient", "WCFTestClient\WCFTestClient.csproj", "{A3A99940-69B7-49B3-A49B-2848CCCB9108}"
EndProject
Project("{CC5FD16D-436D-48AD-A40C-5A424C6E3E79}") = "RepoLibraryService", "RepoLibraryService\RepoLibraryService.ccproj", "{BA66A7D0-CB16-43BD-8B74-C49236E99EF5}"
EndProject
Project("{FAE04EC0-301F-11D3-BF4B-00C04F79EFBC}") = "RepoLibraryServiceWebRole", "RepoLibraryServiceWebRole\RepoLibraryServiceWebRole.csproj", "{3A8047C9-91BE-4655-81C5-4E7554D0F3D3}"
EndProject
Global
	GlobalSection(SolutionConfigurationPlatforms) = preSolution
		Debug|Any CPU = Debug|Any CPU
		Release|Any CPU = Release|Any CPU
	EndGlobalSection
	GlobalSection(ProjectConfigurationPlatforms) = postSolution
		{A3A99940-69B7-49B3-A49B-2848CCCB9108}.Debug|Any CPU.ActiveCfg = Debug|Any CPU
		{A3A99940-69B7-49B3-A49B-2848CCCB9108}.Debug|Any CPU.Build.0 = Debug|Any CPU
		{A3A99940-69B7-49B3-A49B-2848CCCB9108}.Release|Any CPU.ActiveCfg = Release|Any CPU
		{A3A99940-69B7-49B3-A49B-2848CCCB9108}.Release|Any CPU.Build.0 = Release|Any CPU
		{BA66A7D0-CB16-43BD-8B74-C49236E99EF5}.Debug|Any CPU.ActiveCfg = Debug|Any CPU
		{BA66A7D0-CB16-43BD-8B74-C49236E99EF5}.Debug|Any CPU.Build.0 = Debug|Any CPU
		{BA66A7D0-CB16-43BD-8B74-C49236E99EF5}.Release|Any CPU.ActiveCfg = Release|Any CPU
		{BA66A7D0-CB16-43BD-8B74-C49236E99EF5}.Release|Any CPU.Build.0 = Release|Any CPU
		{3A8047C9-91BE-4655-81C5-4E7554D0F3D3}.Debug|Any CPU.ActiveCfg = Debug|Any CPU
		{3A8047C9-91BE-4655-81C5-4E7554D0F3D3}.Debug|Any CPU.Build.0 = Debug|Any CPU
		{3A8047C9-91BE-4655-81C5-4E7554D0F3D3}.Release|Any CPU.ActiveCfg = Release|Any CPU
		{3A8047C9-91BE-4655-81C5-4E7554D0F3D3}.Release|Any CPU.Build.0 = Release|Any CPU
	EndGlobalSection
	GlobalSection(SolutionProperties) = preSolution
		HideSolutionNode = FALSE
	EndGlobalSection
EndGlobal
