
Microsoft Visual Studio Solution File, Format Version 12.00
# Visual Studio 2012
Project("{FAE04EC0-301F-11D3-BF4B-00C04F79EFBC}") = "RepoLibrary", "RepoLibrary\RepoLibrary.csproj", "{15B3E0D2-6217-493A-A690-158C497F5318}"
EndProject
Project("{FAE04EC0-301F-11D3-BF4B-00C04F79EFBC}") = "ConsoleHost", "ConsoleHost\ConsoleHost.csproj", "{FDC47E5C-850B-4C79-B897-2AE4F5695DAD}"
EndProject
Project("{FAE04EC0-301F-11D3-BF4B-00C04F79EFBC}") = "RepoLibraryTests", "RepoLibraryTests\RepoLibraryTests.csproj", "{12D75122-8473-44DA-801B-D69ED18712AB}"
EndProject
Project("{FAE04EC0-301F-11D3-BF4B-00C04F79EFBC}") = "ApplicationServerListener", "ApplicationServerListener\ApplicationServerListener.csproj", "{FCC3E947-B657-40D4-95DB-019A305B683D}"
EndProject
Global
	GlobalSection(SolutionConfigurationPlatforms) = preSolution
		Debug|Any CPU = Debug|Any CPU
		Release|Any CPU = Release|Any CPU
	EndGlobalSection
	GlobalSection(ProjectConfigurationPlatforms) = postSolution
		{15B3E0D2-6217-493A-A690-158C497F5318}.Debug|Any CPU.ActiveCfg = Debug|Any CPU
		{15B3E0D2-6217-493A-A690-158C497F5318}.Debug|Any CPU.Build.0 = Debug|Any CPU
		{15B3E0D2-6217-493A-A690-158C497F5318}.Release|Any CPU.ActiveCfg = Release|Any CPU
		{15B3E0D2-6217-493A-A690-158C497F5318}.Release|Any CPU.Build.0 = Release|Any CPU
		{FDC47E5C-850B-4C79-B897-2AE4F5695DAD}.Debug|Any CPU.ActiveCfg = Debug|Any CPU
		{FDC47E5C-850B-4C79-B897-2AE4F5695DAD}.Debug|Any CPU.Build.0 = Debug|Any CPU
		{FDC47E5C-850B-4C79-B897-2AE4F5695DAD}.Release|Any CPU.ActiveCfg = Release|Any CPU
		{FDC47E5C-850B-4C79-B897-2AE4F5695DAD}.Release|Any CPU.Build.0 = Release|Any CPU
		{12D75122-8473-44DA-801B-D69ED18712AB}.Debug|Any CPU.ActiveCfg = Debug|Any CPU
		{12D75122-8473-44DA-801B-D69ED18712AB}.Debug|Any CPU.Build.0 = Debug|Any CPU
		{12D75122-8473-44DA-801B-D69ED18712AB}.Release|Any CPU.ActiveCfg = Release|Any CPU
		{12D75122-8473-44DA-801B-D69ED18712AB}.Release|Any CPU.Build.0 = Release|Any CPU
		{FCC3E947-B657-40D4-95DB-019A305B683D}.Debug|Any CPU.ActiveCfg = Debug|Any CPU
		{FCC3E947-B657-40D4-95DB-019A305B683D}.Debug|Any CPU.Build.0 = Debug|Any CPU
		{FCC3E947-B657-40D4-95DB-019A305B683D}.Release|Any CPU.ActiveCfg = Release|Any CPU
		{FCC3E947-B657-40D4-95DB-019A305B683D}.Release|Any CPU.Build.0 = Release|Any CPU
	EndGlobalSection
	GlobalSection(SolutionProperties) = preSolution
		HideSolutionNode = FALSE
	EndGlobalSection
EndGlobal
